// !$*UTF8*$!
{
	archiveVersion = 1;
	classes = {
	};
	objectVersion = 46;
	objects = {

/* Begin PBXBuildFile section */
		110BF6531816A2B3000CAC67 /* SystemConfiguration.framework in Frameworks */ = {isa = PBXBuildFile; fileRef = 110BF6521816A2B3000CAC67 /* SystemConfiguration.framework */; };
		113DDE2F17DDFA9A0056E126 /* Foundation.framework in Frameworks */ = {isa = PBXBuildFile; fileRef = 113DDE2E17DDFA9A0056E126 /* Foundation.framework */; };
		113DDE3117DDFA9A0056E126 /* CoreGraphics.framework in Frameworks */ = {isa = PBXBuildFile; fileRef = 113DDE3017DDFA9A0056E126 /* CoreGraphics.framework */; };
		113DDE3317DDFA9A0056E126 /* UIKit.framework in Frameworks */ = {isa = PBXBuildFile; fileRef = 113DDE3217DDFA9A0056E126 /* UIKit.framework */; };
		113DDE3B17DDFA9A0056E126 /* main.m in Sources */ = {isa = PBXBuildFile; fileRef = 113DDE3A17DDFA9A0056E126 /* main.m */; };
		113DDE3F17DDFA9A0056E126 /* SPAppDelegate.m in Sources */ = {isa = PBXBuildFile; fileRef = 113DDE3E17DDFA9A0056E126 /* SPAppDelegate.m */; };
		113DDE4E17DDFA9B0056E126 /* XCTest.framework in Frameworks */ = {isa = PBXBuildFile; fileRef = 113DDE4D17DDFA9B0056E126 /* XCTest.framework */; };
		113DDE4F17DDFA9B0056E126 /* Foundation.framework in Frameworks */ = {isa = PBXBuildFile; fileRef = 113DDE2E17DDFA9A0056E126 /* Foundation.framework */; };
		113DDE5017DDFA9B0056E126 /* UIKit.framework in Frameworks */ = {isa = PBXBuildFile; fileRef = 113DDE3217DDFA9A0056E126 /* UIKit.framework */; };
		113DDE5817DDFA9B0056E126 /* InfoPlist.strings in Resources */ = {isa = PBXBuildFile; fileRef = 113DDE5617DDFA9B0056E126 /* InfoPlist.strings */; };
		113DDE5A17DDFA9B0056E126 /* shopelia_iosTests.m in Sources */ = {isa = PBXBuildFile; fileRef = 113DDE5917DDFA9B0056E126 /* shopelia_iosTests.m */; };
		116CD92917DE030100978733 /* AVFoundation.framework in Frameworks */ = {isa = PBXBuildFile; fileRef = 116CD92417DE030000978733 /* AVFoundation.framework */; };
		116CD92A17DE030100978733 /* CoreMedia.framework in Frameworks */ = {isa = PBXBuildFile; fileRef = 116CD92517DE030000978733 /* CoreMedia.framework */; };
		116CD92B17DE030100978733 /* CoreVideo.framework in Frameworks */ = {isa = PBXBuildFile; fileRef = 116CD92617DE030000978733 /* CoreVideo.framework */; };
		116CD92C17DE030100978733 /* libiconv.dylib in Frameworks */ = {isa = PBXBuildFile; fileRef = 116CD92717DE030100978733 /* libiconv.dylib */; };
		116CD92D17DE030100978733 /* QuartzCore.framework in Frameworks */ = {isa = PBXBuildFile; fileRef = 116CD92817DE030100978733 /* QuartzCore.framework */; };
		11C6E7E317E06F5600D66D96 /* UIColor+Shopelia.m in Sources */ = {isa = PBXBuildFile; fileRef = 11C6E7E217E06F5600D66D96 /* UIColor+Shopelia.m */; };
		3705528F181928D300826EA0 /* SPBarcodeScanViewController.m in Sources */ = {isa = PBXBuildFile; fileRef = 3705528D181928D300826EA0 /* SPBarcodeScanViewController.m */; };
		372C32F9180EEB18008928B7 /* libTestFlight.a in Frameworks */ = {isa = PBXBuildFile; fileRef = 372C32F3180EEB18008928B7 /* libTestFlight.a */; };
		372C32FA180EEB18008928B7 /* README.md in Resources */ = {isa = PBXBuildFile; fileRef = 372C32F4180EEB18008928B7 /* README.md */; };
		372C32FB180EEB18008928B7 /* release_notes.md in Resources */ = {isa = PBXBuildFile; fileRef = 372C32F5180EEB18008928B7 /* release_notes.md */; };
		372C32FD180EEBA5008928B7 /* libz.dylib in Frameworks */ = {isa = PBXBuildFile; fileRef = 372C32FC180EEBA5008928B7 /* libz.dylib */; };
		37369F16182A43FB00202A79 /* zbar-back.png in Resources */ = {isa = PBXBuildFile; fileRef = 37369F13182A43FB00202A79 /* zbar-back.png */; };
		37369F17182A43FB00202A79 /* zbar-helpicons.png in Resources */ = {isa = PBXBuildFile; fileRef = 37369F14182A43FB00202A79 /* zbar-helpicons.png */; };
		37369F18182A43FB00202A79 /* zbar-samples.png in Resources */ = {isa = PBXBuildFile; fileRef = 37369F15182A43FB00202A79 /* zbar-samples.png */; };
		37369F1A182A44C600202A79 /* Images.xcassets in Resources */ = {isa = PBXBuildFile; fileRef = 37369F19182A44C600202A79 /* Images.xcassets */; };
		373D53BB181ECE0A00337724 /* SPProductSearchInProgressCell.m in Sources */ = {isa = PBXBuildFile; fileRef = 373D53BA181ECE0A00337724 /* SPProductSearchInProgressCell.m */; };
		373E2E92181E7BE000C575B0 /* SPAPIClient+Tracker.m in Sources */ = {isa = PBXBuildFile; fileRef = 373E2E91181E7BE000C575B0 /* SPAPIClient+Tracker.m */; };
		373E2E96181E805900C575B0 /* SPAPIFetchProductWithBarCodeError.m in Sources */ = {isa = PBXBuildFile; fileRef = 373E2E95181E805900C575B0 /* SPAPIFetchProductWithBarCodeError.m */; };
		373E2E9C181E821B00C575B0 /* SPAPIClient+Visitor.m in Sources */ = {isa = PBXBuildFile; fileRef = 373E2E9B181E821B00C575B0 /* SPAPIClient+Visitor.m */; };
		373E2EA0181EAB5A00C575B0 /* SPAPIClient+ProductPrices.m in Sources */ = {isa = PBXBuildFile; fileRef = 373E2E9F181EAB5A00C575B0 /* SPAPIClient+ProductPrices.m */; };
		373E2EA6181EAD0B00C575B0 /* SPAPIFetchProductPricesError.m in Sources */ = {isa = PBXBuildFile; fileRef = 373E2EA5181EAD0B00C575B0 /* SPAPIFetchProductPricesError.m */; };
		374EB51518283C74000B4D55 /* SPShopeliaSpinnerView.m in Sources */ = {isa = PBXBuildFile; fileRef = 374EB51418283C73000B4D55 /* SPShopeliaSpinnerView.m */; };
		374EB51818283C83000B4D55 /* SPShopeliaSpinnerLayer.m in Sources */ = {isa = PBXBuildFile; fileRef = 374EB51718283C83000B4D55 /* SPShopeliaSpinnerLayer.m */; };
		375333A3181FA732004BAB46 /* SPShopeliaManager.m in Sources */ = {isa = PBXBuildFile; fileRef = 375333A2181FA732004BAB46 /* SPShopeliaManager.m */; };
		3756880E182108F90018B57E /* SPAlgoliaSearchResult.m in Sources */ = {isa = PBXBuildFile; fileRef = 3756880D182108F90018B57E /* SPAlgoliaSearchResult.m */; };
		3756884B18213CD40018B57E /* SPAlgoliaSearchBackgroundView.m in Sources */ = {isa = PBXBuildFile; fileRef = 3756884A18213CD40018B57E /* SPAlgoliaSearchBackgroundView.m */; };
		37568852182144FE0018B57E /* SPCardImageView.m in Sources */ = {isa = PBXBuildFile; fileRef = 37568851182144FE0018B57E /* SPCardImageView.m */; };
		3756885D1821553A0018B57E /* SPAlgoliaNoResultsCell.m in Sources */ = {isa = PBXBuildFile; fileRef = 3756885C1821553A0018B57E /* SPAlgoliaNoResultsCell.m */; };
		37568860182162100018B57E /* SPCardButton.m in Sources */ = {isa = PBXBuildFile; fileRef = 3756885F182162100018B57E /* SPCardButton.m */; };
		376839411816C479008BFAA5 /* Accelerate.framework in Frameworks */ = {isa = PBXBuildFile; fileRef = 376839401816C479008BFAA5 /* Accelerate.framework */; };
		376839431816C496008BFAA5 /* AdSupport.framework in Frameworks */ = {isa = PBXBuildFile; fileRef = 376839421816C496008BFAA5 /* AdSupport.framework */; settings = {ATTRIBUTES = (Weak, ); }; };
		376839471816CF0C008BFAA5 /* CoreTelephony.framework in Frameworks */ = {isa = PBXBuildFile; fileRef = 376839461816CF0C008BFAA5 /* CoreTelephony.framework */; };
		376F2607182971DD003DE2E3 /* SPImageProcessor.m in Sources */ = {isa = PBXBuildFile; fileRef = 376F2606182971DD003DE2E3 /* SPImageProcessor.m */; };
		37862C76180E9553009E2B44 /* AudioToolbox.framework in Frameworks */ = {isa = PBXBuildFile; fileRef = 37862C75180E9553009E2B44 /* AudioToolbox.framework */; };
		378B9A3E18278D530031F2F4 /* SPCollectionView.m in Sources */ = {isa = PBXBuildFile; fileRef = 378B9A3D18278D530031F2F4 /* SPCollectionView.m */; };
		378B9A41182792500031F2F4 /* SPCollectionViewCell.m in Sources */ = {isa = PBXBuildFile; fileRef = 378B9A40182792500031F2F4 /* SPCollectionViewCell.m */; };
		378B9A44182792D90031F2F4 /* SPInspirationalCollectionProductCell.m in Sources */ = {isa = PBXBuildFile; fileRef = 378B9A43182792D90031F2F4 /* SPInspirationalCollectionProductCell.m */; };
		378B9A511827C4F20031F2F4 /* SPFetchInspirationalCollectionProductsError.m in Sources */ = {isa = PBXBuildFile; fileRef = 378B9A501827C4F20031F2F4 /* SPFetchInspirationalCollectionProductsError.m */; };
		378B9A571827DA5F0031F2F4 /* CHTCollectionViewWaterfallLayout.m in Sources */ = {isa = PBXBuildFile; fileRef = 378B9A561827DA5F0031F2F4 /* CHTCollectionViewWaterfallLayout.m */; };
		37A83AA8181A85710077B517 /* SPProductSearchViewController.m in Sources */ = {isa = PBXBuildFile; fileRef = 37A83AA7181A85710077B517 /* SPProductSearchViewController.m */; };
		37A83ACF181A9DDC0077B517 /* Storyboard.storyboard in Resources */ = {isa = PBXBuildFile; fileRef = 37A83ACA181A9DDC0077B517 /* Storyboard.storyboard */; };
		37A83AD5181AA29E0077B517 /* SPTableViewCell.m in Sources */ = {isa = PBXBuildFile; fileRef = 37A83AD4181AA29E0077B517 /* SPTableViewCell.m */; };
		37A83ADB181AA3010077B517 /* SPProductSearchCell.m in Sources */ = {isa = PBXBuildFile; fileRef = 37A83ADA181AA3010077B517 /* SPProductSearchCell.m */; };
		37AD7760181FC76A00E1EE0D /* SPAlgoliaSearchViewController.m in Sources */ = {isa = PBXBuildFile; fileRef = 37AD775F181FC76A00E1EE0D /* SPAlgoliaSearchViewController.m */; };
		37AD7763181FCB0000E1EE0D /* SPAlgoliaSearchCell.m in Sources */ = {isa = PBXBuildFile; fileRef = 37AD7762181FCB0000E1EE0D /* SPAlgoliaSearchCell.m */; };
		37AD7766181FED3600E1EE0D /* SPAlgoliaAPIClient.m in Sources */ = {isa = PBXBuildFile; fileRef = 37AD7765181FED3600E1EE0D /* SPAlgoliaAPIClient.m */; };
		37AEE49F18225856009BC5FF /* SPContainerViewController.m in Sources */ = {isa = PBXBuildFile; fileRef = 37AEE49E18225856009BC5FF /* SPContainerViewController.m */; };
		37AEE4A91822768F009BC5FF /* SPAPIClient+InspirationalCollections.m in Sources */ = {isa = PBXBuildFile; fileRef = 37AEE4A81822768F009BC5FF /* SPAPIClient+InspirationalCollections.m */; };
		37AEE4AF1822784E009BC5FF /* SPInspirationalCollectionsViewController.m in Sources */ = {isa = PBXBuildFile; fileRef = 37AEE4AE1822784E009BC5FF /* SPInspirationalCollectionsViewController.m */; };
		37AEE4B218227861009BC5FF /* SPInspirationalCollectionCell.m in Sources */ = {isa = PBXBuildFile; fileRef = 37AEE4B118227861009BC5FF /* SPInspirationalCollectionCell.m */; };
		37AEE4B518229697009BC5FF /* SPInspirationalCollection.m in Sources */ = {isa = PBXBuildFile; fileRef = 37AEE4B418229697009BC5FF /* SPInspirationalCollection.m */; };
		37AEE4B818229E86009BC5FF /* SPWaitingMessageView.m in Sources */ = {isa = PBXBuildFile; fileRef = 37AEE4B718229E86009BC5FF /* SPWaitingMessageView.m */; };
		37AEE4BA18229E9B009BC5FF /* SPWaitingMessageView.xib in Resources */ = {isa = PBXBuildFile; fileRef = 37AEE4B918229E9B009BC5FF /* SPWaitingMessageView.xib */; };
		37AEE4BD1822B28D009BC5FF /* SPMessageView.m in Sources */ = {isa = PBXBuildFile; fileRef = 37AEE4BC1822B28D009BC5FF /* SPMessageView.m */; };
		37AEE4C01822B964009BC5FF /* SPAPIFetchInspirationalCollectionsError.m in Sources */ = {isa = PBXBuildFile; fileRef = 37AEE4BF1822B964009BC5FF /* SPAPIFetchInspirationalCollectionsError.m */; };
		37AEE4C31822C89D009BC5FF /* SPInspirationalCollectionProductsViewController.m in Sources */ = {isa = PBXBuildFile; fileRef = 37AEE4C21822C89D009BC5FF /* SPInspirationalCollectionProductsViewController.m */; };
		37B09BEF1828E6620004E3DF /* ASAPIClient+Network.m in Sources */ = {isa = PBXBuildFile; fileRef = 37B09BE81828E6620004E3DF /* ASAPIClient+Network.m */; };
		37B09BF01828E6620004E3DF /* ASAPIClient.m in Sources */ = {isa = PBXBuildFile; fileRef = 37B09BEA1828E6620004E3DF /* ASAPIClient.m */; };
		37B09BF11828E6620004E3DF /* ASQuery.m in Sources */ = {isa = PBXBuildFile; fileRef = 37B09BEC1828E6620004E3DF /* ASQuery.m */; };
		37B09BF21828E6620004E3DF /* ASRemoteIndex.m in Sources */ = {isa = PBXBuildFile; fileRef = 37B09BEE1828E6620004E3DF /* ASRemoteIndex.m */; };
		37B09C071828E67D0004E3DF /* AFHTTPRequestOperation.m in Sources */ = {isa = PBXBuildFile; fileRef = 37B09BF51828E67D0004E3DF /* AFHTTPRequestOperation.m */; };
		37B09C081828E67D0004E3DF /* AFHTTPRequestOperationManager.m in Sources */ = {isa = PBXBuildFile; fileRef = 37B09BF71828E67D0004E3DF /* AFHTTPRequestOperationManager.m */; };
		37B09C091828E67D0004E3DF /* AFHTTPSessionManager.m in Sources */ = {isa = PBXBuildFile; fileRef = 37B09BF91828E67D0004E3DF /* AFHTTPSessionManager.m */; };
		37B09C0A1828E67D0004E3DF /* AFNetworkReachabilityManager.m in Sources */ = {isa = PBXBuildFile; fileRef = 37B09BFC1828E67D0004E3DF /* AFNetworkReachabilityManager.m */; };
		37B09C0B1828E67D0004E3DF /* AFSecurityPolicy.m in Sources */ = {isa = PBXBuildFile; fileRef = 37B09BFE1828E67D0004E3DF /* AFSecurityPolicy.m */; };
		37B09C0C1828E67D0004E3DF /* AFURLConnectionOperation.m in Sources */ = {isa = PBXBuildFile; fileRef = 37B09C001828E67D0004E3DF /* AFURLConnectionOperation.m */; };
		37B09C0D1828E67D0004E3DF /* AFURLRequestSerialization.m in Sources */ = {isa = PBXBuildFile; fileRef = 37B09C021828E67D0004E3DF /* AFURLRequestSerialization.m */; };
		37B09C0E1828E67D0004E3DF /* AFURLResponseSerialization.m in Sources */ = {isa = PBXBuildFile; fileRef = 37B09C041828E67D0004E3DF /* AFURLResponseSerialization.m */; };
		37B09C0F1828E67D0004E3DF /* AFURLSessionManager.m in Sources */ = {isa = PBXBuildFile; fileRef = 37B09C061828E67D0004E3DF /* AFURLSessionManager.m */; };
		37D5C97E180E805300216A31 /* ShopeliaSDKResources.bundle in Resources */ = {isa = PBXBuildFile; fileRef = 37D5C97C180E805300216A31 /* ShopeliaSDKResources.bundle */; };
		37D5C97F180E805300216A31 /* ShopeliaSDK.framework in Frameworks */ = {isa = PBXBuildFile; fileRef = 37D5C97D180E805300216A31 /* ShopeliaSDK.framework */; };
		37D5C99E180E818B00216A31 /* libzbar.a in Frameworks */ = {isa = PBXBuildFile; fileRef = 37D5C998180E818B00216A31 /* libzbar.a */; };
		37D5C9A0180E818B00216A31 /* zbar-help.html in Resources */ = {isa = PBXBuildFile; fileRef = 37D5C99B180E818B00216A31 /* zbar-help.html */; };
		37E2243C181957AE001DD2A2 /* SPSearchBar.m in Sources */ = {isa = PBXBuildFile; fileRef = 37E2243B181957AE001DD2A2 /* SPSearchBar.m */; };
		37E2244618196DD2001DD2A2 /* Localizable.strings in Resources */ = {isa = PBXBuildFile; fileRef = 37E2244418196DD2001DD2A2 /* Localizable.strings */; };
		37E2244918197028001DD2A2 /* SPBarcodeOverlayView.m in Sources */ = {isa = PBXBuildFile; fileRef = 37E2244818197028001DD2A2 /* SPBarcodeOverlayView.m */; };
		37FEA947181E6EB00004E85B /* SPErrorMessageView.m in Sources */ = {isa = PBXBuildFile; fileRef = 37FEA946181E6EB00004E85B /* SPErrorMessageView.m */; };
		37FEA949181E6EEE0004E85B /* SPErrorMessageView.xib in Resources */ = {isa = PBXBuildFile; fileRef = 37FEA948181E6EEE0004E85B /* SPErrorMessageView.xib */; };
		37FEA954181E71910004E85B /* SPLargeImportantButton.m in Sources */ = {isa = PBXBuildFile; fileRef = 37FEA953181E71910004E85B /* SPLargeImportantButton.m */; };
		37FEA960181E780C0004E85B /* SPAPIClient+BarcodeSearch.m in Sources */ = {isa = PBXBuildFile; fileRef = 37FEA95F181E780C0004E85B /* SPAPIClient+BarcodeSearch.m */; };
/* End PBXBuildFile section */

/* Begin PBXContainerItemProxy section */
		113DDE5117DDFA9B0056E126 /* PBXContainerItemProxy */ = {
			isa = PBXContainerItemProxy;
			containerPortal = 113DDE2317DDFA9A0056E126 /* Project object */;
			proxyType = 1;
			remoteGlobalIDString = 113DDE2A17DDFA9A0056E126;
			remoteInfo = "shopelia-ios";
		};
/* End PBXContainerItemProxy section */

/* Begin PBXFileReference section */
		110BF6521816A2B3000CAC67 /* SystemConfiguration.framework */ = {isa = PBXFileReference; lastKnownFileType = wrapper.framework; name = SystemConfiguration.framework; path = System/Library/Frameworks/SystemConfiguration.framework; sourceTree = SDKROOT; };
		113DDE2B17DDFA9A0056E126 /* shopelia-ios.app */ = {isa = PBXFileReference; explicitFileType = wrapper.application; includeInIndex = 0; path = "shopelia-ios.app"; sourceTree = BUILT_PRODUCTS_DIR; };
		113DDE2E17DDFA9A0056E126 /* Foundation.framework */ = {isa = PBXFileReference; lastKnownFileType = wrapper.framework; name = Foundation.framework; path = System/Library/Frameworks/Foundation.framework; sourceTree = SDKROOT; };
		113DDE3017DDFA9A0056E126 /* CoreGraphics.framework */ = {isa = PBXFileReference; lastKnownFileType = wrapper.framework; name = CoreGraphics.framework; path = System/Library/Frameworks/CoreGraphics.framework; sourceTree = SDKROOT; };
		113DDE3217DDFA9A0056E126 /* UIKit.framework */ = {isa = PBXFileReference; lastKnownFileType = wrapper.framework; name = UIKit.framework; path = System/Library/Frameworks/UIKit.framework; sourceTree = SDKROOT; };
		113DDE3617DDFA9A0056E126 /* shopelia-ios-Info.plist */ = {isa = PBXFileReference; lastKnownFileType = text.plist.xml; path = "shopelia-ios-Info.plist"; sourceTree = "<group>"; };
		113DDE3A17DDFA9A0056E126 /* main.m */ = {isa = PBXFileReference; lastKnownFileType = sourcecode.c.objc; path = main.m; sourceTree = "<group>"; };
		113DDE3C17DDFA9A0056E126 /* shopelia-ios-Prefix.pch */ = {isa = PBXFileReference; lastKnownFileType = sourcecode.c.h; path = "shopelia-ios-Prefix.pch"; sourceTree = "<group>"; };
		113DDE3D17DDFA9A0056E126 /* SPAppDelegate.h */ = {isa = PBXFileReference; lastKnownFileType = sourcecode.c.h; name = SPAppDelegate.h; path = "shopelia-ios/SPAppDelegate.h"; sourceTree = "<group>"; };
		113DDE3E17DDFA9A0056E126 /* SPAppDelegate.m */ = {isa = PBXFileReference; lastKnownFileType = sourcecode.c.objc; name = SPAppDelegate.m; path = "shopelia-ios/SPAppDelegate.m"; sourceTree = "<group>"; };
		113DDE4C17DDFA9B0056E126 /* shopelia-iosTests.xctest */ = {isa = PBXFileReference; explicitFileType = wrapper.cfbundle; includeInIndex = 0; path = "shopelia-iosTests.xctest"; sourceTree = BUILT_PRODUCTS_DIR; };
		113DDE4D17DDFA9B0056E126 /* XCTest.framework */ = {isa = PBXFileReference; lastKnownFileType = wrapper.framework; name = XCTest.framework; path = Library/Frameworks/XCTest.framework; sourceTree = DEVELOPER_DIR; };
		113DDE5517DDFA9B0056E126 /* shopelia-iosTests-Info.plist */ = {isa = PBXFileReference; lastKnownFileType = text.plist.xml; path = "shopelia-iosTests-Info.plist"; sourceTree = "<group>"; };
		113DDE5917DDFA9B0056E126 /* shopelia_iosTests.m */ = {isa = PBXFileReference; lastKnownFileType = sourcecode.c.objc; path = shopelia_iosTests.m; sourceTree = "<group>"; };
		116CD92417DE030000978733 /* AVFoundation.framework */ = {isa = PBXFileReference; lastKnownFileType = wrapper.framework; name = AVFoundation.framework; path = System/Library/Frameworks/AVFoundation.framework; sourceTree = SDKROOT; };
		116CD92517DE030000978733 /* CoreMedia.framework */ = {isa = PBXFileReference; lastKnownFileType = wrapper.framework; name = CoreMedia.framework; path = System/Library/Frameworks/CoreMedia.framework; sourceTree = SDKROOT; };
		116CD92617DE030000978733 /* CoreVideo.framework */ = {isa = PBXFileReference; lastKnownFileType = wrapper.framework; name = CoreVideo.framework; path = System/Library/Frameworks/CoreVideo.framework; sourceTree = SDKROOT; };
		116CD92717DE030100978733 /* libiconv.dylib */ = {isa = PBXFileReference; lastKnownFileType = "compiled.mach-o.dylib"; name = libiconv.dylib; path = usr/lib/libiconv.dylib; sourceTree = SDKROOT; };
		116CD92817DE030100978733 /* QuartzCore.framework */ = {isa = PBXFileReference; lastKnownFileType = wrapper.framework; name = QuartzCore.framework; path = System/Library/Frameworks/QuartzCore.framework; sourceTree = SDKROOT; };
		11C6E7E117E06F5600D66D96 /* UIColor+Shopelia.h */ = {isa = PBXFileReference; fileEncoding = 4; lastKnownFileType = sourcecode.c.h; path = "UIColor+Shopelia.h"; sourceTree = "<group>"; };
		11C6E7E217E06F5600D66D96 /* UIColor+Shopelia.m */ = {isa = PBXFileReference; fileEncoding = 4; lastKnownFileType = sourcecode.c.objc; path = "UIColor+Shopelia.m"; sourceTree = "<group>"; };
		3705528C181928D300826EA0 /* SPBarcodeScanViewController.h */ = {isa = PBXFileReference; fileEncoding = 4; lastKnownFileType = sourcecode.c.h; path = SPBarcodeScanViewController.h; sourceTree = "<group>"; };
		3705528D181928D300826EA0 /* SPBarcodeScanViewController.m */ = {isa = PBXFileReference; fileEncoding = 4; lastKnownFileType = sourcecode.c.objc; path = SPBarcodeScanViewController.m; sourceTree = "<group>"; };
		372C32F3180EEB18008928B7 /* libTestFlight.a */ = {isa = PBXFileReference; lastKnownFileType = archive.ar; path = libTestFlight.a; sourceTree = "<group>"; };
		372C32F4180EEB18008928B7 /* README.md */ = {isa = PBXFileReference; fileEncoding = 4; lastKnownFileType = text; path = README.md; sourceTree = "<group>"; };
		372C32F5180EEB18008928B7 /* release_notes.md */ = {isa = PBXFileReference; fileEncoding = 4; lastKnownFileType = text; path = release_notes.md; sourceTree = "<group>"; };
		372C32F6180EEB18008928B7 /* TestFlight+AsyncLogging.h */ = {isa = PBXFileReference; fileEncoding = 4; lastKnownFileType = sourcecode.c.h; path = "TestFlight+AsyncLogging.h"; sourceTree = "<group>"; };
		372C32F7180EEB18008928B7 /* TestFlight+ManualSessions.h */ = {isa = PBXFileReference; fileEncoding = 4; lastKnownFileType = sourcecode.c.h; path = "TestFlight+ManualSessions.h"; sourceTree = "<group>"; };
		372C32F8180EEB18008928B7 /* TestFlight.h */ = {isa = PBXFileReference; fileEncoding = 4; lastKnownFileType = sourcecode.c.h; path = TestFlight.h; sourceTree = "<group>"; };
		372C32FC180EEBA5008928B7 /* libz.dylib */ = {isa = PBXFileReference; lastKnownFileType = "compiled.mach-o.dylib"; name = libz.dylib; path = usr/lib/libz.dylib; sourceTree = SDKROOT; };
		37369F13182A43FB00202A79 /* zbar-back.png */ = {isa = PBXFileReference; lastKnownFileType = image.png; path = "zbar-back.png"; sourceTree = "<group>"; };
		37369F14182A43FB00202A79 /* zbar-helpicons.png */ = {isa = PBXFileReference; lastKnownFileType = image.png; path = "zbar-helpicons.png"; sourceTree = "<group>"; };
		37369F15182A43FB00202A79 /* zbar-samples.png */ = {isa = PBXFileReference; lastKnownFileType = image.png; path = "zbar-samples.png"; sourceTree = "<group>"; };
		37369F19182A44C600202A79 /* Images.xcassets */ = {isa = PBXFileReference; lastKnownFileType = folder.assetcatalog; path = Images.xcassets; sourceTree = "<group>"; };
		373D53B9181ECE0A00337724 /* SPProductSearchInProgressCell.h */ = {isa = PBXFileReference; fileEncoding = 4; lastKnownFileType = sourcecode.c.h; path = SPProductSearchInProgressCell.h; sourceTree = "<group>"; };
		373D53BA181ECE0A00337724 /* SPProductSearchInProgressCell.m */ = {isa = PBXFileReference; fileEncoding = 4; lastKnownFileType = sourcecode.c.objc; path = SPProductSearchInProgressCell.m; sourceTree = "<group>"; };
		373E2E90181E7BE000C575B0 /* SPAPIClient+Tracker.h */ = {isa = PBXFileReference; fileEncoding = 4; lastKnownFileType = sourcecode.c.h; path = "SPAPIClient+Tracker.h"; sourceTree = "<group>"; };
		373E2E91181E7BE000C575B0 /* SPAPIClient+Tracker.m */ = {isa = PBXFileReference; fileEncoding = 4; lastKnownFileType = sourcecode.c.objc; path = "SPAPIClient+Tracker.m"; sourceTree = "<group>"; };
		373E2E94181E805900C575B0 /* SPAPIFetchProductWithBarCodeError.h */ = {isa = PBXFileReference; fileEncoding = 4; lastKnownFileType = sourcecode.c.h; path = SPAPIFetchProductWithBarCodeError.h; sourceTree = "<group>"; };
		373E2E95181E805900C575B0 /* SPAPIFetchProductWithBarCodeError.m */ = {isa = PBXFileReference; fileEncoding = 4; lastKnownFileType = sourcecode.c.objc; path = SPAPIFetchProductWithBarCodeError.m; sourceTree = "<group>"; };
		373E2E9A181E821B00C575B0 /* SPAPIClient+Visitor.h */ = {isa = PBXFileReference; fileEncoding = 4; lastKnownFileType = sourcecode.c.h; path = "SPAPIClient+Visitor.h"; sourceTree = "<group>"; };
		373E2E9B181E821B00C575B0 /* SPAPIClient+Visitor.m */ = {isa = PBXFileReference; fileEncoding = 4; lastKnownFileType = sourcecode.c.objc; path = "SPAPIClient+Visitor.m"; sourceTree = "<group>"; };
		373E2E9E181EAB5A00C575B0 /* SPAPIClient+ProductPrices.h */ = {isa = PBXFileReference; fileEncoding = 4; lastKnownFileType = sourcecode.c.h; path = "SPAPIClient+ProductPrices.h"; sourceTree = "<group>"; };
		373E2E9F181EAB5A00C575B0 /* SPAPIClient+ProductPrices.m */ = {isa = PBXFileReference; fileEncoding = 4; lastKnownFileType = sourcecode.c.objc; path = "SPAPIClient+ProductPrices.m"; sourceTree = "<group>"; };
		373E2EA4181EAD0B00C575B0 /* SPAPIFetchProductPricesError.h */ = {isa = PBXFileReference; fileEncoding = 4; lastKnownFileType = sourcecode.c.h; path = SPAPIFetchProductPricesError.h; sourceTree = "<group>"; };
		373E2EA5181EAD0B00C575B0 /* SPAPIFetchProductPricesError.m */ = {isa = PBXFileReference; fileEncoding = 4; lastKnownFileType = sourcecode.c.objc; path = SPAPIFetchProductPricesError.m; sourceTree = "<group>"; };
		374EB51318283C73000B4D55 /* SPShopeliaSpinnerView.h */ = {isa = PBXFileReference; fileEncoding = 4; lastKnownFileType = sourcecode.c.h; path = SPShopeliaSpinnerView.h; sourceTree = "<group>"; };
		374EB51418283C73000B4D55 /* SPShopeliaSpinnerView.m */ = {isa = PBXFileReference; fileEncoding = 4; lastKnownFileType = sourcecode.c.objc; path = SPShopeliaSpinnerView.m; sourceTree = "<group>"; };
		374EB51618283C83000B4D55 /* SPShopeliaSpinnerLayer.h */ = {isa = PBXFileReference; fileEncoding = 4; lastKnownFileType = sourcecode.c.h; path = SPShopeliaSpinnerLayer.h; sourceTree = "<group>"; };
		374EB51718283C83000B4D55 /* SPShopeliaSpinnerLayer.m */ = {isa = PBXFileReference; fileEncoding = 4; lastKnownFileType = sourcecode.c.objc; path = SPShopeliaSpinnerLayer.m; sourceTree = "<group>"; };
		375333A1181FA732004BAB46 /* SPShopeliaManager.h */ = {isa = PBXFileReference; fileEncoding = 4; lastKnownFileType = sourcecode.c.h; path = SPShopeliaManager.h; sourceTree = "<group>"; };
		375333A2181FA732004BAB46 /* SPShopeliaManager.m */ = {isa = PBXFileReference; fileEncoding = 4; lastKnownFileType = sourcecode.c.objc; path = SPShopeliaManager.m; sourceTree = "<group>"; };
		3756880C182108F90018B57E /* SPAlgoliaSearchResult.h */ = {isa = PBXFileReference; fileEncoding = 4; lastKnownFileType = sourcecode.c.h; path = SPAlgoliaSearchResult.h; sourceTree = "<group>"; };
		3756880D182108F90018B57E /* SPAlgoliaSearchResult.m */ = {isa = PBXFileReference; fileEncoding = 4; lastKnownFileType = sourcecode.c.objc; path = SPAlgoliaSearchResult.m; sourceTree = "<group>"; };
		3756884918213CD40018B57E /* SPAlgoliaSearchBackgroundView.h */ = {isa = PBXFileReference; fileEncoding = 4; lastKnownFileType = sourcecode.c.h; path = SPAlgoliaSearchBackgroundView.h; sourceTree = "<group>"; };
		3756884A18213CD40018B57E /* SPAlgoliaSearchBackgroundView.m */ = {isa = PBXFileReference; fileEncoding = 4; lastKnownFileType = sourcecode.c.objc; path = SPAlgoliaSearchBackgroundView.m; sourceTree = "<group>"; };
		37568850182144FE0018B57E /* SPCardImageView.h */ = {isa = PBXFileReference; fileEncoding = 4; lastKnownFileType = sourcecode.c.h; path = SPCardImageView.h; sourceTree = "<group>"; };
		37568851182144FE0018B57E /* SPCardImageView.m */ = {isa = PBXFileReference; fileEncoding = 4; lastKnownFileType = sourcecode.c.objc; path = SPCardImageView.m; sourceTree = "<group>"; };
		3756885B1821553A0018B57E /* SPAlgoliaNoResultsCell.h */ = {isa = PBXFileReference; fileEncoding = 4; lastKnownFileType = sourcecode.c.h; path = SPAlgoliaNoResultsCell.h; sourceTree = "<group>"; };
		3756885C1821553A0018B57E /* SPAlgoliaNoResultsCell.m */ = {isa = PBXFileReference; fileEncoding = 4; lastKnownFileType = sourcecode.c.objc; path = SPAlgoliaNoResultsCell.m; sourceTree = "<group>"; };
		3756885E182162100018B57E /* SPCardButton.h */ = {isa = PBXFileReference; fileEncoding = 4; lastKnownFileType = sourcecode.c.h; path = SPCardButton.h; sourceTree = "<group>"; };
		3756885F182162100018B57E /* SPCardButton.m */ = {isa = PBXFileReference; fileEncoding = 4; lastKnownFileType = sourcecode.c.objc; path = SPCardButton.m; sourceTree = "<group>"; };
		376839401816C479008BFAA5 /* Accelerate.framework */ = {isa = PBXFileReference; lastKnownFileType = wrapper.framework; name = Accelerate.framework; path = System/Library/Frameworks/Accelerate.framework; sourceTree = SDKROOT; };
		376839421816C496008BFAA5 /* AdSupport.framework */ = {isa = PBXFileReference; lastKnownFileType = wrapper.framework; name = AdSupport.framework; path = System/Library/Frameworks/AdSupport.framework; sourceTree = SDKROOT; };
		376839461816CF0C008BFAA5 /* CoreTelephony.framework */ = {isa = PBXFileReference; lastKnownFileType = wrapper.framework; name = CoreTelephony.framework; path = System/Library/Frameworks/CoreTelephony.framework; sourceTree = SDKROOT; };
		376F2605182971DD003DE2E3 /* SPImageProcessor.h */ = {isa = PBXFileReference; fileEncoding = 4; lastKnownFileType = sourcecode.c.h; path = SPImageProcessor.h; sourceTree = "<group>"; };
		376F2606182971DD003DE2E3 /* SPImageProcessor.m */ = {isa = PBXFileReference; fileEncoding = 4; lastKnownFileType = sourcecode.c.objc; path = SPImageProcessor.m; sourceTree = "<group>"; };
		37862C75180E9553009E2B44 /* AudioToolbox.framework */ = {isa = PBXFileReference; lastKnownFileType = wrapper.framework; name = AudioToolbox.framework; path = System/Library/Frameworks/AudioToolbox.framework; sourceTree = SDKROOT; };
		378B9A3C18278D530031F2F4 /* SPCollectionView.h */ = {isa = PBXFileReference; fileEncoding = 4; lastKnownFileType = sourcecode.c.h; path = SPCollectionView.h; sourceTree = "<group>"; };
		378B9A3D18278D530031F2F4 /* SPCollectionView.m */ = {isa = PBXFileReference; fileEncoding = 4; lastKnownFileType = sourcecode.c.objc; path = SPCollectionView.m; sourceTree = "<group>"; };
		378B9A3F182792500031F2F4 /* SPCollectionViewCell.h */ = {isa = PBXFileReference; fileEncoding = 4; lastKnownFileType = sourcecode.c.h; path = SPCollectionViewCell.h; sourceTree = "<group>"; };
		378B9A40182792500031F2F4 /* SPCollectionViewCell.m */ = {isa = PBXFileReference; fileEncoding = 4; lastKnownFileType = sourcecode.c.objc; path = SPCollectionViewCell.m; sourceTree = "<group>"; };
		378B9A42182792D90031F2F4 /* SPInspirationalCollectionProductCell.h */ = {isa = PBXFileReference; fileEncoding = 4; lastKnownFileType = sourcecode.c.h; path = SPInspirationalCollectionProductCell.h; sourceTree = "<group>"; };
		378B9A43182792D90031F2F4 /* SPInspirationalCollectionProductCell.m */ = {isa = PBXFileReference; fileEncoding = 4; lastKnownFileType = sourcecode.c.objc; path = SPInspirationalCollectionProductCell.m; sourceTree = "<group>"; };
		378B9A4F1827C4F20031F2F4 /* SPFetchInspirationalCollectionProductsError.h */ = {isa = PBXFileReference; fileEncoding = 4; lastKnownFileType = sourcecode.c.h; path = SPFetchInspirationalCollectionProductsError.h; sourceTree = "<group>"; };
		378B9A501827C4F20031F2F4 /* SPFetchInspirationalCollectionProductsError.m */ = {isa = PBXFileReference; fileEncoding = 4; lastKnownFileType = sourcecode.c.objc; path = SPFetchInspirationalCollectionProductsError.m; sourceTree = "<group>"; };
		378B9A551827DA5F0031F2F4 /* CHTCollectionViewWaterfallLayout.h */ = {isa = PBXFileReference; fileEncoding = 4; lastKnownFileType = sourcecode.c.h; path = CHTCollectionViewWaterfallLayout.h; sourceTree = "<group>"; };
		378B9A561827DA5F0031F2F4 /* CHTCollectionViewWaterfallLayout.m */ = {isa = PBXFileReference; fileEncoding = 4; lastKnownFileType = sourcecode.c.objc; path = CHTCollectionViewWaterfallLayout.m; sourceTree = "<group>"; };
		37A83AA6181A85710077B517 /* SPProductSearchViewController.h */ = {isa = PBXFileReference; fileEncoding = 4; lastKnownFileType = sourcecode.c.h; path = SPProductSearchViewController.h; sourceTree = "<group>"; };
		37A83AA7181A85710077B517 /* SPProductSearchViewController.m */ = {isa = PBXFileReference; fileEncoding = 4; lastKnownFileType = sourcecode.c.objc; path = SPProductSearchViewController.m; sourceTree = "<group>"; };
		37A83ACA181A9DDC0077B517 /* Storyboard.storyboard */ = {isa = PBXFileReference; fileEncoding = 4; lastKnownFileType = file.storyboard; name = Storyboard.storyboard; path = "shopelia-ios/Resources/Storyboard.storyboard"; sourceTree = "<group>"; };
		37A83AD3181AA29E0077B517 /* SPTableViewCell.h */ = {isa = PBXFileReference; fileEncoding = 4; lastKnownFileType = sourcecode.c.h; path = SPTableViewCell.h; sourceTree = "<group>"; };
		37A83AD4181AA29E0077B517 /* SPTableViewCell.m */ = {isa = PBXFileReference; fileEncoding = 4; lastKnownFileType = sourcecode.c.objc; path = SPTableViewCell.m; sourceTree = "<group>"; };
		37A83AD9181AA3010077B517 /* SPProductSearchCell.h */ = {isa = PBXFileReference; fileEncoding = 4; lastKnownFileType = sourcecode.c.h; path = SPProductSearchCell.h; sourceTree = "<group>"; };
		37A83ADA181AA3010077B517 /* SPProductSearchCell.m */ = {isa = PBXFileReference; fileEncoding = 4; lastKnownFileType = sourcecode.c.objc; path = SPProductSearchCell.m; sourceTree = "<group>"; };
		37AD775E181FC76A00E1EE0D /* SPAlgoliaSearchViewController.h */ = {isa = PBXFileReference; fileEncoding = 4; lastKnownFileType = sourcecode.c.h; path = SPAlgoliaSearchViewController.h; sourceTree = "<group>"; };
		37AD775F181FC76A00E1EE0D /* SPAlgoliaSearchViewController.m */ = {isa = PBXFileReference; fileEncoding = 4; lastKnownFileType = sourcecode.c.objc; path = SPAlgoliaSearchViewController.m; sourceTree = "<group>"; };
		37AD7761181FCB0000E1EE0D /* SPAlgoliaSearchCell.h */ = {isa = PBXFileReference; fileEncoding = 4; lastKnownFileType = sourcecode.c.h; path = SPAlgoliaSearchCell.h; sourceTree = "<group>"; };
		37AD7762181FCB0000E1EE0D /* SPAlgoliaSearchCell.m */ = {isa = PBXFileReference; fileEncoding = 4; lastKnownFileType = sourcecode.c.objc; path = SPAlgoliaSearchCell.m; sourceTree = "<group>"; };
		37AD7764181FED3600E1EE0D /* SPAlgoliaAPIClient.h */ = {isa = PBXFileReference; fileEncoding = 4; lastKnownFileType = sourcecode.c.h; path = SPAlgoliaAPIClient.h; sourceTree = "<group>"; };
		37AD7765181FED3600E1EE0D /* SPAlgoliaAPIClient.m */ = {isa = PBXFileReference; fileEncoding = 4; lastKnownFileType = sourcecode.c.objc; path = SPAlgoliaAPIClient.m; sourceTree = "<group>"; };
		37AEE49D18225856009BC5FF /* SPContainerViewController.h */ = {isa = PBXFileReference; fileEncoding = 4; lastKnownFileType = sourcecode.c.h; path = SPContainerViewController.h; sourceTree = "<group>"; };
		37AEE49E18225856009BC5FF /* SPContainerViewController.m */ = {isa = PBXFileReference; fileEncoding = 4; lastKnownFileType = sourcecode.c.objc; path = SPContainerViewController.m; sourceTree = "<group>"; };
		37AEE4A71822768F009BC5FF /* SPAPIClient+InspirationalCollections.h */ = {isa = PBXFileReference; fileEncoding = 4; lastKnownFileType = sourcecode.c.h; path = "SPAPIClient+InspirationalCollections.h"; sourceTree = "<group>"; };
		37AEE4A81822768F009BC5FF /* SPAPIClient+InspirationalCollections.m */ = {isa = PBXFileReference; fileEncoding = 4; lastKnownFileType = sourcecode.c.objc; path = "SPAPIClient+InspirationalCollections.m"; sourceTree = "<group>"; };
		37AEE4AD1822784E009BC5FF /* SPInspirationalCollectionsViewController.h */ = {isa = PBXFileReference; fileEncoding = 4; lastKnownFileType = sourcecode.c.h; path = SPInspirationalCollectionsViewController.h; sourceTree = "<group>"; };
		37AEE4AE1822784E009BC5FF /* SPInspirationalCollectionsViewController.m */ = {isa = PBXFileReference; fileEncoding = 4; lastKnownFileType = sourcecode.c.objc; path = SPInspirationalCollectionsViewController.m; sourceTree = "<group>"; };
		37AEE4B018227861009BC5FF /* SPInspirationalCollectionCell.h */ = {isa = PBXFileReference; fileEncoding = 4; lastKnownFileType = sourcecode.c.h; path = SPInspirationalCollectionCell.h; sourceTree = "<group>"; };
		37AEE4B118227861009BC5FF /* SPInspirationalCollectionCell.m */ = {isa = PBXFileReference; fileEncoding = 4; lastKnownFileType = sourcecode.c.objc; path = SPInspirationalCollectionCell.m; sourceTree = "<group>"; };
		37AEE4B318229697009BC5FF /* SPInspirationalCollection.h */ = {isa = PBXFileReference; fileEncoding = 4; lastKnownFileType = sourcecode.c.h; path = SPInspirationalCollection.h; sourceTree = "<group>"; };
		37AEE4B418229697009BC5FF /* SPInspirationalCollection.m */ = {isa = PBXFileReference; fileEncoding = 4; lastKnownFileType = sourcecode.c.objc; path = SPInspirationalCollection.m; sourceTree = "<group>"; };
		37AEE4B618229E86009BC5FF /* SPWaitingMessageView.h */ = {isa = PBXFileReference; fileEncoding = 4; lastKnownFileType = sourcecode.c.h; path = SPWaitingMessageView.h; sourceTree = "<group>"; };
		37AEE4B718229E86009BC5FF /* SPWaitingMessageView.m */ = {isa = PBXFileReference; fileEncoding = 4; lastKnownFileType = sourcecode.c.objc; path = SPWaitingMessageView.m; sourceTree = "<group>"; };
		37AEE4B918229E9B009BC5FF /* SPWaitingMessageView.xib */ = {isa = PBXFileReference; fileEncoding = 4; lastKnownFileType = file.xib; path = SPWaitingMessageView.xib; sourceTree = "<group>"; };
		37AEE4BB1822B28D009BC5FF /* SPMessageView.h */ = {isa = PBXFileReference; fileEncoding = 4; lastKnownFileType = sourcecode.c.h; path = SPMessageView.h; sourceTree = "<group>"; };
		37AEE4BC1822B28D009BC5FF /* SPMessageView.m */ = {isa = PBXFileReference; fileEncoding = 4; lastKnownFileType = sourcecode.c.objc; path = SPMessageView.m; sourceTree = "<group>"; };
		37AEE4BE1822B964009BC5FF /* SPAPIFetchInspirationalCollectionsError.h */ = {isa = PBXFileReference; fileEncoding = 4; lastKnownFileType = sourcecode.c.h; path = SPAPIFetchInspirationalCollectionsError.h; sourceTree = "<group>"; };
		37AEE4BF1822B964009BC5FF /* SPAPIFetchInspirationalCollectionsError.m */ = {isa = PBXFileReference; fileEncoding = 4; lastKnownFileType = sourcecode.c.objc; path = SPAPIFetchInspirationalCollectionsError.m; sourceTree = "<group>"; };
		37AEE4C11822C89D009BC5FF /* SPInspirationalCollectionProductsViewController.h */ = {isa = PBXFileReference; fileEncoding = 4; lastKnownFileType = sourcecode.c.h; path = SPInspirationalCollectionProductsViewController.h; sourceTree = "<group>"; };
		37AEE4C21822C89D009BC5FF /* SPInspirationalCollectionProductsViewController.m */ = {isa = PBXFileReference; fileEncoding = 4; lastKnownFileType = sourcecode.c.objc; path = SPInspirationalCollectionProductsViewController.m; sourceTree = "<group>"; };
		37B09BE71828E6620004E3DF /* ASAPIClient+Network.h */ = {isa = PBXFileReference; fileEncoding = 4; lastKnownFileType = sourcecode.c.h; path = "ASAPIClient+Network.h"; sourceTree = "<group>"; };
		37B09BE81828E6620004E3DF /* ASAPIClient+Network.m */ = {isa = PBXFileReference; fileEncoding = 4; lastKnownFileType = sourcecode.c.objc; path = "ASAPIClient+Network.m"; sourceTree = "<group>"; };
		37B09BE91828E6620004E3DF /* ASAPIClient.h */ = {isa = PBXFileReference; fileEncoding = 4; lastKnownFileType = sourcecode.c.h; path = ASAPIClient.h; sourceTree = "<group>"; };
		37B09BEA1828E6620004E3DF /* ASAPIClient.m */ = {isa = PBXFileReference; fileEncoding = 4; lastKnownFileType = sourcecode.c.objc; path = ASAPIClient.m; sourceTree = "<group>"; };
		37B09BEB1828E6620004E3DF /* ASQuery.h */ = {isa = PBXFileReference; fileEncoding = 4; lastKnownFileType = sourcecode.c.h; path = ASQuery.h; sourceTree = "<group>"; };
		37B09BEC1828E6620004E3DF /* ASQuery.m */ = {isa = PBXFileReference; fileEncoding = 4; lastKnownFileType = sourcecode.c.objc; path = ASQuery.m; sourceTree = "<group>"; };
		37B09BED1828E6620004E3DF /* ASRemoteIndex.h */ = {isa = PBXFileReference; fileEncoding = 4; lastKnownFileType = sourcecode.c.h; path = ASRemoteIndex.h; sourceTree = "<group>"; };
		37B09BEE1828E6620004E3DF /* ASRemoteIndex.m */ = {isa = PBXFileReference; fileEncoding = 4; lastKnownFileType = sourcecode.c.objc; path = ASRemoteIndex.m; sourceTree = "<group>"; };
		37B09BF41828E67D0004E3DF /* AFHTTPRequestOperation.h */ = {isa = PBXFileReference; fileEncoding = 4; lastKnownFileType = sourcecode.c.h; path = AFHTTPRequestOperation.h; sourceTree = "<group>"; };
		37B09BF51828E67D0004E3DF /* AFHTTPRequestOperation.m */ = {isa = PBXFileReference; fileEncoding = 4; lastKnownFileType = sourcecode.c.objc; path = AFHTTPRequestOperation.m; sourceTree = "<group>"; };
		37B09BF61828E67D0004E3DF /* AFHTTPRequestOperationManager.h */ = {isa = PBXFileReference; fileEncoding = 4; lastKnownFileType = sourcecode.c.h; path = AFHTTPRequestOperationManager.h; sourceTree = "<group>"; };
		37B09BF71828E67D0004E3DF /* AFHTTPRequestOperationManager.m */ = {isa = PBXFileReference; fileEncoding = 4; lastKnownFileType = sourcecode.c.objc; path = AFHTTPRequestOperationManager.m; sourceTree = "<group>"; };
		37B09BF81828E67D0004E3DF /* AFHTTPSessionManager.h */ = {isa = PBXFileReference; fileEncoding = 4; lastKnownFileType = sourcecode.c.h; path = AFHTTPSessionManager.h; sourceTree = "<group>"; };
		37B09BF91828E67D0004E3DF /* AFHTTPSessionManager.m */ = {isa = PBXFileReference; fileEncoding = 4; lastKnownFileType = sourcecode.c.objc; path = AFHTTPSessionManager.m; sourceTree = "<group>"; };
		37B09BFA1828E67D0004E3DF /* AFNetworking.h */ = {isa = PBXFileReference; fileEncoding = 4; lastKnownFileType = sourcecode.c.h; path = AFNetworking.h; sourceTree = "<group>"; };
		37B09BFB1828E67D0004E3DF /* AFNetworkReachabilityManager.h */ = {isa = PBXFileReference; fileEncoding = 4; lastKnownFileType = sourcecode.c.h; path = AFNetworkReachabilityManager.h; sourceTree = "<group>"; };
		37B09BFC1828E67D0004E3DF /* AFNetworkReachabilityManager.m */ = {isa = PBXFileReference; fileEncoding = 4; lastKnownFileType = sourcecode.c.objc; path = AFNetworkReachabilityManager.m; sourceTree = "<group>"; };
		37B09BFD1828E67D0004E3DF /* AFSecurityPolicy.h */ = {isa = PBXFileReference; fileEncoding = 4; lastKnownFileType = sourcecode.c.h; path = AFSecurityPolicy.h; sourceTree = "<group>"; };
		37B09BFE1828E67D0004E3DF /* AFSecurityPolicy.m */ = {isa = PBXFileReference; fileEncoding = 4; lastKnownFileType = sourcecode.c.objc; path = AFSecurityPolicy.m; sourceTree = "<group>"; };
		37B09BFF1828E67D0004E3DF /* AFURLConnectionOperation.h */ = {isa = PBXFileReference; fileEncoding = 4; lastKnownFileType = sourcecode.c.h; path = AFURLConnectionOperation.h; sourceTree = "<group>"; };
		37B09C001828E67D0004E3DF /* AFURLConnectionOperation.m */ = {isa = PBXFileReference; fileEncoding = 4; lastKnownFileType = sourcecode.c.objc; path = AFURLConnectionOperation.m; sourceTree = "<group>"; };
		37B09C011828E67D0004E3DF /* AFURLRequestSerialization.h */ = {isa = PBXFileReference; fileEncoding = 4; lastKnownFileType = sourcecode.c.h; path = AFURLRequestSerialization.h; sourceTree = "<group>"; };
		37B09C021828E67D0004E3DF /* AFURLRequestSerialization.m */ = {isa = PBXFileReference; fileEncoding = 4; lastKnownFileType = sourcecode.c.objc; path = AFURLRequestSerialization.m; sourceTree = "<group>"; };
		37B09C031828E67D0004E3DF /* AFURLResponseSerialization.h */ = {isa = PBXFileReference; fileEncoding = 4; lastKnownFileType = sourcecode.c.h; path = AFURLResponseSerialization.h; sourceTree = "<group>"; };
		37B09C041828E67D0004E3DF /* AFURLResponseSerialization.m */ = {isa = PBXFileReference; fileEncoding = 4; lastKnownFileType = sourcecode.c.objc; path = AFURLResponseSerialization.m; sourceTree = "<group>"; };
		37B09C051828E67D0004E3DF /* AFURLSessionManager.h */ = {isa = PBXFileReference; fileEncoding = 4; lastKnownFileType = sourcecode.c.h; path = AFURLSessionManager.h; sourceTree = "<group>"; };
		37B09C061828E67D0004E3DF /* AFURLSessionManager.m */ = {isa = PBXFileReference; fileEncoding = 4; lastKnownFileType = sourcecode.c.objc; path = AFURLSessionManager.m; sourceTree = "<group>"; };
		37CDECC3181C51E50065A99D /* SPConstants.h */ = {isa = PBXFileReference; fileEncoding = 4; lastKnownFileType = sourcecode.c.h; name = SPConstants.h; path = "shopelia-ios/SPConstants.h"; sourceTree = "<group>"; };
		37D5C97C180E805300216A31 /* ShopeliaSDKResources.bundle */ = {isa = PBXFileReference; lastKnownFileType = "wrapper.plug-in"; path = ShopeliaSDKResources.bundle; sourceTree = "<group>"; };
		37D5C97D180E805300216A31 /* ShopeliaSDK.framework */ = {isa = PBXFileReference; lastKnownFileType = wrapper.framework; path = ShopeliaSDK.framework; sourceTree = "<group>"; };
		37D5C984180E818B00216A31 /* Decoder.h */ = {isa = PBXFileReference; fileEncoding = 4; lastKnownFileType = sourcecode.c.h; path = Decoder.h; sourceTree = "<group>"; };
		37D5C985180E818B00216A31 /* Exception.h */ = {isa = PBXFileReference; fileEncoding = 4; lastKnownFileType = sourcecode.c.h; path = Exception.h; sourceTree = "<group>"; };
		37D5C986180E818B00216A31 /* Image.h */ = {isa = PBXFileReference; fileEncoding = 4; lastKnownFileType = sourcecode.c.h; path = Image.h; sourceTree = "<group>"; };
		37D5C987180E818B00216A31 /* ImageScanner.h */ = {isa = PBXFileReference; fileEncoding = 4; lastKnownFileType = sourcecode.c.h; path = ImageScanner.h; sourceTree = "<group>"; };
		37D5C988180E818B00216A31 /* Processor.h */ = {isa = PBXFileReference; fileEncoding = 4; lastKnownFileType = sourcecode.c.h; path = Processor.h; sourceTree = "<group>"; };
		37D5C989180E818B00216A31 /* Scanner.h */ = {isa = PBXFileReference; fileEncoding = 4; lastKnownFileType = sourcecode.c.h; path = Scanner.h; sourceTree = "<group>"; };
		37D5C98A180E818B00216A31 /* Symbol.h */ = {isa = PBXFileReference; fileEncoding = 4; lastKnownFileType = sourcecode.c.h; path = Symbol.h; sourceTree = "<group>"; };
		37D5C98B180E818B00216A31 /* Video.h */ = {isa = PBXFileReference; fileEncoding = 4; lastKnownFileType = sourcecode.c.h; path = Video.h; sourceTree = "<group>"; };
		37D5C98C180E818B00216A31 /* Window.h */ = {isa = PBXFileReference; fileEncoding = 4; lastKnownFileType = sourcecode.c.h; path = Window.h; sourceTree = "<group>"; };
		37D5C98D180E818B00216A31 /* zbar.h */ = {isa = PBXFileReference; fileEncoding = 4; lastKnownFileType = sourcecode.c.h; path = zbar.h; sourceTree = "<group>"; };
		37D5C98E180E818B00216A31 /* ZBarCameraSimulator.h */ = {isa = PBXFileReference; fileEncoding = 4; lastKnownFileType = sourcecode.c.h; path = ZBarCameraSimulator.h; sourceTree = "<group>"; };
		37D5C98F180E818B00216A31 /* ZBarCaptureReader.h */ = {isa = PBXFileReference; fileEncoding = 4; lastKnownFileType = sourcecode.c.h; path = ZBarCaptureReader.h; sourceTree = "<group>"; };
		37D5C990180E818B00216A31 /* ZBarHelpController.h */ = {isa = PBXFileReference; fileEncoding = 4; lastKnownFileType = sourcecode.c.h; path = ZBarHelpController.h; sourceTree = "<group>"; };
		37D5C991180E818B00216A31 /* ZBarImage.h */ = {isa = PBXFileReference; fileEncoding = 4; lastKnownFileType = sourcecode.c.h; path = ZBarImage.h; sourceTree = "<group>"; };
		37D5C992180E818B00216A31 /* ZBarImageScanner.h */ = {isa = PBXFileReference; fileEncoding = 4; lastKnownFileType = sourcecode.c.h; path = ZBarImageScanner.h; sourceTree = "<group>"; };
		37D5C993180E818B00216A31 /* ZBarReaderController.h */ = {isa = PBXFileReference; fileEncoding = 4; lastKnownFileType = sourcecode.c.h; path = ZBarReaderController.h; sourceTree = "<group>"; };
		37D5C994180E818B00216A31 /* ZBarReaderView.h */ = {isa = PBXFileReference; fileEncoding = 4; lastKnownFileType = sourcecode.c.h; path = ZBarReaderView.h; sourceTree = "<group>"; };
		37D5C995180E818B00216A31 /* ZBarReaderViewController.h */ = {isa = PBXFileReference; fileEncoding = 4; lastKnownFileType = sourcecode.c.h; path = ZBarReaderViewController.h; sourceTree = "<group>"; };
		37D5C996180E818B00216A31 /* ZBarSDK.h */ = {isa = PBXFileReference; fileEncoding = 4; lastKnownFileType = sourcecode.c.h; path = ZBarSDK.h; sourceTree = "<group>"; };
		37D5C997180E818B00216A31 /* ZBarSymbol.h */ = {isa = PBXFileReference; fileEncoding = 4; lastKnownFileType = sourcecode.c.h; path = ZBarSymbol.h; sourceTree = "<group>"; };
		37D5C998180E818B00216A31 /* libzbar.a */ = {isa = PBXFileReference; lastKnownFileType = archive.ar; path = libzbar.a; sourceTree = "<group>"; };
		37D5C99B180E818B00216A31 /* zbar-help.html */ = {isa = PBXFileReference; fileEncoding = 4; lastKnownFileType = text.html; path = "zbar-help.html"; sourceTree = "<group>"; };
		37E2243A181957AE001DD2A2 /* SPSearchBar.h */ = {isa = PBXFileReference; fileEncoding = 4; lastKnownFileType = sourcecode.c.h; path = SPSearchBar.h; sourceTree = "<group>"; };
		37E2243B181957AE001DD2A2 /* SPSearchBar.m */ = {isa = PBXFileReference; fileEncoding = 4; lastKnownFileType = sourcecode.c.objc; path = SPSearchBar.m; sourceTree = "<group>"; };
		37E2243E181958E4001DD2A2 /* fr */ = {isa = PBXFileReference; lastKnownFileType = text.plist.strings; name = fr; path = fr.lproj/InfoPlist.strings; sourceTree = "<group>"; };
		37E2244518196DD2001DD2A2 /* fr */ = {isa = PBXFileReference; lastKnownFileType = text.plist.strings; name = fr; path = fr.lproj/Localizable.strings; sourceTree = "<group>"; };
		37E2244718197028001DD2A2 /* SPBarcodeOverlayView.h */ = {isa = PBXFileReference; fileEncoding = 4; lastKnownFileType = sourcecode.c.h; path = SPBarcodeOverlayView.h; sourceTree = "<group>"; };
		37E2244818197028001DD2A2 /* SPBarcodeOverlayView.m */ = {isa = PBXFileReference; fileEncoding = 4; lastKnownFileType = sourcecode.c.objc; path = SPBarcodeOverlayView.m; sourceTree = "<group>"; };
		37FEA945181E6EB00004E85B /* SPErrorMessageView.h */ = {isa = PBXFileReference; fileEncoding = 4; lastKnownFileType = sourcecode.c.h; path = SPErrorMessageView.h; sourceTree = "<group>"; };
		37FEA946181E6EB00004E85B /* SPErrorMessageView.m */ = {isa = PBXFileReference; fileEncoding = 4; lastKnownFileType = sourcecode.c.objc; path = SPErrorMessageView.m; sourceTree = "<group>"; };
		37FEA948181E6EEE0004E85B /* SPErrorMessageView.xib */ = {isa = PBXFileReference; fileEncoding = 4; lastKnownFileType = file.xib; path = SPErrorMessageView.xib; sourceTree = "<group>"; };
		37FEA952181E71910004E85B /* SPLargeImportantButton.h */ = {isa = PBXFileReference; fileEncoding = 4; lastKnownFileType = sourcecode.c.h; path = SPLargeImportantButton.h; sourceTree = "<group>"; };
		37FEA953181E71910004E85B /* SPLargeImportantButton.m */ = {isa = PBXFileReference; fileEncoding = 4; lastKnownFileType = sourcecode.c.objc; path = SPLargeImportantButton.m; sourceTree = "<group>"; };
		37FEA95E181E780C0004E85B /* SPAPIClient+BarcodeSearch.h */ = {isa = PBXFileReference; fileEncoding = 4; lastKnownFileType = sourcecode.c.h; path = "SPAPIClient+BarcodeSearch.h"; sourceTree = "<group>"; };
		37FEA95F181E780C0004E85B /* SPAPIClient+BarcodeSearch.m */ = {isa = PBXFileReference; fileEncoding = 4; lastKnownFileType = sourcecode.c.objc; path = "SPAPIClient+BarcodeSearch.m"; sourceTree = "<group>"; };
		BE7EC3D152B545618C950648 /* libPods.a */ = {isa = PBXFileReference; explicitFileType = archive.ar; includeInIndex = 0; path = libPods.a; sourceTree = BUILT_PRODUCTS_DIR; };
/* End PBXFileReference section */

/* Begin PBXFrameworksBuildPhase section */
		113DDE2817DDFA9A0056E126 /* Frameworks */ = {
			isa = PBXFrameworksBuildPhase;
			buildActionMask = 2147483647;
			files = (
				376839471816CF0C008BFAA5 /* CoreTelephony.framework in Frameworks */,
				376839431816C496008BFAA5 /* AdSupport.framework in Frameworks */,
				376839411816C479008BFAA5 /* Accelerate.framework in Frameworks */,
				110BF6531816A2B3000CAC67 /* SystemConfiguration.framework in Frameworks */,
				372C32FD180EEBA5008928B7 /* libz.dylib in Frameworks */,
				37862C76180E9553009E2B44 /* AudioToolbox.framework in Frameworks */,
				116CD92917DE030100978733 /* AVFoundation.framework in Frameworks */,
				37D5C97F180E805300216A31 /* ShopeliaSDK.framework in Frameworks */,
				116CD92A17DE030100978733 /* CoreMedia.framework in Frameworks */,
				116CD92B17DE030100978733 /* CoreVideo.framework in Frameworks */,
				116CD92C17DE030100978733 /* libiconv.dylib in Frameworks */,
				116CD92D17DE030100978733 /* QuartzCore.framework in Frameworks */,
				113DDE3117DDFA9A0056E126 /* CoreGraphics.framework in Frameworks */,
				372C32F9180EEB18008928B7 /* libTestFlight.a in Frameworks */,
				113DDE3317DDFA9A0056E126 /* UIKit.framework in Frameworks */,
				37D5C99E180E818B00216A31 /* libzbar.a in Frameworks */,
				113DDE2F17DDFA9A0056E126 /* Foundation.framework in Frameworks */,
			);
			runOnlyForDeploymentPostprocessing = 0;
		};
		113DDE4917DDFA9B0056E126 /* Frameworks */ = {
			isa = PBXFrameworksBuildPhase;
			buildActionMask = 2147483647;
			files = (
				113DDE4E17DDFA9B0056E126 /* XCTest.framework in Frameworks */,
				113DDE5017DDFA9B0056E126 /* UIKit.framework in Frameworks */,
				113DDE4F17DDFA9B0056E126 /* Foundation.framework in Frameworks */,
			);
			runOnlyForDeploymentPostprocessing = 0;
		};
/* End PBXFrameworksBuildPhase section */

/* Begin PBXGroup section */
		113137BD17F1CCA900AA7DAB /* Categories */ = {
			isa = PBXGroup;
			children = (
				11C6E7E117E06F5600D66D96 /* UIColor+Shopelia.h */,
				11C6E7E217E06F5600D66D96 /* UIColor+Shopelia.m */,
			);
			name = Categories;
			sourceTree = "<group>";
		};
		113DDE2217DDFA9A0056E126 = {
			isa = PBXGroup;
			children = (
				37A83ACA181A9DDC0077B517 /* Storyboard.storyboard */,
				113DDE3D17DDFA9A0056E126 /* SPAppDelegate.h */,
				113DDE3E17DDFA9A0056E126 /* SPAppDelegate.m */,
				37CDECC3181C51E50065A99D /* SPConstants.h */,
				113DDE3417DDFA9A0056E126 /* shopelia-ios */,
				113DDE5317DDFA9B0056E126 /* shopelia-iosTests */,
				113DDE2D17DDFA9A0056E126 /* Frameworks */,
				113DDE2C17DDFA9A0056E126 /* Products */,
			);
			sourceTree = "<group>";
		};
		113DDE2C17DDFA9A0056E126 /* Products */ = {
			isa = PBXGroup;
			children = (
				113DDE2B17DDFA9A0056E126 /* shopelia-ios.app */,
				113DDE4C17DDFA9B0056E126 /* shopelia-iosTests.xctest */,
			);
			name = Products;
			sourceTree = "<group>";
		};
		113DDE2D17DDFA9A0056E126 /* Frameworks */ = {
			isa = PBXGroup;
			children = (
				376839461816CF0C008BFAA5 /* CoreTelephony.framework */,
				376839421816C496008BFAA5 /* AdSupport.framework */,
				376839401816C479008BFAA5 /* Accelerate.framework */,
				110BF6521816A2B3000CAC67 /* SystemConfiguration.framework */,
				37862C75180E9553009E2B44 /* AudioToolbox.framework */,
				116CD92417DE030000978733 /* AVFoundation.framework */,
				116CD92517DE030000978733 /* CoreMedia.framework */,
				116CD92617DE030000978733 /* CoreVideo.framework */,
				116CD92817DE030100978733 /* QuartzCore.framework */,
				113DDE2E17DDFA9A0056E126 /* Foundation.framework */,
				113DDE3017DDFA9A0056E126 /* CoreGraphics.framework */,
				113DDE3217DDFA9A0056E126 /* UIKit.framework */,
				113DDE4D17DDFA9B0056E126 /* XCTest.framework */,
				372C32FC180EEBA5008928B7 /* libz.dylib */,
				116CD92717DE030100978733 /* libiconv.dylib */,
				37B09BF31828E67D0004E3DF /* AFNetworking */,
				37B09BE61828E6620004E3DF /* AlgoliaSearchClient */,
				37D5C980180E818B00216A31 /* ZBarSDK */,
				372C32F2180EEB18008928B7 /* TestFlightSDK2.0.2 */,
				37D5C97A180E805300216A31 /* ShopeliaSDK.embeddedframework */,
				BE7EC3D152B545618C950648 /* libPods.a */,
			);
			name = Frameworks;
			sourceTree = "<group>";
		};
		113DDE3417DDFA9A0056E126 /* shopelia-ios */ = {
			isa = PBXGroup;
			children = (
				3756880B182104610018B57E /* Helpers */,
				377F3A3F181916AF00C0ECF5 /* Model View Controllers */,
				37A83AD6181AA2AF0077B517 /* Custom Views */,
				37FEA95D181E77CC0004E85B /* HTTP Requests */,
				113137BD17F1CCA900AA7DAB /* Categories */,
				3756882418210F500018B57E /* Resources */,
				113DDE3517DDFA9A0056E126 /* Supporting Files */,
			);
			path = "shopelia-ios";
			sourceTree = "<group>";
		};
		113DDE3517DDFA9A0056E126 /* Supporting Files */ = {
			isa = PBXGroup;
			children = (
				113DDE3617DDFA9A0056E126 /* shopelia-ios-Info.plist */,
				37E2244418196DD2001DD2A2 /* Localizable.strings */,
				113DDE3A17DDFA9A0056E126 /* main.m */,
				113DDE3C17DDFA9A0056E126 /* shopelia-ios-Prefix.pch */,
			);
			name = "Supporting Files";
			sourceTree = "<group>";
		};
		113DDE5317DDFA9B0056E126 /* shopelia-iosTests */ = {
			isa = PBXGroup;
			children = (
				113DDE5917DDFA9B0056E126 /* shopelia_iosTests.m */,
				113DDE5417DDFA9B0056E126 /* Supporting Files */,
			);
			path = "shopelia-iosTests";
			sourceTree = "<group>";
		};
		113DDE5417DDFA9B0056E126 /* Supporting Files */ = {
			isa = PBXGroup;
			children = (
				113DDE5517DDFA9B0056E126 /* shopelia-iosTests-Info.plist */,
				113DDE5617DDFA9B0056E126 /* InfoPlist.strings */,
			);
			name = "Supporting Files";
			sourceTree = "<group>";
		};
		372C32F2180EEB18008928B7 /* TestFlightSDK2.0.2 */ = {
			isa = PBXGroup;
			children = (
				372C32F3180EEB18008928B7 /* libTestFlight.a */,
				372C32F4180EEB18008928B7 /* README.md */,
				372C32F5180EEB18008928B7 /* release_notes.md */,
				372C32F6180EEB18008928B7 /* TestFlight+AsyncLogging.h */,
				372C32F7180EEB18008928B7 /* TestFlight+ManualSessions.h */,
				372C32F8180EEB18008928B7 /* TestFlight.h */,
			);
			path = TestFlightSDK2.0.2;
			sourceTree = "<group>";
		};
		373E2E93181E804300C575B0 /* Errors */ = {
			isa = PBXGroup;
			children = (
				373E2E94181E805900C575B0 /* SPAPIFetchProductWithBarCodeError.h */,
				373E2E95181E805900C575B0 /* SPAPIFetchProductWithBarCodeError.m */,
				373E2EA4181EAD0B00C575B0 /* SPAPIFetchProductPricesError.h */,
				373E2EA5181EAD0B00C575B0 /* SPAPIFetchProductPricesError.m */,
				37AEE4BE1822B964009BC5FF /* SPAPIFetchInspirationalCollectionsError.h */,
				37AEE4BF1822B964009BC5FF /* SPAPIFetchInspirationalCollectionsError.m */,
				378B9A4F1827C4F20031F2F4 /* SPFetchInspirationalCollectionProductsError.h */,
				378B9A501827C4F20031F2F4 /* SPFetchInspirationalCollectionProductsError.m */,
			);
			name = Errors;
			sourceTree = "<group>";
		};
		373E2E9D181E877100C575B0 /* Client */ = {
			isa = PBXGroup;
			children = (
				373E2E90181E7BE000C575B0 /* SPAPIClient+Tracker.h */,
				373E2E91181E7BE000C575B0 /* SPAPIClient+Tracker.m */,
				373E2E9A181E821B00C575B0 /* SPAPIClient+Visitor.h */,
				373E2E9B181E821B00C575B0 /* SPAPIClient+Visitor.m */,
				37FEA95E181E780C0004E85B /* SPAPIClient+BarcodeSearch.h */,
				37FEA95F181E780C0004E85B /* SPAPIClient+BarcodeSearch.m */,
				373E2E9E181EAB5A00C575B0 /* SPAPIClient+ProductPrices.h */,
				373E2E9F181EAB5A00C575B0 /* SPAPIClient+ProductPrices.m */,
				37AD7764181FED3600E1EE0D /* SPAlgoliaAPIClient.h */,
				37AD7765181FED3600E1EE0D /* SPAlgoliaAPIClient.m */,
				37AEE4A71822768F009BC5FF /* SPAPIClient+InspirationalCollections.h */,
				37AEE4A81822768F009BC5FF /* SPAPIClient+InspirationalCollections.m */,
			);
			name = Client;
			sourceTree = "<group>";
		};
		3756880B182104610018B57E /* Helpers */ = {
			isa = PBXGroup;
			children = (
				375333A1181FA732004BAB46 /* SPShopeliaManager.h */,
				375333A2181FA732004BAB46 /* SPShopeliaManager.m */,
				378B9A551827DA5F0031F2F4 /* CHTCollectionViewWaterfallLayout.h */,
				378B9A561827DA5F0031F2F4 /* CHTCollectionViewWaterfallLayout.m */,
				376F2605182971DD003DE2E3 /* SPImageProcessor.h */,
				376F2606182971DD003DE2E3 /* SPImageProcessor.m */,
			);
			name = Helpers;
			sourceTree = "<group>";
		};
		3756882418210F500018B57E /* Resources */ = {
			isa = PBXGroup;
			children = (
				37369F19182A44C600202A79 /* Images.xcassets */,
			);
			path = Resources;
			sourceTree = "<group>";
		};
		3756883F18211DBC0018B57E /* Collections */ = {
			isa = PBXGroup;
			children = (
				37AEE4AD1822784E009BC5FF /* SPInspirationalCollectionsViewController.h */,
				37AEE4AE1822784E009BC5FF /* SPInspirationalCollectionsViewController.m */,
				37AEE4B018227861009BC5FF /* SPInspirationalCollectionCell.h */,
				37AEE4B118227861009BC5FF /* SPInspirationalCollectionCell.m */,
				37AEE4B318229697009BC5FF /* SPInspirationalCollection.h */,
				37AEE4B418229697009BC5FF /* SPInspirationalCollection.m */,
				37AEE4C11822C89D009BC5FF /* SPInspirationalCollectionProductsViewController.h */,
				37AEE4C21822C89D009BC5FF /* SPInspirationalCollectionProductsViewController.m */,
				378B9A42182792D90031F2F4 /* SPInspirationalCollectionProductCell.h */,
				378B9A43182792D90031F2F4 /* SPInspirationalCollectionProductCell.m */,
			);
			name = Collections;
			sourceTree = "<group>";
		};
		3756884018211DC80018B57E /* Barcode Scan */ = {
			isa = PBXGroup;
			children = (
				3705528C181928D300826EA0 /* SPBarcodeScanViewController.h */,
				3705528D181928D300826EA0 /* SPBarcodeScanViewController.m */,
				37E2244718197028001DD2A2 /* SPBarcodeOverlayView.h */,
				37E2244818197028001DD2A2 /* SPBarcodeOverlayView.m */,
			);
			name = "Barcode Scan";
			sourceTree = "<group>";
		};
		3756884118211DE50018B57E /* Product Search */ = {
			isa = PBXGroup;
			children = (
				37A83AA6181A85710077B517 /* SPProductSearchViewController.h */,
				37A83AA7181A85710077B517 /* SPProductSearchViewController.m */,
				37A83AD9181AA3010077B517 /* SPProductSearchCell.h */,
				37A83ADA181AA3010077B517 /* SPProductSearchCell.m */,
				373D53B9181ECE0A00337724 /* SPProductSearchInProgressCell.h */,
				373D53BA181ECE0A00337724 /* SPProductSearchInProgressCell.m */,
			);
			name = "Product Search";
			sourceTree = "<group>";
		};
		3756884218211DFC0018B57E /* Algolia Search */ = {
			isa = PBXGroup;
			children = (
				37AD775E181FC76A00E1EE0D /* SPAlgoliaSearchViewController.h */,
				37AD775F181FC76A00E1EE0D /* SPAlgoliaSearchViewController.m */,
				37AD7761181FCB0000E1EE0D /* SPAlgoliaSearchCell.h */,
				37AD7762181FCB0000E1EE0D /* SPAlgoliaSearchCell.m */,
				3756880C182108F90018B57E /* SPAlgoliaSearchResult.h */,
				3756880D182108F90018B57E /* SPAlgoliaSearchResult.m */,
				3756884918213CD40018B57E /* SPAlgoliaSearchBackgroundView.h */,
				3756884A18213CD40018B57E /* SPAlgoliaSearchBackgroundView.m */,
				3756885B1821553A0018B57E /* SPAlgoliaNoResultsCell.h */,
				3756885C1821553A0018B57E /* SPAlgoliaNoResultsCell.m */,
			);
			name = "Algolia Search";
			sourceTree = "<group>";
		};
		377F3A3F181916AF00C0ECF5 /* Model View Controllers */ = {
			isa = PBXGroup;
			children = (
				37AEE4A01822585B009BC5FF /* Base */,
				3756884218211DFC0018B57E /* Algolia Search */,
				3756884018211DC80018B57E /* Barcode Scan */,
				3756884118211DE50018B57E /* Product Search */,
				3756883F18211DBC0018B57E /* Collections */,
			);
			name = "Model View Controllers";
			sourceTree = "<group>";
		};
		37A83AD6181AA2AF0077B517 /* Custom Views */ = {
			isa = PBXGroup;
			children = (
				378B9A3F182792500031F2F4 /* SPCollectionViewCell.h */,
				378B9A40182792500031F2F4 /* SPCollectionViewCell.m */,
				37E2243A181957AE001DD2A2 /* SPSearchBar.h */,
				37E2243B181957AE001DD2A2 /* SPSearchBar.m */,
				37A83AD3181AA29E0077B517 /* SPTableViewCell.h */,
				37A83AD4181AA29E0077B517 /* SPTableViewCell.m */,
				37FEA952181E71910004E85B /* SPLargeImportantButton.h */,
				37FEA953181E71910004E85B /* SPLargeImportantButton.m */,
				37568850182144FE0018B57E /* SPCardImageView.h */,
				37568851182144FE0018B57E /* SPCardImageView.m */,
				3756885E182162100018B57E /* SPCardButton.h */,
				3756885F182162100018B57E /* SPCardButton.m */,
				37AEE4BB1822B28D009BC5FF /* SPMessageView.h */,
				37AEE4BC1822B28D009BC5FF /* SPMessageView.m */,
				37FEA945181E6EB00004E85B /* SPErrorMessageView.h */,
				37FEA946181E6EB00004E85B /* SPErrorMessageView.m */,
				37FEA948181E6EEE0004E85B /* SPErrorMessageView.xib */,
				37AEE4B618229E86009BC5FF /* SPWaitingMessageView.h */,
				37AEE4B718229E86009BC5FF /* SPWaitingMessageView.m */,
				37AEE4B918229E9B009BC5FF /* SPWaitingMessageView.xib */,
				378B9A3C18278D530031F2F4 /* SPCollectionView.h */,
				378B9A3D18278D530031F2F4 /* SPCollectionView.m */,
				374EB51318283C73000B4D55 /* SPShopeliaSpinnerView.h */,
				374EB51418283C73000B4D55 /* SPShopeliaSpinnerView.m */,
				374EB51618283C83000B4D55 /* SPShopeliaSpinnerLayer.h */,
				374EB51718283C83000B4D55 /* SPShopeliaSpinnerLayer.m */,
			);
			name = "Custom Views";
			sourceTree = "<group>";
		};
		37AEE4A01822585B009BC5FF /* Base */ = {
			isa = PBXGroup;
			children = (
				37AEE49D18225856009BC5FF /* SPContainerViewController.h */,
				37AEE49E18225856009BC5FF /* SPContainerViewController.m */,
			);
			name = Base;
			sourceTree = "<group>";
		};
		37B09BE61828E6620004E3DF /* AlgoliaSearchClient */ = {
			isa = PBXGroup;
			children = (
				37B09BE71828E6620004E3DF /* ASAPIClient+Network.h */,
				37B09BE81828E6620004E3DF /* ASAPIClient+Network.m */,
				37B09BE91828E6620004E3DF /* ASAPIClient.h */,
				37B09BEA1828E6620004E3DF /* ASAPIClient.m */,
				37B09BEB1828E6620004E3DF /* ASQuery.h */,
				37B09BEC1828E6620004E3DF /* ASQuery.m */,
				37B09BED1828E6620004E3DF /* ASRemoteIndex.h */,
				37B09BEE1828E6620004E3DF /* ASRemoteIndex.m */,
			);
			path = AlgoliaSearchClient;
			sourceTree = "<group>";
		};
		37B09BF31828E67D0004E3DF /* AFNetworking */ = {
			isa = PBXGroup;
			children = (
				37B09BF41828E67D0004E3DF /* AFHTTPRequestOperation.h */,
				37B09BF51828E67D0004E3DF /* AFHTTPRequestOperation.m */,
				37B09BF61828E67D0004E3DF /* AFHTTPRequestOperationManager.h */,
				37B09BF71828E67D0004E3DF /* AFHTTPRequestOperationManager.m */,
				37B09BF81828E67D0004E3DF /* AFHTTPSessionManager.h */,
				37B09BF91828E67D0004E3DF /* AFHTTPSessionManager.m */,
				37B09BFA1828E67D0004E3DF /* AFNetworking.h */,
				37B09BFB1828E67D0004E3DF /* AFNetworkReachabilityManager.h */,
				37B09BFC1828E67D0004E3DF /* AFNetworkReachabilityManager.m */,
				37B09BFD1828E67D0004E3DF /* AFSecurityPolicy.h */,
				37B09BFE1828E67D0004E3DF /* AFSecurityPolicy.m */,
				37B09BFF1828E67D0004E3DF /* AFURLConnectionOperation.h */,
				37B09C001828E67D0004E3DF /* AFURLConnectionOperation.m */,
				37B09C011828E67D0004E3DF /* AFURLRequestSerialization.h */,
				37B09C021828E67D0004E3DF /* AFURLRequestSerialization.m */,
				37B09C031828E67D0004E3DF /* AFURLResponseSerialization.h */,
				37B09C041828E67D0004E3DF /* AFURLResponseSerialization.m */,
				37B09C051828E67D0004E3DF /* AFURLSessionManager.h */,
				37B09C061828E67D0004E3DF /* AFURLSessionManager.m */,
			);
			path = AFNetworking;
			sourceTree = "<group>";
		};
		37D5C97A180E805300216A31 /* ShopeliaSDK.embeddedframework */ = {
			isa = PBXGroup;
			children = (
				37D5C97B180E805300216A31 /* Resources */,
				37D5C97D180E805300216A31 /* ShopeliaSDK.framework */,
			);
			path = ShopeliaSDK.embeddedframework;
			sourceTree = "<group>";
		};
		37D5C97B180E805300216A31 /* Resources */ = {
			isa = PBXGroup;
			children = (
				37D5C97C180E805300216A31 /* ShopeliaSDKResources.bundle */,
			);
			path = Resources;
			sourceTree = "<group>";
		};
		37D5C980180E818B00216A31 /* ZBarSDK */ = {
			isa = PBXGroup;
			children = (
				37D5C981180E818B00216A31 /* Headers */,
				37D5C998180E818B00216A31 /* libzbar.a */,
				37D5C999180E818B00216A31 /* Resources */,
			);
			path = ZBarSDK;
			sourceTree = "<group>";
		};
		37D5C981180E818B00216A31 /* Headers */ = {
			isa = PBXGroup;
			children = (
				37D5C982180E818B00216A31 /* ZBarSDK */,
			);
			path = Headers;
			sourceTree = "<group>";
		};
		37D5C982180E818B00216A31 /* ZBarSDK */ = {
			isa = PBXGroup;
			children = (
				37D5C983180E818B00216A31 /* zbar */,
				37D5C98D180E818B00216A31 /* zbar.h */,
				37D5C98E180E818B00216A31 /* ZBarCameraSimulator.h */,
				37D5C98F180E818B00216A31 /* ZBarCaptureReader.h */,
				37D5C990180E818B00216A31 /* ZBarHelpController.h */,
				37D5C991180E818B00216A31 /* ZBarImage.h */,
				37D5C992180E818B00216A31 /* ZBarImageScanner.h */,
				37D5C993180E818B00216A31 /* ZBarReaderController.h */,
				37D5C994180E818B00216A31 /* ZBarReaderView.h */,
				37D5C995180E818B00216A31 /* ZBarReaderViewController.h */,
				37D5C996180E818B00216A31 /* ZBarSDK.h */,
				37D5C997180E818B00216A31 /* ZBarSymbol.h */,
			);
			path = ZBarSDK;
			sourceTree = "<group>";
		};
		37D5C983180E818B00216A31 /* zbar */ = {
			isa = PBXGroup;
			children = (
				37D5C984180E818B00216A31 /* Decoder.h */,
				37D5C985180E818B00216A31 /* Exception.h */,
				37D5C986180E818B00216A31 /* Image.h */,
				37D5C987180E818B00216A31 /* ImageScanner.h */,
				37D5C988180E818B00216A31 /* Processor.h */,
				37D5C989180E818B00216A31 /* Scanner.h */,
				37D5C98A180E818B00216A31 /* Symbol.h */,
				37D5C98B180E818B00216A31 /* Video.h */,
				37D5C98C180E818B00216A31 /* Window.h */,
			);
			path = zbar;
			sourceTree = "<group>";
		};
		37D5C999180E818B00216A31 /* Resources */ = {
			isa = PBXGroup;
			children = (
				37369F13182A43FB00202A79 /* zbar-back.png */,
				37369F14182A43FB00202A79 /* zbar-helpicons.png */,
				37369F15182A43FB00202A79 /* zbar-samples.png */,
				37D5C99B180E818B00216A31 /* zbar-help.html */,
			);
			path = Resources;
			sourceTree = "<group>";
		};
		37FEA95D181E77CC0004E85B /* HTTP Requests */ = {
			isa = PBXGroup;
			children = (
				373E2E9D181E877100C575B0 /* Client */,
				373E2E93181E804300C575B0 /* Errors */,
			);
			name = "HTTP Requests";
			sourceTree = "<group>";
		};
/* End PBXGroup section */

/* Begin PBXNativeTarget section */
		113DDE2A17DDFA9A0056E126 /* shopelia-ios */ = {
			isa = PBXNativeTarget;
			buildConfigurationList = 113DDE5D17DDFA9B0056E126 /* Build configuration list for PBXNativeTarget "shopelia-ios" */;
			buildPhases = (
				113DDE2717DDFA9A0056E126 /* Sources */,
				113DDE2817DDFA9A0056E126 /* Frameworks */,
				113DDE2917DDFA9A0056E126 /* Resources */,
			);
			buildRules = (
			);
			dependencies = (
			);
			name = "shopelia-ios";
			productName = "shopelia-ios";
			productReference = 113DDE2B17DDFA9A0056E126 /* shopelia-ios.app */;
			productType = "com.apple.product-type.application";
		};
		113DDE4B17DDFA9B0056E126 /* shopelia-iosTests */ = {
			isa = PBXNativeTarget;
			buildConfigurationList = 113DDE6017DDFA9B0056E126 /* Build configuration list for PBXNativeTarget "shopelia-iosTests" */;
			buildPhases = (
				113DDE4817DDFA9B0056E126 /* Sources */,
				113DDE4917DDFA9B0056E126 /* Frameworks */,
				113DDE4A17DDFA9B0056E126 /* Resources */,
			);
			buildRules = (
			);
			dependencies = (
				113DDE5217DDFA9B0056E126 /* PBXTargetDependency */,
			);
			name = "shopelia-iosTests";
			productName = "shopelia-iosTests";
			productReference = 113DDE4C17DDFA9B0056E126 /* shopelia-iosTests.xctest */;
			productType = "com.apple.product-type.bundle.unit-test";
		};
/* End PBXNativeTarget section */

/* Begin PBXProject section */
		113DDE2317DDFA9A0056E126 /* Project object */ = {
			isa = PBXProject;
			attributes = {
				CLASSPREFIX = SP;
				LastUpgradeCheck = 0500;
				ORGANIZATIONNAME = Shopelia;
				TargetAttributes = {
					113DDE2A17DDFA9A0056E126 = {
						DevelopmentTeam = X6LFS5BQKN;
					};
					113DDE4B17DDFA9B0056E126 = {
						TestTargetID = 113DDE2A17DDFA9A0056E126;
					};
				};
			};
			buildConfigurationList = 113DDE2617DDFA9A0056E126 /* Build configuration list for PBXProject "shopelia-ios" */;
			compatibilityVersion = "Xcode 3.2";
			developmentRegion = English;
			hasScannedForEncodings = 0;
			knownRegions = (
				en,
				Base,
				fr,
			);
			mainGroup = 113DDE2217DDFA9A0056E126;
			productRefGroup = 113DDE2C17DDFA9A0056E126 /* Products */;
			projectDirPath = "";
			projectRoot = "";
			targets = (
				113DDE2A17DDFA9A0056E126 /* shopelia-ios */,
				113DDE4B17DDFA9B0056E126 /* shopelia-iosTests */,
			);
		};
/* End PBXProject section */

/* Begin PBXResourcesBuildPhase section */
		113DDE2917DDFA9A0056E126 /* Resources */ = {
			isa = PBXResourcesBuildPhase;
			buildActionMask = 2147483647;
			files = (
				37369F16182A43FB00202A79 /* zbar-back.png in Resources */,
				37D5C9A0180E818B00216A31 /* zbar-help.html in Resources */,
				37369F18182A43FB00202A79 /* zbar-samples.png in Resources */,
				37369F1A182A44C600202A79 /* Images.xcassets in Resources */,
				37369F17182A43FB00202A79 /* zbar-helpicons.png in Resources */,
				37D5C97E180E805300216A31 /* ShopeliaSDKResources.bundle in Resources */,
				372C32FB180EEB18008928B7 /* release_notes.md in Resources */,
				37AEE4BA18229E9B009BC5FF /* SPWaitingMessageView.xib in Resources */,
				37E2244618196DD2001DD2A2 /* Localizable.strings in Resources */,
				372C32FA180EEB18008928B7 /* README.md in Resources */,
				37A83ACF181A9DDC0077B517 /* Storyboard.storyboard in Resources */,
				37FEA949181E6EEE0004E85B /* SPErrorMessageView.xib in Resources */,
			);
			runOnlyForDeploymentPostprocessing = 0;
		};
		113DDE4A17DDFA9B0056E126 /* Resources */ = {
			isa = PBXResourcesBuildPhase;
			buildActionMask = 2147483647;
			files = (
				113DDE5817DDFA9B0056E126 /* InfoPlist.strings in Resources */,
			);
			runOnlyForDeploymentPostprocessing = 0;
		};
/* End PBXResourcesBuildPhase section */

/* Begin PBXSourcesBuildPhase section */
		113DDE2717DDFA9A0056E126 /* Sources */ = {
			isa = PBXSourcesBuildPhase;
			buildActionMask = 2147483647;
			files = (
				37B09C071828E67D0004E3DF /* AFHTTPRequestOperation.m in Sources */,
				37FEA947181E6EB00004E85B /* SPErrorMessageView.m in Sources */,
				113DDE3F17DDFA9A0056E126 /* SPAppDelegate.m in Sources */,
				37AEE4B518229697009BC5FF /* SPInspirationalCollection.m in Sources */,
				378B9A41182792500031F2F4 /* SPCollectionViewCell.m in Sources */,
				373D53BB181ECE0A00337724 /* SPProductSearchInProgressCell.m in Sources */,
				37B09C0E1828E67D0004E3DF /* AFURLResponseSerialization.m in Sources */,
				113DDE3B17DDFA9A0056E126 /* main.m in Sources */,
				37AEE4AF1822784E009BC5FF /* SPInspirationalCollectionsViewController.m in Sources */,
				37A83AA8181A85710077B517 /* SPProductSearchViewController.m in Sources */,
				37B09C0C1828E67D0004E3DF /* AFURLConnectionOperation.m in Sources */,
				37B09C0F1828E67D0004E3DF /* AFURLSessionManager.m in Sources */,
				37AEE4C01822B964009BC5FF /* SPAPIFetchInspirationalCollectionsError.m in Sources */,
				37568852182144FE0018B57E /* SPCardImageView.m in Sources */,
				37568860182162100018B57E /* SPCardButton.m in Sources */,
				3756880E182108F90018B57E /* SPAlgoliaSearchResult.m in Sources */,
				3756884B18213CD40018B57E /* SPAlgoliaSearchBackgroundView.m in Sources */,
				37B09BF01828E6620004E3DF /* ASAPIClient.m in Sources */,
				374EB51518283C74000B4D55 /* SPShopeliaSpinnerView.m in Sources */,
				3756885D1821553A0018B57E /* SPAlgoliaNoResultsCell.m in Sources */,
				37AEE4BD1822B28D009BC5FF /* SPMessageView.m in Sources */,
				37B09BF21828E6620004E3DF /* ASRemoteIndex.m in Sources */,
				373E2E92181E7BE000C575B0 /* SPAPIClient+Tracker.m in Sources */,
				37B09BEF1828E6620004E3DF /* ASAPIClient+Network.m in Sources */,
				37E2243C181957AE001DD2A2 /* SPSearchBar.m in Sources */,
				37AD7763181FCB0000E1EE0D /* SPAlgoliaSearchCell.m in Sources */,
				37B09C0D1828E67D0004E3DF /* AFURLRequestSerialization.m in Sources */,
				37AD7760181FC76A00E1EE0D /* SPAlgoliaSearchViewController.m in Sources */,
				37B09C081828E67D0004E3DF /* AFHTTPRequestOperationManager.m in Sources */,
				378B9A571827DA5F0031F2F4 /* CHTCollectionViewWaterfallLayout.m in Sources */,
				373E2E96181E805900C575B0 /* SPAPIFetchProductWithBarCodeError.m in Sources */,
				37AEE4A91822768F009BC5FF /* SPAPIClient+InspirationalCollections.m in Sources */,
				37A83ADB181AA3010077B517 /* SPProductSearchCell.m in Sources */,
				378B9A44182792D90031F2F4 /* SPInspirationalCollectionProductCell.m in Sources */,
				37A83AD5181AA29E0077B517 /* SPTableViewCell.m in Sources */,
				374EB51818283C83000B4D55 /* SPShopeliaSpinnerLayer.m in Sources */,
				3705528F181928D300826EA0 /* SPBarcodeScanViewController.m in Sources */,
				37FEA960181E780C0004E85B /* SPAPIClient+BarcodeSearch.m in Sources */,
				373E2E9C181E821B00C575B0 /* SPAPIClient+Visitor.m in Sources */,
				37FEA954181E71910004E85B /* SPLargeImportantButton.m in Sources */,
				37AEE49F18225856009BC5FF /* SPContainerViewController.m in Sources */,
				37AD7766181FED3600E1EE0D /* SPAlgoliaAPIClient.m in Sources */,
				373E2EA6181EAD0B00C575B0 /* SPAPIFetchProductPricesError.m in Sources */,
				37B09C0A1828E67D0004E3DF /* AFNetworkReachabilityManager.m in Sources */,
				375333A3181FA732004BAB46 /* SPShopeliaManager.m in Sources */,
				373E2EA0181EAB5A00C575B0 /* SPAPIClient+ProductPrices.m in Sources */,
				37E2244918197028001DD2A2 /* SPBarcodeOverlayView.m in Sources */,
				37B09C091828E67D0004E3DF /* AFHTTPSessionManager.m in Sources */,
				378B9A511827C4F20031F2F4 /* SPFetchInspirationalCollectionProductsError.m in Sources */,
				37B09C0B1828E67D0004E3DF /* AFSecurityPolicy.m in Sources */,
				378B9A3E18278D530031F2F4 /* SPCollectionView.m in Sources */,
				37AEE4C31822C89D009BC5FF /* SPInspirationalCollectionProductsViewController.m in Sources */,
				37AEE4B818229E86009BC5FF /* SPWaitingMessageView.m in Sources */,
				376F2607182971DD003DE2E3 /* SPImageProcessor.m in Sources */,
				37AEE4B218227861009BC5FF /* SPInspirationalCollectionCell.m in Sources */,
				37B09BF11828E6620004E3DF /* ASQuery.m in Sources */,
				11C6E7E317E06F5600D66D96 /* UIColor+Shopelia.m in Sources */,
			);
			runOnlyForDeploymentPostprocessing = 0;
		};
		113DDE4817DDFA9B0056E126 /* Sources */ = {
			isa = PBXSourcesBuildPhase;
			buildActionMask = 2147483647;
			files = (
				113DDE5A17DDFA9B0056E126 /* shopelia_iosTests.m in Sources */,
			);
			runOnlyForDeploymentPostprocessing = 0;
		};
/* End PBXSourcesBuildPhase section */

/* Begin PBXTargetDependency section */
		113DDE5217DDFA9B0056E126 /* PBXTargetDependency */ = {
			isa = PBXTargetDependency;
			target = 113DDE2A17DDFA9A0056E126 /* shopelia-ios */;
			targetProxy = 113DDE5117DDFA9B0056E126 /* PBXContainerItemProxy */;
		};
/* End PBXTargetDependency section */

/* Begin PBXVariantGroup section */
		113DDE5617DDFA9B0056E126 /* InfoPlist.strings */ = {
			isa = PBXVariantGroup;
			children = (
				37E2243E181958E4001DD2A2 /* fr */,
			);
			name = InfoPlist.strings;
			sourceTree = "<group>";
		};
		37E2244418196DD2001DD2A2 /* Localizable.strings */ = {
			isa = PBXVariantGroup;
			children = (
				37E2244518196DD2001DD2A2 /* fr */,
			);
			name = Localizable.strings;
			sourceTree = "<group>";
		};
/* End PBXVariantGroup section */

/* Begin XCBuildConfiguration section */
		113DDE5B17DDFA9B0056E126 /* Debug */ = {
			isa = XCBuildConfiguration;
			buildSettings = {
				ALWAYS_SEARCH_USER_PATHS = NO;
				CLANG_CXX_LANGUAGE_STANDARD = "gnu++0x";
				CLANG_CXX_LIBRARY = "libc++";
				CLANG_ENABLE_MODULES = YES;
				CLANG_ENABLE_OBJC_ARC = YES;
				CLANG_WARN_BOOL_CONVERSION = YES;
				CLANG_WARN_CONSTANT_CONVERSION = YES;
				CLANG_WARN_DIRECT_OBJC_ISA_USAGE = YES_ERROR;
				CLANG_WARN_EMPTY_BODY = YES;
				CLANG_WARN_ENUM_CONVERSION = YES;
				CLANG_WARN_INT_CONVERSION = YES;
				CLANG_WARN_OBJC_ROOT_CLASS = YES_ERROR;
				CLANG_WARN__DUPLICATE_METHOD_MATCH = YES;
				COPY_PHASE_STRIP = NO;
				GCC_C_LANGUAGE_STANDARD = gnu99;
				GCC_DYNAMIC_NO_PIC = NO;
				GCC_OPTIMIZATION_LEVEL = 0;
				GCC_PREPROCESSOR_DEFINITIONS = (
					"DEBUG=1",
					"$(inherited)",
				);
				GCC_SYMBOLS_PRIVATE_EXTERN = NO;
				GCC_WARN_ABOUT_RETURN_TYPE = YES_ERROR;
				GCC_WARN_UNDECLARED_SELECTOR = YES;
				GCC_WARN_UNINITIALIZED_AUTOS = YES;
				GCC_WARN_UNUSED_FUNCTION = YES;
				GCC_WARN_UNUSED_VARIABLE = YES;
				IPHONEOS_DEPLOYMENT_TARGET = 6.0;
				ONLY_ACTIVE_ARCH = YES;
				SDKROOT = iphoneos;
				VALID_ARCHS = "armv7 armv7s";
			};
			name = Debug;
		};
		113DDE5C17DDFA9B0056E126 /* Release */ = {
			isa = XCBuildConfiguration;
			buildSettings = {
				ALWAYS_SEARCH_USER_PATHS = NO;
				CLANG_CXX_LANGUAGE_STANDARD = "gnu++0x";
				CLANG_CXX_LIBRARY = "libc++";
				CLANG_ENABLE_MODULES = YES;
				CLANG_ENABLE_OBJC_ARC = YES;
				CLANG_WARN_BOOL_CONVERSION = YES;
				CLANG_WARN_CONSTANT_CONVERSION = YES;
				CLANG_WARN_DIRECT_OBJC_ISA_USAGE = YES_ERROR;
				CLANG_WARN_EMPTY_BODY = YES;
				CLANG_WARN_ENUM_CONVERSION = YES;
				CLANG_WARN_INT_CONVERSION = YES;
				CLANG_WARN_OBJC_ROOT_CLASS = YES_ERROR;
				CLANG_WARN__DUPLICATE_METHOD_MATCH = YES;
				COPY_PHASE_STRIP = YES;
				ENABLE_NS_ASSERTIONS = NO;
				GCC_C_LANGUAGE_STANDARD = gnu99;
				GCC_WARN_ABOUT_RETURN_TYPE = YES_ERROR;
				GCC_WARN_UNDECLARED_SELECTOR = YES;
				GCC_WARN_UNINITIALIZED_AUTOS = YES;
				GCC_WARN_UNUSED_FUNCTION = YES;
				GCC_WARN_UNUSED_VARIABLE = YES;
				IPHONEOS_DEPLOYMENT_TARGET = 6.0;
				SDKROOT = iphoneos;
				VALIDATE_PRODUCT = YES;
				VALID_ARCHS = "armv7 armv7s";
			};
			name = Release;
		};
		113DDE5E17DDFA9B0056E126 /* Debug */ = {
			isa = XCBuildConfiguration;
			buildSettings = {
				ASSETCATALOG_COMPILER_APPICON_NAME = AppIcon;
				ASSETCATALOG_COMPILER_LAUNCHIMAGE_NAME = LaunchImage;
				CODE_SIGN_IDENTITY = "iPhone Developer: Nicolas Bigot (886TTS479K)";
				"CODE_SIGN_IDENTITY[sdk=iphoneos*]" = "iPhone Developer: Nicolas Bigot (886TTS479K)";
				FRAMEWORK_SEARCH_PATHS = (
					"$(inherited)",
					./ShopeliaSDK.embeddedframework,
					"${PROJECT_DIR}",
				);
				GCC_PRECOMPILE_PREFIX_HEADER = YES;
				GCC_PREFIX_HEADER = "shopelia-ios/shopelia-ios-Prefix.pch";
				INFOPLIST_FILE = "shopelia-ios/shopelia-ios-Info.plist";
				LIBRARY_SEARCH_PATHS = (
					"${inherited}",
					"${PROJECT_DIR}/ZBarSDK",
					"${PROJECT_DIR}/TestFlightSDK2.0.2",
				);
				OTHER_LDFLAGS = (
					"-ObjC",
					"-framework",
					CoreGraphics,
					"-framework",
					CoreText,
					"-framework",
					MobileCoreServices,
					"-framework",
					Security,
					"-framework",
					SystemConfiguration,
					"-all_load",
				);
				PRODUCT_NAME = "$(TARGET_NAME)";
				PROVISIONING_PROFILE = "366C4249-72AA-49CD-82DA-514D59C328CF";
				WRAPPER_EXTENSION = app;
			};
			name = Debug;
		};
		113DDE5F17DDFA9B0056E126 /* Release */ = {
			isa = XCBuildConfiguration;
			buildSettings = {
				ASSETCATALOG_COMPILER_APPICON_NAME = AppIcon;
				ASSETCATALOG_COMPILER_LAUNCHIMAGE_NAME = LaunchImage;
				CODE_SIGN_IDENTITY = "iPhone Distribution: Epic Dream SAS (X6LFS5BQKN)";
				"CODE_SIGN_IDENTITY[sdk=iphoneos*]" = "iPhone Distribution: Epic Dream SAS (X6LFS5BQKN)";
				FRAMEWORK_SEARCH_PATHS = (
					"$(inherited)",
					./ShopeliaSDK.embeddedframework,
					"${PROJECT_DIR}",
				);
				GCC_PRECOMPILE_PREFIX_HEADER = YES;
				GCC_PREFIX_HEADER = "shopelia-ios/shopelia-ios-Prefix.pch";
				INFOPLIST_FILE = "shopelia-ios/shopelia-ios-Info.plist";
				LIBRARY_SEARCH_PATHS = (
					"${inherited}",
					"${PROJECT_DIR}/ZBarSDK",
					"${PROJECT_DIR}/TestFlightSDK2.0.2",
				);
				OTHER_LDFLAGS = (
					"-ObjC",
					"-framework",
					CoreGraphics,
					"-framework",
					CoreText,
					"-framework",
					MobileCoreServices,
					"-framework",
					Security,
					"-framework",
					SystemConfiguration,
					"-all_load",
				);
				PRODUCT_NAME = "$(TARGET_NAME)";
				PROVISIONING_PROFILE = "B9A6EEFF-9F27-4A0C-927F-A9FC5F5DEF11";
				WRAPPER_EXTENSION = app;
			};
			name = Release;
		};
		113DDE6117DDFA9B0056E126 /* Debug */ = {
			isa = XCBuildConfiguration;
			buildSettings = {
				BUNDLE_LOADER = "$(BUILT_PRODUCTS_DIR)/shopelia-ios.app/shopelia-ios";
				FRAMEWORK_SEARCH_PATHS = (
					"$(SDKROOT)/Developer/Library/Frameworks",
					"$(inherited)",
					"$(DEVELOPER_FRAMEWORKS_DIR)",
				);
				GCC_PRECOMPILE_PREFIX_HEADER = YES;
				GCC_PREFIX_HEADER = "shopelia-ios/shopelia-ios-Prefix.pch";
				GCC_PREPROCESSOR_DEFINITIONS = (
					"DEBUG=1",
					"$(inherited)",
				);
				INFOPLIST_FILE = "shopelia-iosTests/shopelia-iosTests-Info.plist";
				PRODUCT_NAME = "$(TARGET_NAME)";
				TEST_HOST = "$(BUNDLE_LOADER)";
				WRAPPER_EXTENSION = xctest;
			};
			name = Debug;
		};
		113DDE6217DDFA9B0056E126 /* Release */ = {
			isa = XCBuildConfiguration;
			buildSettings = {
				BUNDLE_LOADER = "$(BUILT_PRODUCTS_DIR)/shopelia-ios.app/shopelia-ios";
				FRAMEWORK_SEARCH_PATHS = (
					"$(SDKROOT)/Developer/Library/Frameworks",
					"$(inherited)",
					"$(DEVELOPER_FRAMEWORKS_DIR)",
				);
				GCC_PRECOMPILE_PREFIX_HEADER = YES;
				GCC_PREFIX_HEADER = "shopelia-ios/shopelia-ios-Prefix.pch";
				INFOPLIST_FILE = "shopelia-iosTests/shopelia-iosTests-Info.plist";
				PRODUCT_NAME = "$(TARGET_NAME)";
				TEST_HOST = "$(BUNDLE_LOADER)";
				WRAPPER_EXTENSION = xctest;
			};
			name = Release;
		};
/* End XCBuildConfiguration section */

/* Begin XCConfigurationList section */
		113DDE2617DDFA9A0056E126 /* Build configuration list for PBXProject "shopelia-ios" */ = {
			isa = XCConfigurationList;
			buildConfigurations = (
				113DDE5B17DDFA9B0056E126 /* Debug */,
				113DDE5C17DDFA9B0056E126 /* Release */,
			);
			defaultConfigurationIsVisible = 0;
			defaultConfigurationName = Release;
		};
		113DDE5D17DDFA9B0056E126 /* Build configuration list for PBXNativeTarget "shopelia-ios" */ = {
			isa = XCConfigurationList;
			buildConfigurations = (
				113DDE5E17DDFA9B0056E126 /* Debug */,
				113DDE5F17DDFA9B0056E126 /* Release */,
			);
			defaultConfigurationIsVisible = 0;
			defaultConfigurationName = Release;
		};
		113DDE6017DDFA9B0056E126 /* Build configuration list for PBXNativeTarget "shopelia-iosTests" */ = {
			isa = XCConfigurationList;
			buildConfigurations = (
				113DDE6117DDFA9B0056E126 /* Debug */,
				113DDE6217DDFA9B0056E126 /* Release */,
			);
			defaultConfigurationIsVisible = 0;
			defaultConfigurationName = Release;
		};
/* End XCConfigurationList section */
	};
	rootObject = 113DDE2317DDFA9A0056E126 /* Project object */;
}
