<?xml version="1.0" encoding="UTF-8"?>
<!DOCTYPE plist PUBLIC "-//Apple//DTD PLIST 1.0//EN" "http://www.apple.com/DTDs/PropertyList-1.0.dtd">
<plist version="1.0">
<dict>
	<key>archiveVersion</key>
	<string>1</string>
	<key>classes</key>
	<dict/>
	<key>objectVersion</key>
	<string>46</string>
	<key>objects</key>
	<dict>
		<key>113DDE2217DDFA9A0056E126</key>
		<dict>
			<key>children</key>
			<array>
				<string>113DDE6517DDFE630056E126</string>
				<string>113DDE3417DDFA9A0056E126</string>
				<string>113DDE5317DDFA9B0056E126</string>
				<string>113DDE2D17DDFA9A0056E126</string>
				<string>113DDE2C17DDFA9A0056E126</string>
				<string>3B7A37F016854B728B7C63DE</string>
			</array>
			<key>isa</key>
			<string>PBXGroup</string>
			<key>sourceTree</key>
			<string>&lt;group&gt;</string>
		</dict>
		<key>113DDE2317DDFA9A0056E126</key>
		<dict>
			<key>attributes</key>
			<dict>
				<key>LastUpgradeCheck</key>
				<string>0500</string>
				<key>ORGANIZATIONNAME</key>
				<string>Amine bellakrid</string>
				<key>TargetAttributes</key>
				<dict>
					<key>113DDE4B17DDFA9B0056E126</key>
					<dict>
						<key>TestTargetID</key>
						<string>113DDE2A17DDFA9A0056E126</string>
					</dict>
				</dict>
			</dict>
			<key>buildConfigurationList</key>
			<string>113DDE2617DDFA9A0056E126</string>
			<key>compatibilityVersion</key>
			<string>Xcode 3.2</string>
			<key>developmentRegion</key>
			<string>English</string>
			<key>hasScannedForEncodings</key>
			<string>0</string>
			<key>isa</key>
			<string>PBXProject</string>
			<key>knownRegions</key>
			<array>
				<string>en</string>
				<string>Base</string>
			</array>
			<key>mainGroup</key>
			<string>113DDE2217DDFA9A0056E126</string>
			<key>productRefGroup</key>
			<string>113DDE2C17DDFA9A0056E126</string>
			<key>projectDirPath</key>
			<string></string>
			<key>projectReferences</key>
			<array/>
			<key>projectRoot</key>
			<string></string>
			<key>targets</key>
			<array>
				<string>113DDE2A17DDFA9A0056E126</string>
				<string>113DDE4B17DDFA9B0056E126</string>
			</array>
		</dict>
		<key>113DDE2617DDFA9A0056E126</key>
		<dict>
			<key>buildConfigurations</key>
			<array>
				<string>113DDE5B17DDFA9B0056E126</string>
				<string>113DDE5C17DDFA9B0056E126</string>
			</array>
			<key>defaultConfigurationIsVisible</key>
			<string>0</string>
			<key>defaultConfigurationName</key>
			<string>Release</string>
			<key>isa</key>
			<string>XCConfigurationList</string>
		</dict>
		<key>113DDE2717DDFA9A0056E126</key>
		<dict>
			<key>buildActionMask</key>
			<string>2147483647</string>
			<key>files</key>
			<array>
				<string>113DDE3F17DDFA9A0056E126</string>
				<string>113DDE3B17DDFA9A0056E126</string>
				<string>1163C5AF17DF5B6C0043E73D</string>
				<string>11C6E7EB17E07E8500D66D96</string>
				<string>1163C5A317DF1D070043E73D</string>
				<string>1163C5A017DF161F0043E73D</string>
				<string>116CD95517DE1B4600978733</string>
				<string>116CD95317DE1B4600978733</string>
				<string>116CD95417DE1B4600978733</string>
				<string>118433B317E1F01E00425AEB</string>
				<string>11C6E7E317E06F5600D66D96</string>
			</array>
			<key>isa</key>
			<string>PBXSourcesBuildPhase</string>
			<key>runOnlyForDeploymentPostprocessing</key>
			<string>0</string>
		</dict>
		<key>113DDE2817DDFA9A0056E126</key>
		<dict>
			<key>buildActionMask</key>
			<string>2147483647</string>
			<key>files</key>
			<array>
				<string>116CD92917DE030100978733</string>
				<string>116CD92A17DE030100978733</string>
				<string>116CD92B17DE030100978733</string>
				<string>116CD92C17DE030100978733</string>
				<string>116CD92D17DE030100978733</string>
				<string>113DDE3117DDFA9A0056E126</string>
				<string>113DDE3317DDFA9A0056E126</string>
				<string>113DDE8317DDFE630056E126</string>
				<string>113DDE2F17DDFA9A0056E126</string>
				<string>FD7AC85EDBB04402A658FDEF</string>
			</array>
			<key>isa</key>
			<string>PBXFrameworksBuildPhase</string>
			<key>runOnlyForDeploymentPostprocessing</key>
			<string>0</string>
		</dict>
		<key>113DDE2917DDFA9A0056E126</key>
		<dict>
			<key>buildActionMask</key>
			<string>2147483647</string>
			<key>files</key>
			<array>
				<string>118433B417E1F01E00425AEB</string>
				<string>113DDE4717DDFA9A0056E126</string>
				<string>11C6E7EF17E086AD00D66D96</string>
				<string>113DDE8517DDFE630056E126</string>
				<string>1163C5A717DF1F380043E73D</string>
				<string>113DDE8717DDFE630056E126</string>
				<string>11C6E7EE17E086AD00D66D96</string>
				<string>113DDE8617DDFE630056E126</string>
				<string>11C6E7E717E078BE00D66D96</string>
				<string>113DDE8417DDFE630056E126</string>
				<string>11C6E7E617E078BE00D66D96</string>
				<string>118433B117E1F01E00425AEB</string>
				<string>113DDE3917DDFA9A0056E126</string>
				<string>118433B217E1F01E00425AEB</string>
				<string>1163C5A617DF1F380043E73D</string>
			</array>
			<key>isa</key>
			<string>PBXResourcesBuildPhase</string>
			<key>runOnlyForDeploymentPostprocessing</key>
			<string>0</string>
		</dict>
		<key>113DDE2A17DDFA9A0056E126</key>
		<dict>
			<key>buildConfigurationList</key>
			<string>113DDE5D17DDFA9B0056E126</string>
			<key>buildPhases</key>
			<array>
				<string>9C308851A1984C689EEF03BD</string>
				<string>113DDE2717DDFA9A0056E126</string>
				<string>113DDE2817DDFA9A0056E126</string>
				<string>113DDE2917DDFA9A0056E126</string>
				<string>F586330180944B1AAC5D2537</string>
			</array>
			<key>buildRules</key>
			<array/>
			<key>dependencies</key>
			<array/>
			<key>isa</key>
			<string>PBXNativeTarget</string>
			<key>name</key>
			<string>shopelia-ios</string>
			<key>productName</key>
			<string>shopelia-ios</string>
			<key>productReference</key>
			<string>113DDE2B17DDFA9A0056E126</string>
			<key>productType</key>
			<string>com.apple.product-type.application</string>
		</dict>
		<key>113DDE2B17DDFA9A0056E126</key>
		<dict>
			<key>explicitFileType</key>
			<string>wrapper.application</string>
			<key>includeInIndex</key>
			<string>0</string>
			<key>isa</key>
			<string>PBXFileReference</string>
			<key>path</key>
			<string>shopelia-ios.app</string>
			<key>sourceTree</key>
			<string>BUILT_PRODUCTS_DIR</string>
		</dict>
		<key>113DDE2C17DDFA9A0056E126</key>
		<dict>
			<key>children</key>
			<array>
				<string>113DDE2B17DDFA9A0056E126</string>
				<string>113DDE4C17DDFA9B0056E126</string>
			</array>
			<key>isa</key>
			<string>PBXGroup</string>
			<key>name</key>
			<string>Products</string>
			<key>sourceTree</key>
			<string>&lt;group&gt;</string>
		</dict>
		<key>113DDE2D17DDFA9A0056E126</key>
		<dict>
			<key>children</key>
			<array>
				<string>116CD92417DE030000978733</string>
				<string>116CD92517DE030000978733</string>
				<string>116CD92617DE030000978733</string>
				<string>116CD92717DE030100978733</string>
				<string>116CD92817DE030100978733</string>
				<string>113DDE2E17DDFA9A0056E126</string>
				<string>113DDE3017DDFA9A0056E126</string>
				<string>113DDE3217DDFA9A0056E126</string>
				<string>113DDE4D17DDFA9B0056E126</string>
				<string>BE7EC3D152B545618C950648</string>
			</array>
			<key>isa</key>
			<string>PBXGroup</string>
			<key>name</key>
			<string>Frameworks</string>
			<key>sourceTree</key>
			<string>&lt;group&gt;</string>
		</dict>
		<key>113DDE2E17DDFA9A0056E126</key>
		<dict>
			<key>isa</key>
			<string>PBXFileReference</string>
			<key>lastKnownFileType</key>
			<string>wrapper.framework</string>
			<key>name</key>
			<string>Foundation.framework</string>
			<key>path</key>
			<string>System/Library/Frameworks/Foundation.framework</string>
			<key>sourceTree</key>
			<string>SDKROOT</string>
		</dict>
		<key>113DDE2F17DDFA9A0056E126</key>
		<dict>
			<key>fileRef</key>
			<string>113DDE2E17DDFA9A0056E126</string>
			<key>isa</key>
			<string>PBXBuildFile</string>
		</dict>
		<key>113DDE3017DDFA9A0056E126</key>
		<dict>
			<key>isa</key>
			<string>PBXFileReference</string>
			<key>lastKnownFileType</key>
			<string>wrapper.framework</string>
			<key>name</key>
			<string>CoreGraphics.framework</string>
			<key>path</key>
			<string>System/Library/Frameworks/CoreGraphics.framework</string>
			<key>sourceTree</key>
			<string>SDKROOT</string>
		</dict>
		<key>113DDE3117DDFA9A0056E126</key>
		<dict>
			<key>fileRef</key>
			<string>113DDE3017DDFA9A0056E126</string>
			<key>isa</key>
			<string>PBXBuildFile</string>
		</dict>
		<key>113DDE3217DDFA9A0056E126</key>
		<dict>
			<key>isa</key>
			<string>PBXFileReference</string>
			<key>lastKnownFileType</key>
			<string>wrapper.framework</string>
			<key>name</key>
			<string>UIKit.framework</string>
			<key>path</key>
			<string>System/Library/Frameworks/UIKit.framework</string>
			<key>sourceTree</key>
			<string>SDKROOT</string>
		</dict>
		<key>113DDE3317DDFA9A0056E126</key>
		<dict>
			<key>fileRef</key>
			<string>113DDE3217DDFA9A0056E126</string>
			<key>isa</key>
			<string>PBXBuildFile</string>
		</dict>
		<key>113DDE3417DDFA9A0056E126</key>
		<dict>
			<key>children</key>
			<array>
				<string>118433AE17E1F01E00425AEB</string>
				<string>118433AF17E1F01E00425AEB</string>
				<string>118433B017E1F01E00425AEB</string>
				<string>116CD95617DF085500978733</string>
				<string>116CD94C17DE1B2B00978733</string>
				<string>113DDE3D17DDFA9A0056E126</string>
				<string>113DDE3E17DDFA9A0056E126</string>
				<string>113DDE4617DDFA9A0056E126</string>
				<string>113DDE3517DDFA9A0056E126</string>
				<string>1163C59E17DF161F0043E73D</string>
				<string>1163C59F17DF161F0043E73D</string>
				<string>1163C5A117DF1D070043E73D</string>
				<string>1163C5A217DF1D070043E73D</string>
				<string>1163C5AD17DF5B6C0043E73D</string>
				<string>1163C5AE17DF5B6C0043E73D</string>
				<string>11C6E7E117E06F5600D66D96</string>
				<string>11C6E7E217E06F5600D66D96</string>
				<string>11C6E7E917E07E8500D66D96</string>
				<string>11C6E7EA17E07E8500D66D96</string>
			</array>
			<key>isa</key>
			<string>PBXGroup</string>
			<key>path</key>
			<string>shopelia-ios</string>
			<key>sourceTree</key>
			<string>&lt;group&gt;</string>
		</dict>
		<key>113DDE3517DDFA9A0056E126</key>
		<dict>
			<key>children</key>
			<array>
				<string>113DDE3617DDFA9A0056E126</string>
				<string>113DDE3717DDFA9A0056E126</string>
				<string>113DDE3A17DDFA9A0056E126</string>
				<string>113DDE3C17DDFA9A0056E126</string>
			</array>
			<key>isa</key>
			<string>PBXGroup</string>
			<key>name</key>
			<string>Supporting Files</string>
			<key>sourceTree</key>
			<string>&lt;group&gt;</string>
		</dict>
		<key>113DDE3617DDFA9A0056E126</key>
		<dict>
			<key>isa</key>
			<string>PBXFileReference</string>
			<key>lastKnownFileType</key>
			<string>text.plist.xml</string>
			<key>path</key>
			<string>shopelia-ios-Info.plist</string>
			<key>sourceTree</key>
			<string>&lt;group&gt;</string>
		</dict>
		<key>113DDE3717DDFA9A0056E126</key>
		<dict>
			<key>children</key>
			<array>
				<string>113DDE3817DDFA9A0056E126</string>
			</array>
			<key>isa</key>
			<string>PBXVariantGroup</string>
			<key>name</key>
			<string>InfoPlist.strings</string>
			<key>sourceTree</key>
			<string>&lt;group&gt;</string>
		</dict>
		<key>113DDE3817DDFA9A0056E126</key>
		<dict>
			<key>isa</key>
			<string>PBXFileReference</string>
			<key>lastKnownFileType</key>
			<string>text.plist.strings</string>
			<key>name</key>
			<string>en</string>
			<key>path</key>
			<string>en.lproj/InfoPlist.strings</string>
			<key>sourceTree</key>
			<string>&lt;group&gt;</string>
		</dict>
		<key>113DDE3917DDFA9A0056E126</key>
		<dict>
			<key>fileRef</key>
			<string>113DDE3717DDFA9A0056E126</string>
			<key>isa</key>
			<string>PBXBuildFile</string>
		</dict>
		<key>113DDE3A17DDFA9A0056E126</key>
		<dict>
			<key>isa</key>
			<string>PBXFileReference</string>
			<key>lastKnownFileType</key>
			<string>sourcecode.c.objc</string>
			<key>path</key>
			<string>main.m</string>
			<key>sourceTree</key>
			<string>&lt;group&gt;</string>
		</dict>
		<key>113DDE3B17DDFA9A0056E126</key>
		<dict>
			<key>fileRef</key>
			<string>113DDE3A17DDFA9A0056E126</string>
			<key>isa</key>
			<string>PBXBuildFile</string>
		</dict>
		<key>113DDE3C17DDFA9A0056E126</key>
		<dict>
			<key>isa</key>
			<string>PBXFileReference</string>
			<key>lastKnownFileType</key>
			<string>sourcecode.c.h</string>
			<key>path</key>
			<string>shopelia-ios-Prefix.pch</string>
			<key>sourceTree</key>
			<string>&lt;group&gt;</string>
		</dict>
		<key>113DDE3D17DDFA9A0056E126</key>
		<dict>
			<key>isa</key>
			<string>PBXFileReference</string>
			<key>lastKnownFileType</key>
			<string>sourcecode.c.h</string>
			<key>path</key>
			<string>AppDelegate.h</string>
			<key>sourceTree</key>
			<string>&lt;group&gt;</string>
		</dict>
		<key>113DDE3E17DDFA9A0056E126</key>
		<dict>
			<key>isa</key>
			<string>PBXFileReference</string>
			<key>lastKnownFileType</key>
			<string>sourcecode.c.objc</string>
			<key>path</key>
			<string>AppDelegate.m</string>
			<key>sourceTree</key>
			<string>&lt;group&gt;</string>
		</dict>
		<key>113DDE3F17DDFA9A0056E126</key>
		<dict>
			<key>fileRef</key>
			<string>113DDE3E17DDFA9A0056E126</string>
			<key>isa</key>
			<string>PBXBuildFile</string>
		</dict>
		<key>113DDE4617DDFA9A0056E126</key>
		<dict>
			<key>isa</key>
			<string>PBXFileReference</string>
			<key>lastKnownFileType</key>
			<string>folder.assetcatalog</string>
			<key>path</key>
			<string>Images.xcassets</string>
			<key>sourceTree</key>
			<string>&lt;group&gt;</string>
		</dict>
		<key>113DDE4717DDFA9A0056E126</key>
		<dict>
			<key>fileRef</key>
			<string>113DDE4617DDFA9A0056E126</string>
			<key>isa</key>
			<string>PBXBuildFile</string>
		</dict>
		<key>113DDE4817DDFA9B0056E126</key>
		<dict>
			<key>buildActionMask</key>
			<string>2147483647</string>
			<key>files</key>
			<array>
				<string>113DDE5A17DDFA9B0056E126</string>
			</array>
			<key>isa</key>
			<string>PBXSourcesBuildPhase</string>
			<key>runOnlyForDeploymentPostprocessing</key>
			<string>0</string>
		</dict>
		<key>113DDE4917DDFA9B0056E126</key>
		<dict>
			<key>buildActionMask</key>
			<string>2147483647</string>
			<key>files</key>
			<array>
				<string>113DDE4E17DDFA9B0056E126</string>
				<string>113DDE5017DDFA9B0056E126</string>
				<string>113DDE4F17DDFA9B0056E126</string>
			</array>
			<key>isa</key>
			<string>PBXFrameworksBuildPhase</string>
			<key>runOnlyForDeploymentPostprocessing</key>
			<string>0</string>
		</dict>
		<key>113DDE4A17DDFA9B0056E126</key>
		<dict>
			<key>buildActionMask</key>
			<string>2147483647</string>
			<key>files</key>
			<array>
				<string>113DDE5817DDFA9B0056E126</string>
			</array>
			<key>isa</key>
			<string>PBXResourcesBuildPhase</string>
			<key>runOnlyForDeploymentPostprocessing</key>
			<string>0</string>
		</dict>
		<key>113DDE4B17DDFA9B0056E126</key>
		<dict>
			<key>buildConfigurationList</key>
			<string>113DDE6017DDFA9B0056E126</string>
			<key>buildPhases</key>
			<array>
				<string>113DDE4817DDFA9B0056E126</string>
				<string>113DDE4917DDFA9B0056E126</string>
				<string>113DDE4A17DDFA9B0056E126</string>
			</array>
			<key>buildRules</key>
			<array/>
			<key>dependencies</key>
			<array>
				<string>113DDE5217DDFA9B0056E126</string>
			</array>
			<key>isa</key>
			<string>PBXNativeTarget</string>
			<key>name</key>
			<string>shopelia-iosTests</string>
			<key>productName</key>
			<string>shopelia-iosTests</string>
			<key>productReference</key>
			<string>113DDE4C17DDFA9B0056E126</string>
			<key>productType</key>
			<string>com.apple.product-type.bundle.unit-test</string>
		</dict>
		<key>113DDE4C17DDFA9B0056E126</key>
		<dict>
			<key>explicitFileType</key>
			<string>wrapper.cfbundle</string>
			<key>includeInIndex</key>
			<string>0</string>
			<key>isa</key>
			<string>PBXFileReference</string>
			<key>path</key>
			<string>shopelia-iosTests.xctest</string>
			<key>sourceTree</key>
			<string>BUILT_PRODUCTS_DIR</string>
		</dict>
		<key>113DDE4D17DDFA9B0056E126</key>
		<dict>
			<key>isa</key>
			<string>PBXFileReference</string>
			<key>lastKnownFileType</key>
			<string>wrapper.framework</string>
			<key>name</key>
			<string>XCTest.framework</string>
			<key>path</key>
			<string>Library/Frameworks/XCTest.framework</string>
			<key>sourceTree</key>
			<string>DEVELOPER_DIR</string>
		</dict>
		<key>113DDE4E17DDFA9B0056E126</key>
		<dict>
			<key>fileRef</key>
			<string>113DDE4D17DDFA9B0056E126</string>
			<key>isa</key>
			<string>PBXBuildFile</string>
		</dict>
		<key>113DDE4F17DDFA9B0056E126</key>
		<dict>
			<key>fileRef</key>
			<string>113DDE2E17DDFA9A0056E126</string>
			<key>isa</key>
			<string>PBXBuildFile</string>
		</dict>
		<key>113DDE5017DDFA9B0056E126</key>
		<dict>
			<key>fileRef</key>
			<string>113DDE3217DDFA9A0056E126</string>
			<key>isa</key>
			<string>PBXBuildFile</string>
		</dict>
		<key>113DDE5117DDFA9B0056E126</key>
		<dict>
			<key>containerPortal</key>
			<string>113DDE2317DDFA9A0056E126</string>
			<key>isa</key>
			<string>PBXContainerItemProxy</string>
			<key>proxyType</key>
			<string>1</string>
			<key>remoteGlobalIDString</key>
			<string>113DDE2A17DDFA9A0056E126</string>
			<key>remoteInfo</key>
			<string>shopelia-ios</string>
		</dict>
		<key>113DDE5217DDFA9B0056E126</key>
		<dict>
			<key>isa</key>
			<string>PBXTargetDependency</string>
			<key>target</key>
			<string>113DDE2A17DDFA9A0056E126</string>
			<key>targetProxy</key>
			<string>113DDE5117DDFA9B0056E126</string>
		</dict>
		<key>113DDE5317DDFA9B0056E126</key>
		<dict>
			<key>children</key>
			<array>
				<string>113DDE5917DDFA9B0056E126</string>
				<string>113DDE5417DDFA9B0056E126</string>
			</array>
			<key>isa</key>
			<string>PBXGroup</string>
			<key>path</key>
			<string>shopelia-iosTests</string>
			<key>sourceTree</key>
			<string>&lt;group&gt;</string>
		</dict>
		<key>113DDE5417DDFA9B0056E126</key>
		<dict>
			<key>children</key>
			<array>
				<string>113DDE5517DDFA9B0056E126</string>
				<string>113DDE5617DDFA9B0056E126</string>
			</array>
			<key>isa</key>
			<string>PBXGroup</string>
			<key>name</key>
			<string>Supporting Files</string>
			<key>sourceTree</key>
			<string>&lt;group&gt;</string>
		</dict>
		<key>113DDE5517DDFA9B0056E126</key>
		<dict>
			<key>isa</key>
			<string>PBXFileReference</string>
			<key>lastKnownFileType</key>
			<string>text.plist.xml</string>
			<key>path</key>
			<string>shopelia-iosTests-Info.plist</string>
			<key>sourceTree</key>
			<string>&lt;group&gt;</string>
		</dict>
		<key>113DDE5617DDFA9B0056E126</key>
		<dict>
			<key>children</key>
			<array>
				<string>113DDE5717DDFA9B0056E126</string>
			</array>
			<key>isa</key>
			<string>PBXVariantGroup</string>
			<key>name</key>
			<string>InfoPlist.strings</string>
			<key>sourceTree</key>
			<string>&lt;group&gt;</string>
		</dict>
		<key>113DDE5717DDFA9B0056E126</key>
		<dict>
			<key>isa</key>
			<string>PBXFileReference</string>
			<key>lastKnownFileType</key>
			<string>text.plist.strings</string>
			<key>name</key>
			<string>en</string>
			<key>path</key>
			<string>en.lproj/InfoPlist.strings</string>
			<key>sourceTree</key>
			<string>&lt;group&gt;</string>
		</dict>
		<key>113DDE5817DDFA9B0056E126</key>
		<dict>
			<key>fileRef</key>
			<string>113DDE5617DDFA9B0056E126</string>
			<key>isa</key>
			<string>PBXBuildFile</string>
		</dict>
		<key>113DDE5917DDFA9B0056E126</key>
		<dict>
			<key>isa</key>
			<string>PBXFileReference</string>
			<key>lastKnownFileType</key>
			<string>sourcecode.c.objc</string>
			<key>path</key>
			<string>shopelia_iosTests.m</string>
			<key>sourceTree</key>
			<string>&lt;group&gt;</string>
		</dict>
		<key>113DDE5A17DDFA9B0056E126</key>
		<dict>
			<key>fileRef</key>
			<string>113DDE5917DDFA9B0056E126</string>
			<key>isa</key>
			<string>PBXBuildFile</string>
		</dict>
		<key>113DDE5B17DDFA9B0056E126</key>
		<dict>
			<key>buildSettings</key>
			<dict>
				<key>ALWAYS_SEARCH_USER_PATHS</key>
				<string>NO</string>
				<key>CLANG_CXX_LANGUAGE_STANDARD</key>
				<string>gnu++0x</string>
				<key>CLANG_CXX_LIBRARY</key>
				<string>libc++</string>
				<key>CLANG_ENABLE_MODULES</key>
				<string>YES</string>
				<key>CLANG_ENABLE_OBJC_ARC</key>
				<string>YES</string>
				<key>CLANG_WARN_BOOL_CONVERSION</key>
				<string>YES</string>
				<key>CLANG_WARN_CONSTANT_CONVERSION</key>
				<string>YES</string>
				<key>CLANG_WARN_DIRECT_OBJC_ISA_USAGE</key>
				<string>YES_ERROR</string>
				<key>CLANG_WARN_EMPTY_BODY</key>
				<string>YES</string>
				<key>CLANG_WARN_ENUM_CONVERSION</key>
				<string>YES</string>
				<key>CLANG_WARN_INT_CONVERSION</key>
				<string>YES</string>
				<key>CLANG_WARN_OBJC_ROOT_CLASS</key>
				<string>YES_ERROR</string>
				<key>CLANG_WARN__DUPLICATE_METHOD_MATCH</key>
				<string>YES</string>
				<key>CODE_SIGN_IDENTITY[sdk=iphoneos*]</key>
				<string>iPhone Developer</string>
				<key>COPY_PHASE_STRIP</key>
				<string>NO</string>
				<key>GCC_C_LANGUAGE_STANDARD</key>
				<string>gnu99</string>
				<key>GCC_DYNAMIC_NO_PIC</key>
				<string>NO</string>
				<key>GCC_OPTIMIZATION_LEVEL</key>
				<string>0</string>
				<key>GCC_PREPROCESSOR_DEFINITIONS</key>
				<array>
					<string>DEBUG=1</string>
					<string>$(inherited)</string>
				</array>
				<key>GCC_SYMBOLS_PRIVATE_EXTERN</key>
				<string>NO</string>
				<key>GCC_WARN_ABOUT_RETURN_TYPE</key>
				<string>YES_ERROR</string>
				<key>GCC_WARN_UNDECLARED_SELECTOR</key>
				<string>YES</string>
				<key>GCC_WARN_UNINITIALIZED_AUTOS</key>
				<string>YES</string>
				<key>GCC_WARN_UNUSED_FUNCTION</key>
				<string>YES</string>
				<key>GCC_WARN_UNUSED_VARIABLE</key>
				<string>YES</string>
				<key>IPHONEOS_DEPLOYMENT_TARGET</key>
				<string>7.0</string>
				<key>ONLY_ACTIVE_ARCH</key>
				<string>YES</string>
				<key>SDKROOT</key>
				<string>iphoneos</string>
			</dict>
			<key>isa</key>
			<string>XCBuildConfiguration</string>
			<key>name</key>
			<string>Debug</string>
		</dict>
		<key>113DDE5C17DDFA9B0056E126</key>
		<dict>
			<key>buildSettings</key>
			<dict>
				<key>ALWAYS_SEARCH_USER_PATHS</key>
				<string>NO</string>
				<key>CLANG_CXX_LANGUAGE_STANDARD</key>
				<string>gnu++0x</string>
				<key>CLANG_CXX_LIBRARY</key>
				<string>libc++</string>
				<key>CLANG_ENABLE_MODULES</key>
				<string>YES</string>
				<key>CLANG_ENABLE_OBJC_ARC</key>
				<string>YES</string>
				<key>CLANG_WARN_BOOL_CONVERSION</key>
				<string>YES</string>
				<key>CLANG_WARN_CONSTANT_CONVERSION</key>
				<string>YES</string>
				<key>CLANG_WARN_DIRECT_OBJC_ISA_USAGE</key>
				<string>YES_ERROR</string>
				<key>CLANG_WARN_EMPTY_BODY</key>
				<string>YES</string>
				<key>CLANG_WARN_ENUM_CONVERSION</key>
				<string>YES</string>
				<key>CLANG_WARN_INT_CONVERSION</key>
				<string>YES</string>
				<key>CLANG_WARN_OBJC_ROOT_CLASS</key>
				<string>YES_ERROR</string>
				<key>CLANG_WARN__DUPLICATE_METHOD_MATCH</key>
				<string>YES</string>
				<key>CODE_SIGN_IDENTITY[sdk=iphoneos*]</key>
				<string>iPhone Developer</string>
				<key>COPY_PHASE_STRIP</key>
				<string>YES</string>
				<key>ENABLE_NS_ASSERTIONS</key>
				<string>NO</string>
				<key>GCC_C_LANGUAGE_STANDARD</key>
				<string>gnu99</string>
				<key>GCC_WARN_ABOUT_RETURN_TYPE</key>
				<string>YES_ERROR</string>
				<key>GCC_WARN_UNDECLARED_SELECTOR</key>
				<string>YES</string>
				<key>GCC_WARN_UNINITIALIZED_AUTOS</key>
				<string>YES</string>
				<key>GCC_WARN_UNUSED_FUNCTION</key>
				<string>YES</string>
				<key>GCC_WARN_UNUSED_VARIABLE</key>
				<string>YES</string>
				<key>IPHONEOS_DEPLOYMENT_TARGET</key>
				<string>7.0</string>
				<key>SDKROOT</key>
				<string>iphoneos</string>
				<key>VALIDATE_PRODUCT</key>
				<string>YES</string>
			</dict>
			<key>isa</key>
			<string>XCBuildConfiguration</string>
			<key>name</key>
			<string>Release</string>
		</dict>
		<key>113DDE5D17DDFA9B0056E126</key>
		<dict>
			<key>buildConfigurations</key>
			<array>
				<string>113DDE5E17DDFA9B0056E126</string>
				<string>113DDE5F17DDFA9B0056E126</string>
			</array>
			<key>defaultConfigurationIsVisible</key>
			<string>0</string>
			<key>defaultConfigurationName</key>
			<string>Release</string>
			<key>isa</key>
			<string>XCConfigurationList</string>
		</dict>
		<key>113DDE5E17DDFA9B0056E126</key>
		<dict>
			<key>baseConfigurationReference</key>
			<string>3B7A37F016854B728B7C63DE</string>
			<key>buildSettings</key>
			<dict>
				<key>ASSETCATALOG_COMPILER_APPICON_NAME</key>
				<string>AppIcon</string>
				<key>ASSETCATALOG_COMPILER_LAUNCHIMAGE_NAME</key>
				<string>LaunchImage</string>
				<key>CODE_SIGN_IDENTITY[sdk=iphoneos*]</key>
				<string>iPhone Developer: Jean-Charles Samuelian (BNELGWXT42)</string>
				<key>GCC_PRECOMPILE_PREFIX_HEADER</key>
				<string>YES</string>
				<key>GCC_PREFIX_HEADER</key>
				<string>shopelia-ios/shopelia-ios-Prefix.pch</string>
				<key>INFOPLIST_FILE</key>
				<string>shopelia-ios/shopelia-ios-Info.plist</string>
				<key>IPHONEOS_DEPLOYMENT_TARGET</key>
				<string>6.0</string>
				<key>LIBRARY_SEARCH_PATHS</key>
				<array>
					<string>$(inherited)</string>
					<string>/Users/aminebellakrid/Documents/Geek/shopelia-ios/ZBarSDK</string>
				</array>
				<key>PRODUCT_NAME</key>
				<string>$(TARGET_NAME)</string>
				<key>PROVISIONING_PROFILE</key>
				<string>811533E2-09FE-46BC-830D-C621B0726B4A</string>
				<key>WRAPPER_EXTENSION</key>
				<string>app</string>
			</dict>
			<key>isa</key>
			<string>XCBuildConfiguration</string>
			<key>name</key>
			<string>Debug</string>
		</dict>
		<key>113DDE5F17DDFA9B0056E126</key>
		<dict>
			<key>baseConfigurationReference</key>
			<string>3B7A37F016854B728B7C63DE</string>
			<key>buildSettings</key>
			<dict>
				<key>ASSETCATALOG_COMPILER_APPICON_NAME</key>
				<string>AppIcon</string>
				<key>ASSETCATALOG_COMPILER_LAUNCHIMAGE_NAME</key>
				<string>LaunchImage</string>
				<key>CODE_SIGN_IDENTITY[sdk=iphoneos*]</key>
				<string>iPhone Developer: Jean-Charles Samuelian (BNELGWXT42)</string>
				<key>GCC_PRECOMPILE_PREFIX_HEADER</key>
				<string>YES</string>
				<key>GCC_PREFIX_HEADER</key>
				<string>shopelia-ios/shopelia-ios-Prefix.pch</string>
				<key>INFOPLIST_FILE</key>
				<string>shopelia-ios/shopelia-ios-Info.plist</string>
				<key>IPHONEOS_DEPLOYMENT_TARGET</key>
				<string>6.0</string>
				<key>LIBRARY_SEARCH_PATHS</key>
				<array>
					<string>$(inherited)</string>
					<string>/Users/aminebellakrid/Documents/Geek/shopelia-ios/ZBarSDK</string>
				</array>
				<key>PRODUCT_NAME</key>
				<string>$(TARGET_NAME)</string>
				<key>PROVISIONING_PROFILE</key>
				<string>811533E2-09FE-46BC-830D-C621B0726B4A</string>
				<key>WRAPPER_EXTENSION</key>
				<string>app</string>
			</dict>
			<key>isa</key>
			<string>XCBuildConfiguration</string>
			<key>name</key>
			<string>Release</string>
		</dict>
		<key>113DDE6017DDFA9B0056E126</key>
		<dict>
			<key>buildConfigurations</key>
			<array>
				<string>113DDE6117DDFA9B0056E126</string>
				<string>113DDE6217DDFA9B0056E126</string>
			</array>
			<key>defaultConfigurationIsVisible</key>
			<string>0</string>
			<key>defaultConfigurationName</key>
			<string>Release</string>
			<key>isa</key>
			<string>XCConfigurationList</string>
		</dict>
		<key>113DDE6117DDFA9B0056E126</key>
		<dict>
			<key>buildSettings</key>
			<dict>
				<key>BUNDLE_LOADER</key>
				<string>$(BUILT_PRODUCTS_DIR)/shopelia-ios.app/shopelia-ios</string>
				<key>FRAMEWORK_SEARCH_PATHS</key>
				<array>
					<string>$(SDKROOT)/Developer/Library/Frameworks</string>
					<string>$(inherited)</string>
					<string>$(DEVELOPER_FRAMEWORKS_DIR)</string>
				</array>
				<key>GCC_PRECOMPILE_PREFIX_HEADER</key>
				<string>YES</string>
				<key>GCC_PREFIX_HEADER</key>
				<string>shopelia-ios/shopelia-ios-Prefix.pch</string>
				<key>GCC_PREPROCESSOR_DEFINITIONS</key>
				<array>
					<string>DEBUG=1</string>
					<string>$(inherited)</string>
				</array>
				<key>INFOPLIST_FILE</key>
				<string>shopelia-iosTests/shopelia-iosTests-Info.plist</string>
				<key>PRODUCT_NAME</key>
				<string>$(TARGET_NAME)</string>
				<key>TEST_HOST</key>
				<string>$(BUNDLE_LOADER)</string>
				<key>WRAPPER_EXTENSION</key>
				<string>xctest</string>
			</dict>
			<key>isa</key>
			<string>XCBuildConfiguration</string>
			<key>name</key>
			<string>Debug</string>
		</dict>
		<key>113DDE6217DDFA9B0056E126</key>
		<dict>
			<key>buildSettings</key>
			<dict>
				<key>BUNDLE_LOADER</key>
				<string>$(BUILT_PRODUCTS_DIR)/shopelia-ios.app/shopelia-ios</string>
				<key>FRAMEWORK_SEARCH_PATHS</key>
				<array>
					<string>$(SDKROOT)/Developer/Library/Frameworks</string>
					<string>$(inherited)</string>
					<string>$(DEVELOPER_FRAMEWORKS_DIR)</string>
				</array>
				<key>GCC_PRECOMPILE_PREFIX_HEADER</key>
				<string>YES</string>
				<key>GCC_PREFIX_HEADER</key>
				<string>shopelia-ios/shopelia-ios-Prefix.pch</string>
				<key>INFOPLIST_FILE</key>
				<string>shopelia-iosTests/shopelia-iosTests-Info.plist</string>
				<key>PRODUCT_NAME</key>
				<string>$(TARGET_NAME)</string>
				<key>TEST_HOST</key>
				<string>$(BUNDLE_LOADER)</string>
				<key>WRAPPER_EXTENSION</key>
				<string>xctest</string>
			</dict>
			<key>isa</key>
			<string>XCBuildConfiguration</string>
			<key>name</key>
			<string>Release</string>
		</dict>
		<key>113DDE6517DDFE630056E126</key>
		<dict>
			<key>children</key>
			<array>
				<string>113DDE6617DDFE630056E126</string>
				<string>113DDE7D17DDFE630056E126</string>
				<string>113DDE7E17DDFE630056E126</string>
			</array>
			<key>isa</key>
			<string>PBXGroup</string>
			<key>path</key>
			<string>ZBarSDK</string>
			<key>sourceTree</key>
			<string>&lt;group&gt;</string>
		</dict>
		<key>113DDE6617DDFE630056E126</key>
		<dict>
			<key>children</key>
			<array>
				<string>113DDE6717DDFE630056E126</string>
			</array>
			<key>isa</key>
			<string>PBXGroup</string>
			<key>path</key>
			<string>Headers</string>
			<key>sourceTree</key>
			<string>&lt;group&gt;</string>
		</dict>
		<key>113DDE6717DDFE630056E126</key>
		<dict>
			<key>children</key>
			<array>
				<string>113DDE6817DDFE630056E126</string>
				<string>113DDE7217DDFE630056E126</string>
				<string>113DDE7317DDFE630056E126</string>
				<string>113DDE7417DDFE630056E126</string>
				<string>113DDE7517DDFE630056E126</string>
				<string>113DDE7617DDFE630056E126</string>
				<string>113DDE7717DDFE630056E126</string>
				<string>113DDE7817DDFE630056E126</string>
				<string>113DDE7917DDFE630056E126</string>
				<string>113DDE7A17DDFE630056E126</string>
				<string>113DDE7B17DDFE630056E126</string>
				<string>113DDE7C17DDFE630056E126</string>
			</array>
			<key>isa</key>
			<string>PBXGroup</string>
			<key>path</key>
			<string>ZBarSDK</string>
			<key>sourceTree</key>
			<string>&lt;group&gt;</string>
		</dict>
		<key>113DDE6817DDFE630056E126</key>
		<dict>
			<key>children</key>
			<array>
				<string>113DDE6917DDFE630056E126</string>
				<string>113DDE6A17DDFE630056E126</string>
				<string>113DDE6B17DDFE630056E126</string>
				<string>113DDE6C17DDFE630056E126</string>
				<string>113DDE6D17DDFE630056E126</string>
				<string>113DDE6E17DDFE630056E126</string>
				<string>113DDE6F17DDFE630056E126</string>
				<string>113DDE7017DDFE630056E126</string>
				<string>113DDE7117DDFE630056E126</string>
			</array>
			<key>isa</key>
			<string>PBXGroup</string>
			<key>path</key>
			<string>zbar</string>
			<key>sourceTree</key>
			<string>&lt;group&gt;</string>
		</dict>
		<key>113DDE6917DDFE630056E126</key>
		<dict>
			<key>fileEncoding</key>
			<string>4</string>
			<key>isa</key>
			<string>PBXFileReference</string>
			<key>lastKnownFileType</key>
			<string>sourcecode.c.h</string>
			<key>path</key>
			<string>Decoder.h</string>
			<key>sourceTree</key>
			<string>&lt;group&gt;</string>
		</dict>
		<key>113DDE6A17DDFE630056E126</key>
		<dict>
			<key>fileEncoding</key>
			<string>4</string>
			<key>isa</key>
			<string>PBXFileReference</string>
			<key>lastKnownFileType</key>
			<string>sourcecode.c.h</string>
			<key>path</key>
			<string>Exception.h</string>
			<key>sourceTree</key>
			<string>&lt;group&gt;</string>
		</dict>
		<key>113DDE6B17DDFE630056E126</key>
		<dict>
			<key>fileEncoding</key>
			<string>4</string>
			<key>isa</key>
			<string>PBXFileReference</string>
			<key>lastKnownFileType</key>
			<string>sourcecode.c.h</string>
			<key>path</key>
			<string>Image.h</string>
			<key>sourceTree</key>
			<string>&lt;group&gt;</string>
		</dict>
		<key>113DDE6C17DDFE630056E126</key>
		<dict>
			<key>fileEncoding</key>
			<string>4</string>
			<key>isa</key>
			<string>PBXFileReference</string>
			<key>lastKnownFileType</key>
			<string>sourcecode.c.h</string>
			<key>path</key>
			<string>ImageScanner.h</string>
			<key>sourceTree</key>
			<string>&lt;group&gt;</string>
		</dict>
		<key>113DDE6D17DDFE630056E126</key>
		<dict>
			<key>fileEncoding</key>
			<string>4</string>
			<key>isa</key>
			<string>PBXFileReference</string>
			<key>lastKnownFileType</key>
			<string>sourcecode.c.h</string>
			<key>path</key>
			<string>Processor.h</string>
			<key>sourceTree</key>
			<string>&lt;group&gt;</string>
		</dict>
		<key>113DDE6E17DDFE630056E126</key>
		<dict>
			<key>fileEncoding</key>
			<string>4</string>
			<key>isa</key>
			<string>PBXFileReference</string>
			<key>lastKnownFileType</key>
			<string>sourcecode.c.h</string>
			<key>path</key>
			<string>Scanner.h</string>
			<key>sourceTree</key>
			<string>&lt;group&gt;</string>
		</dict>
		<key>113DDE6F17DDFE630056E126</key>
		<dict>
			<key>fileEncoding</key>
			<string>4</string>
			<key>isa</key>
			<string>PBXFileReference</string>
			<key>lastKnownFileType</key>
			<string>sourcecode.c.h</string>
			<key>path</key>
			<string>Symbol.h</string>
			<key>sourceTree</key>
			<string>&lt;group&gt;</string>
		</dict>
		<key>113DDE7017DDFE630056E126</key>
		<dict>
			<key>fileEncoding</key>
			<string>4</string>
			<key>isa</key>
			<string>PBXFileReference</string>
			<key>lastKnownFileType</key>
			<string>sourcecode.c.h</string>
			<key>path</key>
			<string>Video.h</string>
			<key>sourceTree</key>
			<string>&lt;group&gt;</string>
		</dict>
		<key>113DDE7117DDFE630056E126</key>
		<dict>
			<key>fileEncoding</key>
			<string>4</string>
			<key>isa</key>
			<string>PBXFileReference</string>
			<key>lastKnownFileType</key>
			<string>sourcecode.c.h</string>
			<key>path</key>
			<string>Window.h</string>
			<key>sourceTree</key>
			<string>&lt;group&gt;</string>
		</dict>
		<key>113DDE7217DDFE630056E126</key>
		<dict>
			<key>fileEncoding</key>
			<string>4</string>
			<key>isa</key>
			<string>PBXFileReference</string>
			<key>lastKnownFileType</key>
			<string>sourcecode.c.h</string>
			<key>path</key>
			<string>zbar.h</string>
			<key>sourceTree</key>
			<string>&lt;group&gt;</string>
		</dict>
		<key>113DDE7317DDFE630056E126</key>
		<dict>
			<key>fileEncoding</key>
			<string>4</string>
			<key>isa</key>
			<string>PBXFileReference</string>
			<key>lastKnownFileType</key>
			<string>sourcecode.c.h</string>
			<key>path</key>
			<string>ZBarCameraSimulator.h</string>
			<key>sourceTree</key>
			<string>&lt;group&gt;</string>
		</dict>
		<key>113DDE7417DDFE630056E126</key>
		<dict>
			<key>fileEncoding</key>
			<string>4</string>
			<key>isa</key>
			<string>PBXFileReference</string>
			<key>lastKnownFileType</key>
			<string>sourcecode.c.h</string>
			<key>path</key>
			<string>ZBarCaptureReader.h</string>
			<key>sourceTree</key>
			<string>&lt;group&gt;</string>
		</dict>
		<key>113DDE7517DDFE630056E126</key>
		<dict>
			<key>fileEncoding</key>
			<string>4</string>
			<key>isa</key>
			<string>PBXFileReference</string>
			<key>lastKnownFileType</key>
			<string>sourcecode.c.h</string>
			<key>path</key>
			<string>ZBarHelpController.h</string>
			<key>sourceTree</key>
			<string>&lt;group&gt;</string>
		</dict>
		<key>113DDE7617DDFE630056E126</key>
		<dict>
			<key>fileEncoding</key>
			<string>4</string>
			<key>isa</key>
			<string>PBXFileReference</string>
			<key>lastKnownFileType</key>
			<string>sourcecode.c.h</string>
			<key>path</key>
			<string>ZBarImage.h</string>
			<key>sourceTree</key>
			<string>&lt;group&gt;</string>
		</dict>
		<key>113DDE7717DDFE630056E126</key>
		<dict>
			<key>fileEncoding</key>
			<string>4</string>
			<key>isa</key>
			<string>PBXFileReference</string>
			<key>lastKnownFileType</key>
			<string>sourcecode.c.h</string>
			<key>path</key>
			<string>ZBarImageScanner.h</string>
			<key>sourceTree</key>
			<string>&lt;group&gt;</string>
		</dict>
		<key>113DDE7817DDFE630056E126</key>
		<dict>
			<key>fileEncoding</key>
			<string>4</string>
			<key>isa</key>
			<string>PBXFileReference</string>
			<key>lastKnownFileType</key>
			<string>sourcecode.c.h</string>
			<key>path</key>
			<string>ZBarReaderController.h</string>
			<key>sourceTree</key>
			<string>&lt;group&gt;</string>
		</dict>
		<key>113DDE7917DDFE630056E126</key>
		<dict>
			<key>fileEncoding</key>
			<string>4</string>
			<key>isa</key>
			<string>PBXFileReference</string>
			<key>lastKnownFileType</key>
			<string>sourcecode.c.h</string>
			<key>path</key>
			<string>ZBarReaderView.h</string>
			<key>sourceTree</key>
			<string>&lt;group&gt;</string>
		</dict>
		<key>113DDE7A17DDFE630056E126</key>
		<dict>
			<key>fileEncoding</key>
			<string>4</string>
			<key>isa</key>
			<string>PBXFileReference</string>
			<key>lastKnownFileType</key>
			<string>sourcecode.c.h</string>
			<key>path</key>
			<string>ZBarReaderViewController.h</string>
			<key>sourceTree</key>
			<string>&lt;group&gt;</string>
		</dict>
		<key>113DDE7B17DDFE630056E126</key>
		<dict>
			<key>fileEncoding</key>
			<string>4</string>
			<key>isa</key>
			<string>PBXFileReference</string>
			<key>lastKnownFileType</key>
			<string>sourcecode.c.h</string>
			<key>path</key>
			<string>ZBarSDK.h</string>
			<key>sourceTree</key>
			<string>&lt;group&gt;</string>
		</dict>
		<key>113DDE7C17DDFE630056E126</key>
		<dict>
			<key>fileEncoding</key>
			<string>4</string>
			<key>isa</key>
			<string>PBXFileReference</string>
			<key>lastKnownFileType</key>
			<string>sourcecode.c.h</string>
			<key>path</key>
			<string>ZBarSymbol.h</string>
			<key>sourceTree</key>
			<string>&lt;group&gt;</string>
		</dict>
		<key>113DDE7D17DDFE630056E126</key>
		<dict>
			<key>isa</key>
			<string>PBXFileReference</string>
			<key>lastKnownFileType</key>
			<string>archive.ar</string>
			<key>path</key>
			<string>libzbar.a</string>
			<key>sourceTree</key>
			<string>&lt;group&gt;</string>
		</dict>
		<key>113DDE7E17DDFE630056E126</key>
		<dict>
			<key>children</key>
			<array>
				<string>113DDE7F17DDFE630056E126</string>
				<string>113DDE8017DDFE630056E126</string>
				<string>113DDE8117DDFE630056E126</string>
				<string>113DDE8217DDFE630056E126</string>
			</array>
			<key>isa</key>
			<string>PBXGroup</string>
			<key>path</key>
			<string>Resources</string>
			<key>sourceTree</key>
			<string>&lt;group&gt;</string>
		</dict>
		<key>113DDE7F17DDFE630056E126</key>
		<dict>
			<key>isa</key>
			<string>PBXFileReference</string>
			<key>lastKnownFileType</key>
			<string>image.png</string>
			<key>path</key>
			<string>zbar-back.png</string>
			<key>sourceTree</key>
			<string>&lt;group&gt;</string>
		</dict>
		<key>113DDE8017DDFE630056E126</key>
		<dict>
			<key>fileEncoding</key>
			<string>4</string>
			<key>isa</key>
			<string>PBXFileReference</string>
			<key>lastKnownFileType</key>
			<string>text.html</string>
			<key>path</key>
			<string>zbar-help.html</string>
			<key>sourceTree</key>
			<string>&lt;group&gt;</string>
		</dict>
		<key>113DDE8117DDFE630056E126</key>
		<dict>
			<key>isa</key>
			<string>PBXFileReference</string>
			<key>lastKnownFileType</key>
			<string>image.png</string>
			<key>path</key>
			<string>zbar-helpicons.png</string>
			<key>sourceTree</key>
			<string>&lt;group&gt;</string>
		</dict>
		<key>113DDE8217DDFE630056E126</key>
		<dict>
			<key>isa</key>
			<string>PBXFileReference</string>
			<key>lastKnownFileType</key>
			<string>image.png</string>
			<key>path</key>
			<string>zbar-samples.png</string>
			<key>sourceTree</key>
			<string>&lt;group&gt;</string>
		</dict>
		<key>113DDE8317DDFE630056E126</key>
		<dict>
			<key>fileRef</key>
			<string>113DDE7D17DDFE630056E126</string>
			<key>isa</key>
			<string>PBXBuildFile</string>
		</dict>
		<key>113DDE8417DDFE630056E126</key>
		<dict>
			<key>fileRef</key>
			<string>113DDE7F17DDFE630056E126</string>
			<key>isa</key>
			<string>PBXBuildFile</string>
		</dict>
		<key>113DDE8517DDFE630056E126</key>
		<dict>
			<key>fileRef</key>
			<string>113DDE8017DDFE630056E126</string>
			<key>isa</key>
			<string>PBXBuildFile</string>
		</dict>
		<key>113DDE8617DDFE630056E126</key>
		<dict>
			<key>fileRef</key>
			<string>113DDE8117DDFE630056E126</string>
			<key>isa</key>
			<string>PBXBuildFile</string>
		</dict>
		<key>113DDE8717DDFE630056E126</key>
		<dict>
			<key>fileRef</key>
			<string>113DDE8217DDFE630056E126</string>
			<key>isa</key>
			<string>PBXBuildFile</string>
		</dict>
		<key>1163C59E17DF161F0043E73D</key>
		<dict>
			<key>fileEncoding</key>
			<string>4</string>
			<key>isa</key>
			<string>PBXFileReference</string>
			<key>lastKnownFileType</key>
			<string>sourcecode.c.h</string>
			<key>path</key>
			<string>SPZBarReaderViewController.h</string>
			<key>sourceTree</key>
			<string>&lt;group&gt;</string>
		</dict>
		<key>1163C59F17DF161F0043E73D</key>
		<dict>
			<key>fileEncoding</key>
			<string>4</string>
			<key>isa</key>
			<string>PBXFileReference</string>
			<key>lastKnownFileType</key>
			<string>sourcecode.c.objc</string>
			<key>path</key>
			<string>SPZBarReaderViewController.m</string>
			<key>sourceTree</key>
			<string>&lt;group&gt;</string>
		</dict>
		<key>1163C5A017DF161F0043E73D</key>
		<dict>
			<key>fileRef</key>
			<string>1163C59F17DF161F0043E73D</string>
			<key>isa</key>
			<string>PBXBuildFile</string>
		</dict>
		<key>1163C5A117DF1D070043E73D</key>
		<dict>
			<key>fileEncoding</key>
			<string>4</string>
			<key>isa</key>
			<string>PBXFileReference</string>
			<key>lastKnownFileType</key>
			<string>sourcecode.c.h</string>
			<key>path</key>
			<string>SPNavigationController.h</string>
			<key>sourceTree</key>
			<string>&lt;group&gt;</string>
		</dict>
		<key>1163C5A217DF1D070043E73D</key>
		<dict>
			<key>fileEncoding</key>
			<string>4</string>
			<key>isa</key>
			<string>PBXFileReference</string>
			<key>lastKnownFileType</key>
			<string>sourcecode.c.objc</string>
			<key>path</key>
			<string>SPNavigationController.m</string>
			<key>sourceTree</key>
			<string>&lt;group&gt;</string>
		</dict>
		<key>1163C5A317DF1D070043E73D</key>
		<dict>
			<key>fileRef</key>
			<string>1163C5A217DF1D070043E73D</string>
			<key>isa</key>
			<string>PBXBuildFile</string>
		</dict>
		<key>1163C5A417DF1F380043E73D</key>
		<dict>
			<key>isa</key>
			<string>PBXFileReference</string>
			<key>lastKnownFileType</key>
			<string>image.png</string>
			<key>path</key>
			<string>navbar.png</string>
			<key>sourceTree</key>
			<string>&lt;group&gt;</string>
		</dict>
		<key>1163C5A517DF1F380043E73D</key>
		<dict>
			<key>isa</key>
			<string>PBXFileReference</string>
			<key>lastKnownFileType</key>
			<string>image.png</string>
			<key>path</key>
			<string>navbar@2x.png</string>
			<key>sourceTree</key>
			<string>&lt;group&gt;</string>
		</dict>
		<key>1163C5A617DF1F380043E73D</key>
		<dict>
			<key>fileRef</key>
			<string>1163C5A417DF1F380043E73D</string>
			<key>isa</key>
			<string>PBXBuildFile</string>
		</dict>
		<key>1163C5A717DF1F380043E73D</key>
		<dict>
			<key>fileRef</key>
			<string>1163C5A517DF1F380043E73D</string>
			<key>isa</key>
			<string>PBXBuildFile</string>
		</dict>
		<key>1163C5AD17DF5B6C0043E73D</key>
		<dict>
			<key>fileEncoding</key>
			<string>4</string>
			<key>isa</key>
			<string>PBXFileReference</string>
			<key>lastKnownFileType</key>
			<string>sourcecode.c.h</string>
			<key>path</key>
			<string>overlayView.h</string>
			<key>sourceTree</key>
			<string>&lt;group&gt;</string>
		</dict>
		<key>1163C5AE17DF5B6C0043E73D</key>
		<dict>
			<key>fileEncoding</key>
			<string>4</string>
			<key>isa</key>
			<string>PBXFileReference</string>
			<key>lastKnownFileType</key>
			<string>sourcecode.c.objc</string>
			<key>path</key>
			<string>overlayView.m</string>
			<key>sourceTree</key>
			<string>&lt;group&gt;</string>
		</dict>
		<key>1163C5AF17DF5B6C0043E73D</key>
		<dict>
			<key>fileRef</key>
			<string>1163C5AE17DF5B6C0043E73D</string>
			<key>isa</key>
			<string>PBXBuildFile</string>
		</dict>
		<key>116CD92417DE030000978733</key>
		<dict>
			<key>isa</key>
			<string>PBXFileReference</string>
			<key>lastKnownFileType</key>
			<string>wrapper.framework</string>
			<key>name</key>
			<string>AVFoundation.framework</string>
			<key>path</key>
			<string>System/Library/Frameworks/AVFoundation.framework</string>
			<key>sourceTree</key>
			<string>SDKROOT</string>
		</dict>
		<key>116CD92517DE030000978733</key>
		<dict>
			<key>isa</key>
			<string>PBXFileReference</string>
			<key>lastKnownFileType</key>
			<string>wrapper.framework</string>
			<key>name</key>
			<string>CoreMedia.framework</string>
			<key>path</key>
			<string>System/Library/Frameworks/CoreMedia.framework</string>
			<key>sourceTree</key>
			<string>SDKROOT</string>
		</dict>
		<key>116CD92617DE030000978733</key>
		<dict>
			<key>isa</key>
			<string>PBXFileReference</string>
			<key>lastKnownFileType</key>
			<string>wrapper.framework</string>
			<key>name</key>
			<string>CoreVideo.framework</string>
			<key>path</key>
			<string>System/Library/Frameworks/CoreVideo.framework</string>
			<key>sourceTree</key>
			<string>SDKROOT</string>
		</dict>
		<key>116CD92717DE030100978733</key>
		<dict>
			<key>isa</key>
			<string>PBXFileReference</string>
			<key>lastKnownFileType</key>
			<string>compiled.mach-o.dylib</string>
			<key>name</key>
			<string>libiconv.dylib</string>
			<key>path</key>
			<string>usr/lib/libiconv.dylib</string>
			<key>sourceTree</key>
			<string>SDKROOT</string>
		</dict>
		<key>116CD92817DE030100978733</key>
		<dict>
			<key>isa</key>
			<string>PBXFileReference</string>
			<key>lastKnownFileType</key>
			<string>wrapper.framework</string>
			<key>name</key>
			<string>QuartzCore.framework</string>
			<key>path</key>
			<string>System/Library/Frameworks/QuartzCore.framework</string>
			<key>sourceTree</key>
			<string>SDKROOT</string>
		</dict>
		<key>116CD92917DE030100978733</key>
		<dict>
			<key>fileRef</key>
			<string>116CD92417DE030000978733</string>
			<key>isa</key>
			<string>PBXBuildFile</string>
		</dict>
		<key>116CD92A17DE030100978733</key>
		<dict>
			<key>fileRef</key>
			<string>116CD92517DE030000978733</string>
			<key>isa</key>
			<string>PBXBuildFile</string>
		</dict>
		<key>116CD92B17DE030100978733</key>
		<dict>
			<key>fileRef</key>
			<string>116CD92617DE030000978733</string>
			<key>isa</key>
			<string>PBXBuildFile</string>
		</dict>
		<key>116CD92C17DE030100978733</key>
		<dict>
			<key>fileRef</key>
			<string>116CD92717DE030100978733</string>
			<key>isa</key>
			<string>PBXBuildFile</string>
		</dict>
		<key>116CD92D17DE030100978733</key>
		<dict>
			<key>fileRef</key>
			<string>116CD92817DE030100978733</string>
			<key>isa</key>
			<string>PBXBuildFile</string>
		</dict>
		<key>116CD94C17DE1B2B00978733</key>
		<dict>
			<key>children</key>
			<array>
				<string>116CD94D17DE1B4600978733</string>
				<string>116CD94E17DE1B4600978733</string>
				<string>116CD94F17DE1B4600978733</string>
				<string>116CD95017DE1B4600978733</string>
				<string>116CD95117DE1B4600978733</string>
				<string>116CD95217DE1B4600978733</string>
			</array>
			<key>isa</key>
			<string>PBXGroup</string>
			<key>name</key>
			<string>SPHTTP</string>
			<key>sourceTree</key>
			<string>&lt;group&gt;</string>
		</dict>
		<key>116CD94D17DE1B4600978733</key>
		<dict>
			<key>fileEncoding</key>
			<string>4</string>
			<key>isa</key>
			<string>PBXFileReference</string>
			<key>lastKnownFileType</key>
			<string>sourcecode.c.h</string>
			<key>path</key>
			<string>SPHTTPClient.h</string>
			<key>sourceTree</key>
			<string>&lt;group&gt;</string>
		</dict>
		<key>116CD94E17DE1B4600978733</key>
		<dict>
			<key>fileEncoding</key>
			<string>4</string>
			<key>isa</key>
			<string>PBXFileReference</string>
			<key>lastKnownFileType</key>
			<string>sourcecode.c.objc</string>
			<key>path</key>
			<string>SPHTTPClient.m</string>
			<key>sourceTree</key>
			<string>&lt;group&gt;</string>
		</dict>
		<key>116CD94F17DE1B4600978733</key>
		<dict>
			<key>fileEncoding</key>
			<string>4</string>
			<key>isa</key>
			<string>PBXFileReference</string>
			<key>lastKnownFileType</key>
			<string>sourcecode.c.h</string>
			<key>path</key>
			<string>SPHTTPRequest.h</string>
			<key>sourceTree</key>
			<string>&lt;group&gt;</string>
		</dict>
		<key>116CD95017DE1B4600978733</key>
		<dict>
			<key>fileEncoding</key>
			<string>4</string>
			<key>isa</key>
			<string>PBXFileReference</string>
			<key>lastKnownFileType</key>
			<string>sourcecode.c.objc</string>
			<key>path</key>
			<string>SPHTTPRequest.m</string>
			<key>sourceTree</key>
			<string>&lt;group&gt;</string>
		</dict>
		<key>116CD95117DE1B4600978733</key>
		<dict>
			<key>fileEncoding</key>
			<string>4</string>
			<key>isa</key>
			<string>PBXFileReference</string>
			<key>lastKnownFileType</key>
			<string>sourcecode.c.h</string>
			<key>path</key>
			<string>SPHTTPResponse.h</string>
			<key>sourceTree</key>
			<string>&lt;group&gt;</string>
		</dict>
		<key>116CD95217DE1B4600978733</key>
		<dict>
			<key>fileEncoding</key>
			<string>4</string>
			<key>isa</key>
			<string>PBXFileReference</string>
			<key>lastKnownFileType</key>
			<string>sourcecode.c.objc</string>
			<key>path</key>
			<string>SPHTTPResponse.m</string>
			<key>sourceTree</key>
			<string>&lt;group&gt;</string>
		</dict>
		<key>116CD95317DE1B4600978733</key>
		<dict>
			<key>fileRef</key>
			<string>116CD94E17DE1B4600978733</string>
			<key>isa</key>
			<string>PBXBuildFile</string>
		</dict>
		<key>116CD95417DE1B4600978733</key>
		<dict>
			<key>fileRef</key>
			<string>116CD95017DE1B4600978733</string>
			<key>isa</key>
			<string>PBXBuildFile</string>
		</dict>
		<key>116CD95517DE1B4600978733</key>
		<dict>
			<key>fileRef</key>
			<string>116CD95217DE1B4600978733</string>
			<key>isa</key>
			<string>PBXBuildFile</string>
		</dict>
		<key>116CD95617DF085500978733</key>
		<dict>
			<key>children</key>
			<array>
				<string>118433AC17E1F01E00425AEB</string>
				<string>118433AD17E1F01E00425AEB</string>
				<string>11C6E7EC17E086AD00D66D96</string>
				<string>11C6E7ED17E086AD00D66D96</string>
				<string>11C6E7E417E078BE00D66D96</string>
				<string>11C6E7E517E078BE00D66D96</string>
				<string>1163C5A417DF1F380043E73D</string>
				<string>1163C5A517DF1F380043E73D</string>
			</array>
			<key>isa</key>
			<string>PBXGroup</string>
			<key>name</key>
			<string>ShopeliaResources</string>
			<key>sourceTree</key>
			<string>&lt;group&gt;</string>
		</dict>
		<key>118433AC17E1F01E00425AEB</key>
		<dict>
			<key>isa</key>
			<string>PBXFileReference</string>
			<key>lastKnownFileType</key>
			<string>image.png</string>
			<key>path</key>
			<string>green-button.png</string>
			<key>sourceTree</key>
			<string>&lt;group&gt;</string>
		</dict>
		<key>118433AD17E1F01E00425AEB</key>
		<dict>
			<key>isa</key>
			<string>PBXFileReference</string>
			<key>lastKnownFileType</key>
			<string>image.png</string>
			<key>path</key>
			<string>green-button@2x.png</string>
			<key>sourceTree</key>
			<string>&lt;group&gt;</string>
		</dict>
		<key>118433AE17E1F01E00425AEB</key>
		<dict>
			<key>fileEncoding</key>
			<string>4</string>
			<key>isa</key>
			<string>PBXFileReference</string>
			<key>lastKnownFileType</key>
			<string>sourcecode.c.h</string>
			<key>path</key>
			<string>productViewController.h</string>
			<key>sourceTree</key>
			<string>&lt;group&gt;</string>
		</dict>
		<key>118433AF17E1F01E00425AEB</key>
		<dict>
			<key>fileEncoding</key>
			<string>4</string>
			<key>isa</key>
			<string>PBXFileReference</string>
			<key>lastKnownFileType</key>
			<string>sourcecode.c.objc</string>
			<key>path</key>
			<string>productViewController.m</string>
			<key>sourceTree</key>
			<string>&lt;group&gt;</string>
		</dict>
		<key>118433B017E1F01E00425AEB</key>
		<dict>
			<key>fileEncoding</key>
			<string>4</string>
			<key>isa</key>
			<string>PBXFileReference</string>
			<key>lastKnownFileType</key>
			<string>file.xib</string>
			<key>path</key>
			<string>productViewController.xib</string>
			<key>sourceTree</key>
			<string>&lt;group&gt;</string>
		</dict>
		<key>118433B117E1F01E00425AEB</key>
		<dict>
			<key>fileRef</key>
			<string>118433AC17E1F01E00425AEB</string>
			<key>isa</key>
			<string>PBXBuildFile</string>
		</dict>
		<key>118433B217E1F01E00425AEB</key>
		<dict>
			<key>fileRef</key>
			<string>118433AD17E1F01E00425AEB</string>
			<key>isa</key>
			<string>PBXBuildFile</string>
		</dict>
		<key>118433B317E1F01E00425AEB</key>
		<dict>
			<key>fileRef</key>
			<string>118433AF17E1F01E00425AEB</string>
			<key>isa</key>
			<string>PBXBuildFile</string>
		</dict>
		<key>118433B417E1F01E00425AEB</key>
		<dict>
			<key>fileRef</key>
			<string>118433B017E1F01E00425AEB</string>
			<key>isa</key>
			<string>PBXBuildFile</string>
		</dict>
		<key>11C6E7E117E06F5600D66D96</key>
		<dict>
			<key>fileEncoding</key>
			<string>4</string>
			<key>isa</key>
			<string>PBXFileReference</string>
			<key>lastKnownFileType</key>
			<string>sourcecode.c.h</string>
			<key>path</key>
			<string>UIColor+Shopelia.h</string>
			<key>sourceTree</key>
			<string>&lt;group&gt;</string>
		</dict>
		<key>11C6E7E217E06F5600D66D96</key>
		<dict>
			<key>fileEncoding</key>
			<string>4</string>
			<key>isa</key>
			<string>PBXFileReference</string>
			<key>lastKnownFileType</key>
			<string>sourcecode.c.objc</string>
			<key>path</key>
			<string>UIColor+Shopelia.m</string>
			<key>sourceTree</key>
			<string>&lt;group&gt;</string>
		</dict>
		<key>11C6E7E317E06F5600D66D96</key>
		<dict>
			<key>fileRef</key>
			<string>11C6E7E217E06F5600D66D96</string>
			<key>isa</key>
			<string>PBXBuildFile</string>
		</dict>
		<key>11C6E7E417E078BE00D66D96</key>
		<dict>
			<key>isa</key>
			<string>PBXFileReference</string>
			<key>lastKnownFileType</key>
			<string>image.png</string>
			<key>path</key>
			<string>logo-word.png</string>
			<key>sourceTree</key>
			<string>&lt;group&gt;</string>
		</dict>
		<key>11C6E7E517E078BE00D66D96</key>
		<dict>
			<key>isa</key>
			<string>PBXFileReference</string>
			<key>lastKnownFileType</key>
			<string>image.png</string>
			<key>path</key>
			<string>logo-word@2x.png</string>
			<key>sourceTree</key>
			<string>&lt;group&gt;</string>
		</dict>
		<key>11C6E7E617E078BE00D66D96</key>
		<dict>
			<key>fileRef</key>
			<string>11C6E7E417E078BE00D66D96</string>
			<key>isa</key>
			<string>PBXBuildFile</string>
		</dict>
		<key>11C6E7E717E078BE00D66D96</key>
		<dict>
			<key>fileRef</key>
			<string>11C6E7E517E078BE00D66D96</string>
			<key>isa</key>
			<string>PBXBuildFile</string>
		</dict>
		<key>11C6E7E917E07E8500D66D96</key>
		<dict>
			<key>fileEncoding</key>
			<string>4</string>
			<key>isa</key>
			<string>PBXFileReference</string>
			<key>lastKnownFileType</key>
			<string>sourcecode.c.h</string>
			<key>path</key>
			<string>UIView+Shopelia.h</string>
			<key>sourceTree</key>
			<string>&lt;group&gt;</string>
		</dict>
		<key>11C6E7EA17E07E8500D66D96</key>
		<dict>
			<key>fileEncoding</key>
			<string>4</string>
			<key>isa</key>
			<string>PBXFileReference</string>
			<key>lastKnownFileType</key>
			<string>sourcecode.c.objc</string>
			<key>path</key>
			<string>UIView+Shopelia.m</string>
			<key>sourceTree</key>
			<string>&lt;group&gt;</string>
		</dict>
		<key>11C6E7EB17E07E8500D66D96</key>
		<dict>
			<key>fileRef</key>
			<string>11C6E7EA17E07E8500D66D96</string>
			<key>isa</key>
			<string>PBXBuildFile</string>
		</dict>
		<key>11C6E7EC17E086AD00D66D96</key>
		<dict>
			<key>isa</key>
			<string>PBXFileReference</string>
			<key>lastKnownFileType</key>
			<string>image.png</string>
			<key>path</key>
			<string>bar-code.png</string>
			<key>sourceTree</key>
			<string>&lt;group&gt;</string>
		</dict>
		<key>11C6E7ED17E086AD00D66D96</key>
		<dict>
			<key>isa</key>
			<string>PBXFileReference</string>
			<key>lastKnownFileType</key>
			<string>image.png</string>
			<key>path</key>
			<string>bar-code@2x.png</string>
			<key>sourceTree</key>
			<string>&lt;group&gt;</string>
		</dict>
		<key>11C6E7EE17E086AD00D66D96</key>
		<dict>
			<key>fileRef</key>
			<string>11C6E7EC17E086AD00D66D96</string>
			<key>isa</key>
			<string>PBXBuildFile</string>
		</dict>
		<key>11C6E7EF17E086AD00D66D96</key>
		<dict>
			<key>fileRef</key>
			<string>11C6E7ED17E086AD00D66D96</string>
			<key>isa</key>
			<string>PBXBuildFile</string>
		</dict>
		<key>3B7A37F016854B728B7C63DE</key>
		<dict>
			<key>includeInIndex</key>
			<string>1</string>
			<key>isa</key>
			<string>PBXFileReference</string>
			<key>lastKnownFileType</key>
			<string>text.xcconfig</string>
			<key>name</key>
			<string>Pods.xcconfig</string>
			<key>path</key>
			<string>Pods/Pods.xcconfig</string>
			<key>sourceTree</key>
			<string>&lt;group&gt;</string>
		</dict>
		<key>9C308851A1984C689EEF03BD</key>
		<dict>
			<key>buildActionMask</key>
			<string>2147483647</string>
			<key>files</key>
			<array/>
			<key>inputPaths</key>
			<array/>
			<key>isa</key>
			<string>PBXShellScriptBuildPhase</string>
			<key>name</key>
			<string>Check Pods Manifest.lock</string>
			<key>outputPaths</key>
			<array/>
			<key>runOnlyForDeploymentPostprocessing</key>
			<string>0</string>
			<key>shellPath</key>
			<string>/bin/sh</string>
			<key>shellScript</key>
			<string>diff "${PODS_ROOT}/../Podfile.lock" "${PODS_ROOT}/Manifest.lock" &gt; /dev/null
if [[ $? != 0 ]] ; then
    cat &lt;&lt; EOM
error: The sandbox is not in sync with the Podfile.lock. Run 'pod install' or update your CocoaPods installation.
EOM
    exit 1
fi
</string>
			<key>showEnvVarsInLog</key>
			<string>0</string>
		</dict>
		<key>BE7EC3D152B545618C950648</key>
		<dict>
			<key>explicitFileType</key>
			<string>archive.ar</string>
			<key>includeInIndex</key>
			<string>0</string>
			<key>isa</key>
			<string>PBXFileReference</string>
			<key>path</key>
			<string>libPods.a</string>
			<key>sourceTree</key>
			<string>BUILT_PRODUCTS_DIR</string>
		</dict>
		<key>F586330180944B1AAC5D2537</key>
		<dict>
			<key>buildActionMask</key>
			<string>2147483647</string>
			<key>files</key>
			<array/>
			<key>inputPaths</key>
			<array/>
			<key>isa</key>
			<string>PBXShellScriptBuildPhase</string>
			<key>name</key>
			<string>Copy Pods Resources</string>
			<key>outputPaths</key>
			<array/>
			<key>runOnlyForDeploymentPostprocessing</key>
			<string>0</string>
			<key>shellPath</key>
			<string>/bin/sh</string>
			<key>shellScript</key>
			<string>"${SRCROOT}/Pods/Pods-resources.sh"
</string>
			<key>showEnvVarsInLog</key>
			<string>0</string>
		</dict>
		<key>FD7AC85EDBB04402A658FDEF</key>
		<dict>
			<key>fileRef</key>
			<string>BE7EC3D152B545618C950648</string>
			<key>isa</key>
			<string>PBXBuildFile</string>
		</dict>
	</dict>
	<key>rootObject</key>
	<string>113DDE2317DDFA9A0056E126</string>
</dict>
</plist>
