// !$*UTF8*$!
{
	archiveVersion = 1;
	classes = {
	};
	objectVersion = 46;
	objects = {

/* Begin PBXBuildFile section */
		110B54DD17E6F9D000DF1C3A /* SPHTTPPoller.m in Sources */ = {isa = PBXBuildFile; fileRef = 110B54DC17E6F9D000DF1C3A /* SPHTTPPoller.m */; };
		110B54E017E7406E00DF1C3A /* SPImageView.m in Sources */ = {isa = PBXBuildFile; fileRef = 110B54DF17E7406E00DF1C3A /* SPImageView.m */; };
		110B54E317E740F700DF1C3A /* SPThreadFactory.m in Sources */ = {isa = PBXBuildFile; fileRef = 110B54E217E740F700DF1C3A /* SPThreadFactory.m */; };
		110B54E617E7533900DF1C3A /* backgroundView.m in Sources */ = {isa = PBXBuildFile; fileRef = 110B54E517E7533900DF1C3A /* backgroundView.m */; };
		113DDE2F17DDFA9A0056E126 /* Foundation.framework in Frameworks */ = {isa = PBXBuildFile; fileRef = 113DDE2E17DDFA9A0056E126 /* Foundation.framework */; };
		113DDE3117DDFA9A0056E126 /* CoreGraphics.framework in Frameworks */ = {isa = PBXBuildFile; fileRef = 113DDE3017DDFA9A0056E126 /* CoreGraphics.framework */; };
		113DDE3317DDFA9A0056E126 /* UIKit.framework in Frameworks */ = {isa = PBXBuildFile; fileRef = 113DDE3217DDFA9A0056E126 /* UIKit.framework */; };
		113DDE3917DDFA9A0056E126 /* InfoPlist.strings in Resources */ = {isa = PBXBuildFile; fileRef = 113DDE3717DDFA9A0056E126 /* InfoPlist.strings */; };
		113DDE3B17DDFA9A0056E126 /* main.m in Sources */ = {isa = PBXBuildFile; fileRef = 113DDE3A17DDFA9A0056E126 /* main.m */; };
		113DDE3F17DDFA9A0056E126 /* AppDelegate.m in Sources */ = {isa = PBXBuildFile; fileRef = 113DDE3E17DDFA9A0056E126 /* AppDelegate.m */; };
		113DDE4717DDFA9A0056E126 /* Images.xcassets in Resources */ = {isa = PBXBuildFile; fileRef = 113DDE4617DDFA9A0056E126 /* Images.xcassets */; };
		113DDE4E17DDFA9B0056E126 /* XCTest.framework in Frameworks */ = {isa = PBXBuildFile; fileRef = 113DDE4D17DDFA9B0056E126 /* XCTest.framework */; };
		113DDE4F17DDFA9B0056E126 /* Foundation.framework in Frameworks */ = {isa = PBXBuildFile; fileRef = 113DDE2E17DDFA9A0056E126 /* Foundation.framework */; };
		113DDE5017DDFA9B0056E126 /* UIKit.framework in Frameworks */ = {isa = PBXBuildFile; fileRef = 113DDE3217DDFA9A0056E126 /* UIKit.framework */; };
		113DDE5817DDFA9B0056E126 /* InfoPlist.strings in Resources */ = {isa = PBXBuildFile; fileRef = 113DDE5617DDFA9B0056E126 /* InfoPlist.strings */; };
		113DDE5A17DDFA9B0056E126 /* shopelia_iosTests.m in Sources */ = {isa = PBXBuildFile; fileRef = 113DDE5917DDFA9B0056E126 /* shopelia_iosTests.m */; };
		113DDE8317DDFE630056E126 /* libzbar.a in Frameworks */ = {isa = PBXBuildFile; fileRef = 113DDE7D17DDFE630056E126 /* libzbar.a */; };
		113DDE8417DDFE630056E126 /* zbar-back.png in Resources */ = {isa = PBXBuildFile; fileRef = 113DDE7F17DDFE630056E126 /* zbar-back.png */; };
		113DDE8517DDFE630056E126 /* zbar-help.html in Resources */ = {isa = PBXBuildFile; fileRef = 113DDE8017DDFE630056E126 /* zbar-help.html */; };
		113DDE8617DDFE630056E126 /* zbar-helpicons.png in Resources */ = {isa = PBXBuildFile; fileRef = 113DDE8117DDFE630056E126 /* zbar-helpicons.png */; };
		113DDE8717DDFE630056E126 /* zbar-samples.png in Resources */ = {isa = PBXBuildFile; fileRef = 113DDE8217DDFE630056E126 /* zbar-samples.png */; };
		115E67B117E8961D00B88DCA /* ic_purchase_white.png in Resources */ = {isa = PBXBuildFile; fileRef = 115E67AF17E8961D00B88DCA /* ic_purchase_white.png */; };
		115E67B317E8966000B88DCA /* ic_purchase_white@2x.png in Resources */ = {isa = PBXBuildFile; fileRef = 115E67B217E8966000B88DCA /* ic_purchase_white@2x.png */; };
		115E67B617E89A7900B88DCA /* back-button.png in Resources */ = {isa = PBXBuildFile; fileRef = 115E67B417E89A7900B88DCA /* back-button.png */; };
		115E67B717E89A7900B88DCA /* back-button@2x.png in Resources */ = {isa = PBXBuildFile; fileRef = 115E67B517E89A7900B88DCA /* back-button@2x.png */; };
		1163C5A017DF161F0043E73D /* SPZBarReaderViewController.m in Sources */ = {isa = PBXBuildFile; fileRef = 1163C59F17DF161F0043E73D /* SPZBarReaderViewController.m */; };
		1163C5A317DF1D070043E73D /* SPNavigationController.m in Sources */ = {isa = PBXBuildFile; fileRef = 1163C5A217DF1D070043E73D /* SPNavigationController.m */; };
		1163C5A617DF1F380043E73D /* navbar.png in Resources */ = {isa = PBXBuildFile; fileRef = 1163C5A417DF1F380043E73D /* navbar.png */; };
		1163C5A717DF1F380043E73D /* navbar@2x.png in Resources */ = {isa = PBXBuildFile; fileRef = 1163C5A517DF1F380043E73D /* navbar@2x.png */; };
		1163C5AF17DF5B6C0043E73D /* overlayView.m in Sources */ = {isa = PBXBuildFile; fileRef = 1163C5AE17DF5B6C0043E73D /* overlayView.m */; };
		116CD92917DE030100978733 /* AVFoundation.framework in Frameworks */ = {isa = PBXBuildFile; fileRef = 116CD92417DE030000978733 /* AVFoundation.framework */; };
		116CD92A17DE030100978733 /* CoreMedia.framework in Frameworks */ = {isa = PBXBuildFile; fileRef = 116CD92517DE030000978733 /* CoreMedia.framework */; };
		116CD92B17DE030100978733 /* CoreVideo.framework in Frameworks */ = {isa = PBXBuildFile; fileRef = 116CD92617DE030000978733 /* CoreVideo.framework */; };
		116CD92C17DE030100978733 /* libiconv.dylib in Frameworks */ = {isa = PBXBuildFile; fileRef = 116CD92717DE030100978733 /* libiconv.dylib */; };
		116CD92D17DE030100978733 /* QuartzCore.framework in Frameworks */ = {isa = PBXBuildFile; fileRef = 116CD92817DE030100978733 /* QuartzCore.framework */; };
		1183CD9117E9D58300F1E66D /* baseProductViewController.m in Sources */ = {isa = PBXBuildFile; fileRef = 1183CD9017E9D58300F1E66D /* baseProductViewController.m */; };
		1183CD9317EB365900F1E66D /* products.json in Resources */ = {isa = PBXBuildFile; fileRef = 1183CD9217EB365900F1E66D /* products.json */; };
		1183CD9617EB41DD00F1E66D /* SPCell.m in Sources */ = {isa = PBXBuildFile; fileRef = 1183CD9517EB41DD00F1E66D /* SPCell.m */; };
		1183CD9817EB423600F1E66D /* SPCell.xib in Resources */ = {isa = PBXBuildFile; fileRef = 1183CD9717EB423600F1E66D /* SPCell.xib */; };
		118433B117E1F01E00425AEB /* green-button.png in Resources */ = {isa = PBXBuildFile; fileRef = 118433AC17E1F01E00425AEB /* green-button.png */; };
		118433B217E1F01E00425AEB /* green-button@2x.png in Resources */ = {isa = PBXBuildFile; fileRef = 118433AD17E1F01E00425AEB /* green-button@2x.png */; };
		118433B317E1F01E00425AEB /* productViewController.m in Sources */ = {isa = PBXBuildFile; fileRef = 118433AF17E1F01E00425AEB /* productViewController.m */; };
		118433B417E1F01E00425AEB /* productViewController.xib in Resources */ = {isa = PBXBuildFile; fileRef = 118433B017E1F01E00425AEB /* productViewController.xib */; };
		1190AAE317E9CECE003E570E /* productListViewController.m in Sources */ = {isa = PBXBuildFile; fileRef = 1190AAE117E9CECE003E570E /* productListViewController.m */; };
		1190AAE417E9CECE003E570E /* productListViewController.xib in Resources */ = {isa = PBXBuildFile; fileRef = 1190AAE217E9CECE003E570E /* productListViewController.xib */; };
		119C074917E30DA5003AF6AA /* Constants.m in Sources */ = {isa = PBXBuildFile; fileRef = 119C074817E30DA5003AF6AA /* Constants.m */; };
		119C076417E320DA003AF6AA /* SPHTTPClient.m in Sources */ = {isa = PBXBuildFile; fileRef = 119C075F17E320DA003AF6AA /* SPHTTPClient.m */; };
		119C076517E320DA003AF6AA /* SPHTTPRequest.m in Sources */ = {isa = PBXBuildFile; fileRef = 119C076117E320DA003AF6AA /* SPHTTPRequest.m */; };
		119C076617E320DA003AF6AA /* SPHTTPResponse.m in Sources */ = {isa = PBXBuildFile; fileRef = 119C076317E320DA003AF6AA /* SPHTTPResponse.m */; };
		119C076C17E3685C003AF6AA /* libPods.a in Frameworks */ = {isa = PBXBuildFile; fileRef = 119C076B17E3685C003AF6AA /* libPods.a */; };
		11C6E7E317E06F5600D66D96 /* UIColor+Shopelia.m in Sources */ = {isa = PBXBuildFile; fileRef = 11C6E7E217E06F5600D66D96 /* UIColor+Shopelia.m */; };
		11C6E7E617E078BE00D66D96 /* logo-word.png in Resources */ = {isa = PBXBuildFile; fileRef = 11C6E7E417E078BE00D66D96 /* logo-word.png */; };
		11C6E7E717E078BE00D66D96 /* logo-word@2x.png in Resources */ = {isa = PBXBuildFile; fileRef = 11C6E7E517E078BE00D66D96 /* logo-word@2x.png */; };
		11C6E7EB17E07E8500D66D96 /* UIView+Shopelia.m in Sources */ = {isa = PBXBuildFile; fileRef = 11C6E7EA17E07E8500D66D96 /* UIView+Shopelia.m */; };
		11C6E7EE17E086AD00D66D96 /* bar-code.png in Resources */ = {isa = PBXBuildFile; fileRef = 11C6E7EC17E086AD00D66D96 /* bar-code.png */; };
		11C6E7EF17E086AD00D66D96 /* bar-code@2x.png in Resources */ = {isa = PBXBuildFile; fileRef = 11C6E7ED17E086AD00D66D96 /* bar-code@2x.png */; };
/* End PBXBuildFile section */

/* Begin PBXContainerItemProxy section */
		113DDE5117DDFA9B0056E126 /* PBXContainerItemProxy */ = {
			isa = PBXContainerItemProxy;
			containerPortal = 113DDE2317DDFA9A0056E126 /* Project object */;
			proxyType = 1;
			remoteGlobalIDString = 113DDE2A17DDFA9A0056E126;
			remoteInfo = "shopelia-ios";
		};
/* End PBXContainerItemProxy section */

/* Begin PBXFileReference section */
		110B54DB17E6F9D000DF1C3A /* SPHTTPPoller.h */ = {isa = PBXFileReference; fileEncoding = 4; lastKnownFileType = sourcecode.c.h; path = SPHTTPPoller.h; sourceTree = "<group>"; };
		110B54DC17E6F9D000DF1C3A /* SPHTTPPoller.m */ = {isa = PBXFileReference; fileEncoding = 4; lastKnownFileType = sourcecode.c.objc; path = SPHTTPPoller.m; sourceTree = "<group>"; };
		110B54DE17E7406E00DF1C3A /* SPImageView.h */ = {isa = PBXFileReference; fileEncoding = 4; lastKnownFileType = sourcecode.c.h; path = SPImageView.h; sourceTree = "<group>"; };
		110B54DF17E7406E00DF1C3A /* SPImageView.m */ = {isa = PBXFileReference; fileEncoding = 4; lastKnownFileType = sourcecode.c.objc; path = SPImageView.m; sourceTree = "<group>"; };
		110B54E117E740F700DF1C3A /* SPThreadFactory.h */ = {isa = PBXFileReference; fileEncoding = 4; lastKnownFileType = sourcecode.c.h; path = SPThreadFactory.h; sourceTree = "<group>"; };
		110B54E217E740F700DF1C3A /* SPThreadFactory.m */ = {isa = PBXFileReference; fileEncoding = 4; lastKnownFileType = sourcecode.c.objc; path = SPThreadFactory.m; sourceTree = "<group>"; };
		110B54E417E7533900DF1C3A /* backgroundView.h */ = {isa = PBXFileReference; fileEncoding = 4; lastKnownFileType = sourcecode.c.h; path = backgroundView.h; sourceTree = "<group>"; };
		110B54E517E7533900DF1C3A /* backgroundView.m */ = {isa = PBXFileReference; fileEncoding = 4; lastKnownFileType = sourcecode.c.objc; path = backgroundView.m; sourceTree = "<group>"; };
		113DDE2B17DDFA9A0056E126 /* shopelia-ios.app */ = {isa = PBXFileReference; explicitFileType = wrapper.application; includeInIndex = 0; path = "shopelia-ios.app"; sourceTree = BUILT_PRODUCTS_DIR; };
		113DDE2E17DDFA9A0056E126 /* Foundation.framework */ = {isa = PBXFileReference; lastKnownFileType = wrapper.framework; name = Foundation.framework; path = System/Library/Frameworks/Foundation.framework; sourceTree = SDKROOT; };
		113DDE3017DDFA9A0056E126 /* CoreGraphics.framework */ = {isa = PBXFileReference; lastKnownFileType = wrapper.framework; name = CoreGraphics.framework; path = System/Library/Frameworks/CoreGraphics.framework; sourceTree = SDKROOT; };
		113DDE3217DDFA9A0056E126 /* UIKit.framework */ = {isa = PBXFileReference; lastKnownFileType = wrapper.framework; name = UIKit.framework; path = System/Library/Frameworks/UIKit.framework; sourceTree = SDKROOT; };
		113DDE3617DDFA9A0056E126 /* shopelia-ios-Info.plist */ = {isa = PBXFileReference; lastKnownFileType = text.plist.xml; path = "shopelia-ios-Info.plist"; sourceTree = "<group>"; };
		113DDE3817DDFA9A0056E126 /* en */ = {isa = PBXFileReference; lastKnownFileType = text.plist.strings; name = en; path = en.lproj/InfoPlist.strings; sourceTree = "<group>"; };
		113DDE3A17DDFA9A0056E126 /* main.m */ = {isa = PBXFileReference; lastKnownFileType = sourcecode.c.objc; path = main.m; sourceTree = "<group>"; };
		113DDE3C17DDFA9A0056E126 /* shopelia-ios-Prefix.pch */ = {isa = PBXFileReference; lastKnownFileType = sourcecode.c.h; path = "shopelia-ios-Prefix.pch"; sourceTree = "<group>"; };
		113DDE3D17DDFA9A0056E126 /* AppDelegate.h */ = {isa = PBXFileReference; lastKnownFileType = sourcecode.c.h; path = AppDelegate.h; sourceTree = "<group>"; };
		113DDE3E17DDFA9A0056E126 /* AppDelegate.m */ = {isa = PBXFileReference; lastKnownFileType = sourcecode.c.objc; path = AppDelegate.m; sourceTree = "<group>"; };
		113DDE4617DDFA9A0056E126 /* Images.xcassets */ = {isa = PBXFileReference; lastKnownFileType = folder.assetcatalog; path = Images.xcassets; sourceTree = "<group>"; };
		113DDE4C17DDFA9B0056E126 /* shopelia-iosTests.xctest */ = {isa = PBXFileReference; explicitFileType = wrapper.cfbundle; includeInIndex = 0; path = "shopelia-iosTests.xctest"; sourceTree = BUILT_PRODUCTS_DIR; };
		113DDE4D17DDFA9B0056E126 /* XCTest.framework */ = {isa = PBXFileReference; lastKnownFileType = wrapper.framework; name = XCTest.framework; path = Library/Frameworks/XCTest.framework; sourceTree = DEVELOPER_DIR; };
		113DDE5517DDFA9B0056E126 /* shopelia-iosTests-Info.plist */ = {isa = PBXFileReference; lastKnownFileType = text.plist.xml; path = "shopelia-iosTests-Info.plist"; sourceTree = "<group>"; };
		113DDE5717DDFA9B0056E126 /* en */ = {isa = PBXFileReference; lastKnownFileType = text.plist.strings; name = en; path = en.lproj/InfoPlist.strings; sourceTree = "<group>"; };
		113DDE5917DDFA9B0056E126 /* shopelia_iosTests.m */ = {isa = PBXFileReference; lastKnownFileType = sourcecode.c.objc; path = shopelia_iosTests.m; sourceTree = "<group>"; };
		113DDE6917DDFE630056E126 /* Decoder.h */ = {isa = PBXFileReference; fileEncoding = 4; lastKnownFileType = sourcecode.c.h; path = Decoder.h; sourceTree = "<group>"; };
		113DDE6A17DDFE630056E126 /* Exception.h */ = {isa = PBXFileReference; fileEncoding = 4; lastKnownFileType = sourcecode.c.h; path = Exception.h; sourceTree = "<group>"; };
		113DDE6B17DDFE630056E126 /* Image.h */ = {isa = PBXFileReference; fileEncoding = 4; lastKnownFileType = sourcecode.c.h; path = Image.h; sourceTree = "<group>"; };
		113DDE6C17DDFE630056E126 /* ImageScanner.h */ = {isa = PBXFileReference; fileEncoding = 4; lastKnownFileType = sourcecode.c.h; path = ImageScanner.h; sourceTree = "<group>"; };
		113DDE6D17DDFE630056E126 /* Processor.h */ = {isa = PBXFileReference; fileEncoding = 4; lastKnownFileType = sourcecode.c.h; path = Processor.h; sourceTree = "<group>"; };
		113DDE6E17DDFE630056E126 /* Scanner.h */ = {isa = PBXFileReference; fileEncoding = 4; lastKnownFileType = sourcecode.c.h; path = Scanner.h; sourceTree = "<group>"; };
		113DDE6F17DDFE630056E126 /* Symbol.h */ = {isa = PBXFileReference; fileEncoding = 4; lastKnownFileType = sourcecode.c.h; path = Symbol.h; sourceTree = "<group>"; };
		113DDE7017DDFE630056E126 /* Video.h */ = {isa = PBXFileReference; fileEncoding = 4; lastKnownFileType = sourcecode.c.h; path = Video.h; sourceTree = "<group>"; };
		113DDE7117DDFE630056E126 /* Window.h */ = {isa = PBXFileReference; fileEncoding = 4; lastKnownFileType = sourcecode.c.h; path = Window.h; sourceTree = "<group>"; };
		113DDE7217DDFE630056E126 /* zbar.h */ = {isa = PBXFileReference; fileEncoding = 4; lastKnownFileType = sourcecode.c.h; path = zbar.h; sourceTree = "<group>"; };
		113DDE7317DDFE630056E126 /* ZBarCameraSimulator.h */ = {isa = PBXFileReference; fileEncoding = 4; lastKnownFileType = sourcecode.c.h; path = ZBarCameraSimulator.h; sourceTree = "<group>"; };
		113DDE7417DDFE630056E126 /* ZBarCaptureReader.h */ = {isa = PBXFileReference; fileEncoding = 4; lastKnownFileType = sourcecode.c.h; path = ZBarCaptureReader.h; sourceTree = "<group>"; };
		113DDE7517DDFE630056E126 /* ZBarHelpController.h */ = {isa = PBXFileReference; fileEncoding = 4; lastKnownFileType = sourcecode.c.h; path = ZBarHelpController.h; sourceTree = "<group>"; };
		113DDE7617DDFE630056E126 /* ZBarImage.h */ = {isa = PBXFileReference; fileEncoding = 4; lastKnownFileType = sourcecode.c.h; path = ZBarImage.h; sourceTree = "<group>"; };
		113DDE7717DDFE630056E126 /* ZBarImageScanner.h */ = {isa = PBXFileReference; fileEncoding = 4; lastKnownFileType = sourcecode.c.h; path = ZBarImageScanner.h; sourceTree = "<group>"; };
		113DDE7817DDFE630056E126 /* ZBarReaderController.h */ = {isa = PBXFileReference; fileEncoding = 4; lastKnownFileType = sourcecode.c.h; path = ZBarReaderController.h; sourceTree = "<group>"; };
		113DDE7917DDFE630056E126 /* ZBarReaderView.h */ = {isa = PBXFileReference; fileEncoding = 4; lastKnownFileType = sourcecode.c.h; path = ZBarReaderView.h; sourceTree = "<group>"; };
		113DDE7A17DDFE630056E126 /* ZBarReaderViewController.h */ = {isa = PBXFileReference; fileEncoding = 4; lastKnownFileType = sourcecode.c.h; path = ZBarReaderViewController.h; sourceTree = "<group>"; };
		113DDE7B17DDFE630056E126 /* ZBarSDK.h */ = {isa = PBXFileReference; fileEncoding = 4; lastKnownFileType = sourcecode.c.h; path = ZBarSDK.h; sourceTree = "<group>"; };
		113DDE7C17DDFE630056E126 /* ZBarSymbol.h */ = {isa = PBXFileReference; fileEncoding = 4; lastKnownFileType = sourcecode.c.h; path = ZBarSymbol.h; sourceTree = "<group>"; };
		113DDE7D17DDFE630056E126 /* libzbar.a */ = {isa = PBXFileReference; lastKnownFileType = archive.ar; path = libzbar.a; sourceTree = "<group>"; };
		113DDE7F17DDFE630056E126 /* zbar-back.png */ = {isa = PBXFileReference; lastKnownFileType = image.png; path = "zbar-back.png"; sourceTree = "<group>"; };
		113DDE8017DDFE630056E126 /* zbar-help.html */ = {isa = PBXFileReference; fileEncoding = 4; lastKnownFileType = text.html; path = "zbar-help.html"; sourceTree = "<group>"; };
		113DDE8117DDFE630056E126 /* zbar-helpicons.png */ = {isa = PBXFileReference; lastKnownFileType = image.png; path = "zbar-helpicons.png"; sourceTree = "<group>"; };
		113DDE8217DDFE630056E126 /* zbar-samples.png */ = {isa = PBXFileReference; lastKnownFileType = image.png; path = "zbar-samples.png"; sourceTree = "<group>"; };
		115E67AF17E8961D00B88DCA /* ic_purchase_white.png */ = {isa = PBXFileReference; lastKnownFileType = image.png; path = ic_purchase_white.png; sourceTree = "<group>"; };
		115E67B217E8966000B88DCA /* ic_purchase_white@2x.png */ = {isa = PBXFileReference; lastKnownFileType = image.png; path = "ic_purchase_white@2x.png"; sourceTree = "<group>"; };
		115E67B417E89A7900B88DCA /* back-button.png */ = {isa = PBXFileReference; lastKnownFileType = image.png; path = "back-button.png"; sourceTree = "<group>"; };
		115E67B517E89A7900B88DCA /* back-button@2x.png */ = {isa = PBXFileReference; lastKnownFileType = image.png; path = "back-button@2x.png"; sourceTree = "<group>"; };
		1163C59E17DF161F0043E73D /* SPZBarReaderViewController.h */ = {isa = PBXFileReference; fileEncoding = 4; lastKnownFileType = sourcecode.c.h; path = SPZBarReaderViewController.h; sourceTree = "<group>"; };
		1163C59F17DF161F0043E73D /* SPZBarReaderViewController.m */ = {isa = PBXFileReference; fileEncoding = 4; lastKnownFileType = sourcecode.c.objc; path = SPZBarReaderViewController.m; sourceTree = "<group>"; };
		1163C5A117DF1D070043E73D /* SPNavigationController.h */ = {isa = PBXFileReference; fileEncoding = 4; lastKnownFileType = sourcecode.c.h; path = SPNavigationController.h; sourceTree = "<group>"; };
		1163C5A217DF1D070043E73D /* SPNavigationController.m */ = {isa = PBXFileReference; fileEncoding = 4; lastKnownFileType = sourcecode.c.objc; path = SPNavigationController.m; sourceTree = "<group>"; };
		1163C5A417DF1F380043E73D /* navbar.png */ = {isa = PBXFileReference; lastKnownFileType = image.png; path = navbar.png; sourceTree = "<group>"; };
		1163C5A517DF1F380043E73D /* navbar@2x.png */ = {isa = PBXFileReference; lastKnownFileType = image.png; path = "navbar@2x.png"; sourceTree = "<group>"; };
		1163C5AD17DF5B6C0043E73D /* overlayView.h */ = {isa = PBXFileReference; fileEncoding = 4; lastKnownFileType = sourcecode.c.h; path = overlayView.h; sourceTree = "<group>"; };
		1163C5AE17DF5B6C0043E73D /* overlayView.m */ = {isa = PBXFileReference; fileEncoding = 4; lastKnownFileType = sourcecode.c.objc; path = overlayView.m; sourceTree = "<group>"; };
		116CD92417DE030000978733 /* AVFoundation.framework */ = {isa = PBXFileReference; lastKnownFileType = wrapper.framework; name = AVFoundation.framework; path = System/Library/Frameworks/AVFoundation.framework; sourceTree = SDKROOT; };
		116CD92517DE030000978733 /* CoreMedia.framework */ = {isa = PBXFileReference; lastKnownFileType = wrapper.framework; name = CoreMedia.framework; path = System/Library/Frameworks/CoreMedia.framework; sourceTree = SDKROOT; };
		116CD92617DE030000978733 /* CoreVideo.framework */ = {isa = PBXFileReference; lastKnownFileType = wrapper.framework; name = CoreVideo.framework; path = System/Library/Frameworks/CoreVideo.framework; sourceTree = SDKROOT; };
		116CD92717DE030100978733 /* libiconv.dylib */ = {isa = PBXFileReference; lastKnownFileType = "compiled.mach-o.dylib"; name = libiconv.dylib; path = usr/lib/libiconv.dylib; sourceTree = SDKROOT; };
		116CD92817DE030100978733 /* QuartzCore.framework */ = {isa = PBXFileReference; lastKnownFileType = wrapper.framework; name = QuartzCore.framework; path = System/Library/Frameworks/QuartzCore.framework; sourceTree = SDKROOT; };
		1183CD8F17E9D58300F1E66D /* baseProductViewController.h */ = {isa = PBXFileReference; fileEncoding = 4; lastKnownFileType = sourcecode.c.h; path = baseProductViewController.h; sourceTree = "<group>"; };
		1183CD9017E9D58300F1E66D /* baseProductViewController.m */ = {isa = PBXFileReference; fileEncoding = 4; lastKnownFileType = sourcecode.c.objc; path = baseProductViewController.m; sourceTree = "<group>"; };
		1183CD9217EB365900F1E66D /* products.json */ = {isa = PBXFileReference; fileEncoding = 4; lastKnownFileType = text.json; path = products.json; sourceTree = "<group>"; };
		1183CD9417EB41DD00F1E66D /* SPCell.h */ = {isa = PBXFileReference; fileEncoding = 4; lastKnownFileType = sourcecode.c.h; path = SPCell.h; sourceTree = "<group>"; };
		1183CD9517EB41DD00F1E66D /* SPCell.m */ = {isa = PBXFileReference; fileEncoding = 4; lastKnownFileType = sourcecode.c.objc; path = SPCell.m; sourceTree = "<group>"; };
		1183CD9717EB423600F1E66D /* SPCell.xib */ = {isa = PBXFileReference; fileEncoding = 4; lastKnownFileType = file.xib; path = SPCell.xib; sourceTree = "<group>"; };
		118433AC17E1F01E00425AEB /* green-button.png */ = {isa = PBXFileReference; lastKnownFileType = image.png; path = "green-button.png"; sourceTree = "<group>"; };
		118433AD17E1F01E00425AEB /* green-button@2x.png */ = {isa = PBXFileReference; lastKnownFileType = image.png; path = "green-button@2x.png"; sourceTree = "<group>"; };
		118433AE17E1F01E00425AEB /* productViewController.h */ = {isa = PBXFileReference; fileEncoding = 4; lastKnownFileType = sourcecode.c.h; path = productViewController.h; sourceTree = "<group>"; };
		118433AF17E1F01E00425AEB /* productViewController.m */ = {isa = PBXFileReference; fileEncoding = 4; lastKnownFileType = sourcecode.c.objc; path = productViewController.m; sourceTree = "<group>"; };
		118433B017E1F01E00425AEB /* productViewController.xib */ = {isa = PBXFileReference; fileEncoding = 4; lastKnownFileType = file.xib; path = productViewController.xib; sourceTree = "<group>"; };
		1190AAE017E9CECE003E570E /* productListViewController.h */ = {isa = PBXFileReference; fileEncoding = 4; lastKnownFileType = sourcecode.c.h; path = productListViewController.h; sourceTree = "<group>"; };
		1190AAE117E9CECE003E570E /* productListViewController.m */ = {isa = PBXFileReference; fileEncoding = 4; lastKnownFileType = sourcecode.c.objc; path = productListViewController.m; sourceTree = "<group>"; };
		1190AAE217E9CECE003E570E /* productListViewController.xib */ = {isa = PBXFileReference; fileEncoding = 4; lastKnownFileType = file.xib; path = productListViewController.xib; sourceTree = "<group>"; };
		119C074717E30DA5003AF6AA /* Constants.h */ = {isa = PBXFileReference; fileEncoding = 4; lastKnownFileType = sourcecode.c.h; path = Constants.h; sourceTree = "<group>"; };
		119C074817E30DA5003AF6AA /* Constants.m */ = {isa = PBXFileReference; fileEncoding = 4; lastKnownFileType = sourcecode.c.objc; path = Constants.m; sourceTree = "<group>"; };
		119C075E17E320DA003AF6AA /* SPHTTPClient.h */ = {isa = PBXFileReference; fileEncoding = 4; lastKnownFileType = sourcecode.c.h; path = SPHTTPClient.h; sourceTree = "<group>"; };
		119C075F17E320DA003AF6AA /* SPHTTPClient.m */ = {isa = PBXFileReference; fileEncoding = 4; lastKnownFileType = sourcecode.c.objc; path = SPHTTPClient.m; sourceTree = "<group>"; };
		119C076017E320DA003AF6AA /* SPHTTPRequest.h */ = {isa = PBXFileReference; fileEncoding = 4; lastKnownFileType = sourcecode.c.h; path = SPHTTPRequest.h; sourceTree = "<group>"; };
		119C076117E320DA003AF6AA /* SPHTTPRequest.m */ = {isa = PBXFileReference; fileEncoding = 4; lastKnownFileType = sourcecode.c.objc; path = SPHTTPRequest.m; sourceTree = "<group>"; };
		119C076217E320DA003AF6AA /* SPHTTPResponse.h */ = {isa = PBXFileReference; fileEncoding = 4; lastKnownFileType = sourcecode.c.h; path = SPHTTPResponse.h; sourceTree = "<group>"; };
		119C076317E320DA003AF6AA /* SPHTTPResponse.m */ = {isa = PBXFileReference; fileEncoding = 4; lastKnownFileType = sourcecode.c.objc; path = SPHTTPResponse.m; sourceTree = "<group>"; };
		119C076B17E3685C003AF6AA /* libPods.a */ = {isa = PBXFileReference; lastKnownFileType = archive.ar; name = libPods.a; path = "Pods/build/Debug-iphoneos/libPods.a"; sourceTree = "<group>"; };
		11C6E7E117E06F5600D66D96 /* UIColor+Shopelia.h */ = {isa = PBXFileReference; fileEncoding = 4; lastKnownFileType = sourcecode.c.h; path = "UIColor+Shopelia.h"; sourceTree = "<group>"; };
		11C6E7E217E06F5600D66D96 /* UIColor+Shopelia.m */ = {isa = PBXFileReference; fileEncoding = 4; lastKnownFileType = sourcecode.c.objc; path = "UIColor+Shopelia.m"; sourceTree = "<group>"; };
		11C6E7E417E078BE00D66D96 /* logo-word.png */ = {isa = PBXFileReference; lastKnownFileType = image.png; path = "logo-word.png"; sourceTree = "<group>"; };
		11C6E7E517E078BE00D66D96 /* logo-word@2x.png */ = {isa = PBXFileReference; lastKnownFileType = image.png; path = "logo-word@2x.png"; sourceTree = "<group>"; };
		11C6E7E917E07E8500D66D96 /* UIView+Shopelia.h */ = {isa = PBXFileReference; fileEncoding = 4; lastKnownFileType = sourcecode.c.h; path = "UIView+Shopelia.h"; sourceTree = "<group>"; };
		11C6E7EA17E07E8500D66D96 /* UIView+Shopelia.m */ = {isa = PBXFileReference; fileEncoding = 4; lastKnownFileType = sourcecode.c.objc; path = "UIView+Shopelia.m"; sourceTree = "<group>"; };
		11C6E7EC17E086AD00D66D96 /* bar-code.png */ = {isa = PBXFileReference; lastKnownFileType = image.png; path = "bar-code.png"; sourceTree = "<group>"; };
		11C6E7ED17E086AD00D66D96 /* bar-code@2x.png */ = {isa = PBXFileReference; lastKnownFileType = image.png; path = "bar-code@2x.png"; sourceTree = "<group>"; };
		3B7A37F016854B728B7C63DE /* Pods.xcconfig */ = {isa = PBXFileReference; includeInIndex = 1; lastKnownFileType = text.xcconfig; name = Pods.xcconfig; path = Pods/Pods.xcconfig; sourceTree = "<group>"; };
		BE7EC3D152B545618C950648 /* libPods.a */ = {isa = PBXFileReference; explicitFileType = archive.ar; includeInIndex = 0; path = libPods.a; sourceTree = BUILT_PRODUCTS_DIR; };
/* End PBXFileReference section */

/* Begin PBXFrameworksBuildPhase section */
		113DDE2817DDFA9A0056E126 /* Frameworks */ = {
			isa = PBXFrameworksBuildPhase;
			buildActionMask = 2147483647;
			files = (
				119C076C17E3685C003AF6AA /* libPods.a in Frameworks */,
				116CD92917DE030100978733 /* AVFoundation.framework in Frameworks */,
				116CD92A17DE030100978733 /* CoreMedia.framework in Frameworks */,
				116CD92B17DE030100978733 /* CoreVideo.framework in Frameworks */,
				116CD92C17DE030100978733 /* libiconv.dylib in Frameworks */,
				116CD92D17DE030100978733 /* QuartzCore.framework in Frameworks */,
				113DDE3117DDFA9A0056E126 /* CoreGraphics.framework in Frameworks */,
				113DDE3317DDFA9A0056E126 /* UIKit.framework in Frameworks */,
				113DDE8317DDFE630056E126 /* libzbar.a in Frameworks */,
				113DDE2F17DDFA9A0056E126 /* Foundation.framework in Frameworks */,
			);
			runOnlyForDeploymentPostprocessing = 0;
		};
		113DDE4917DDFA9B0056E126 /* Frameworks */ = {
			isa = PBXFrameworksBuildPhase;
			buildActionMask = 2147483647;
			files = (
				113DDE4E17DDFA9B0056E126 /* XCTest.framework in Frameworks */,
				113DDE5017DDFA9B0056E126 /* UIKit.framework in Frameworks */,
				113DDE4F17DDFA9B0056E126 /* Foundation.framework in Frameworks */,
			);
			runOnlyForDeploymentPostprocessing = 0;
		};
/* End PBXFrameworksBuildPhase section */

/* Begin PBXGroup section */
		113DDE2217DDFA9A0056E126 = {
			isa = PBXGroup;
			children = (
				119C074717E30DA5003AF6AA /* Constants.h */,
				119C074817E30DA5003AF6AA /* Constants.m */,
				113DDE6517DDFE630056E126 /* ZBarSDK */,
				113DDE3417DDFA9A0056E126 /* shopelia-ios */,
				113DDE5317DDFA9B0056E126 /* shopelia-iosTests */,
				113DDE2D17DDFA9A0056E126 /* Frameworks */,
				113DDE2C17DDFA9A0056E126 /* Products */,
				3B7A37F016854B728B7C63DE /* Pods.xcconfig */,
			);
			sourceTree = "<group>";
		};
		113DDE2C17DDFA9A0056E126 /* Products */ = {
			isa = PBXGroup;
			children = (
				113DDE2B17DDFA9A0056E126 /* shopelia-ios.app */,
				113DDE4C17DDFA9B0056E126 /* shopelia-iosTests.xctest */,
			);
			name = Products;
			sourceTree = "<group>";
		};
		113DDE2D17DDFA9A0056E126 /* Frameworks */ = {
			isa = PBXGroup;
			children = (
				119C076B17E3685C003AF6AA /* libPods.a */,
				116CD92417DE030000978733 /* AVFoundation.framework */,
				116CD92517DE030000978733 /* CoreMedia.framework */,
				116CD92617DE030000978733 /* CoreVideo.framework */,
				116CD92717DE030100978733 /* libiconv.dylib */,
				116CD92817DE030100978733 /* QuartzCore.framework */,
				113DDE2E17DDFA9A0056E126 /* Foundation.framework */,
				113DDE3017DDFA9A0056E126 /* CoreGraphics.framework */,
				113DDE3217DDFA9A0056E126 /* UIKit.framework */,
				113DDE4D17DDFA9B0056E126 /* XCTest.framework */,
				BE7EC3D152B545618C950648 /* libPods.a */,
			);
			name = Frameworks;
			sourceTree = "<group>";
		};
		113DDE3417DDFA9A0056E126 /* shopelia-ios */ = {
			isa = PBXGroup;
			children = (
				1183CD9217EB365900F1E66D /* products.json */,
				113DDE3D17DDFA9A0056E126 /* AppDelegate.h */,
				113DDE3E17DDFA9A0056E126 /* AppDelegate.m */,
				110B54E417E7533900DF1C3A /* backgroundView.h */,
				110B54E517E7533900DF1C3A /* backgroundView.m */,
				1183CD8F17E9D58300F1E66D /* baseProductViewController.h */,
				1183CD9017E9D58300F1E66D /* baseProductViewController.m */,
				113DDE4617DDFA9A0056E126 /* Images.xcassets */,
				1163C5AD17DF5B6C0043E73D /* overlayView.h */,
				1163C5AE17DF5B6C0043E73D /* overlayView.m */,
				1190AAE017E9CECE003E570E /* productListViewController.h */,
				1190AAE117E9CECE003E570E /* productListViewController.m */,
				1190AAE217E9CECE003E570E /* productListViewController.xib */,
				118433AE17E1F01E00425AEB /* productViewController.h */,
				118433AF17E1F01E00425AEB /* productViewController.m */,
				118433B017E1F01E00425AEB /* productViewController.xib */,
				116CD95617DF085500978733 /* ShopeliaResources */,
				119C076717E3216C003AF6AA /* SPHTTP */,
				110B54DE17E7406E00DF1C3A /* SPImageView.h */,
				110B54DF17E7406E00DF1C3A /* SPImageView.m */,
				1163C5A117DF1D070043E73D /* SPNavigationController.h */,
				1163C5A217DF1D070043E73D /* SPNavigationController.m */,
				110B54E117E740F700DF1C3A /* SPThreadFactory.h */,
				110B54E217E740F700DF1C3A /* SPThreadFactory.m */,
				1163C59E17DF161F0043E73D /* SPZBarReaderViewController.h */,
				1163C59F17DF161F0043E73D /* SPZBarReaderViewController.m */,
				113DDE3517DDFA9A0056E126 /* Supporting Files */,
				11C6E7E117E06F5600D66D96 /* UIColor+Shopelia.h */,
				11C6E7E217E06F5600D66D96 /* UIColor+Shopelia.m */,
				11C6E7E917E07E8500D66D96 /* UIView+Shopelia.h */,
				11C6E7EA17E07E8500D66D96 /* UIView+Shopelia.m */,
				1183CD9417EB41DD00F1E66D /* SPCell.h */,
				1183CD9517EB41DD00F1E66D /* SPCell.m */,
				1183CD9717EB423600F1E66D /* SPCell.xib */,
			);
			path = "shopelia-ios";
			sourceTree = "<group>";
		};
		113DDE3517DDFA9A0056E126 /* Supporting Files */ = {
			isa = PBXGroup;
			children = (
				113DDE3617DDFA9A0056E126 /* shopelia-ios-Info.plist */,
				113DDE3717DDFA9A0056E126 /* InfoPlist.strings */,
				113DDE3A17DDFA9A0056E126 /* main.m */,
				113DDE3C17DDFA9A0056E126 /* shopelia-ios-Prefix.pch */,
			);
			name = "Supporting Files";
			sourceTree = "<group>";
		};
		113DDE5317DDFA9B0056E126 /* shopelia-iosTests */ = {
			isa = PBXGroup;
			children = (
				113DDE5917DDFA9B0056E126 /* shopelia_iosTests.m */,
				113DDE5417DDFA9B0056E126 /* Supporting Files */,
			);
			path = "shopelia-iosTests";
			sourceTree = "<group>";
		};
		113DDE5417DDFA9B0056E126 /* Supporting Files */ = {
			isa = PBXGroup;
			children = (
				113DDE5517DDFA9B0056E126 /* shopelia-iosTests-Info.plist */,
				113DDE5617DDFA9B0056E126 /* InfoPlist.strings */,
			);
			name = "Supporting Files";
			sourceTree = "<group>";
		};
		113DDE6517DDFE630056E126 /* ZBarSDK */ = {
			isa = PBXGroup;
			children = (
				113DDE6617DDFE630056E126 /* Headers */,
				113DDE7D17DDFE630056E126 /* libzbar.a */,
				113DDE7E17DDFE630056E126 /* Resources */,
			);
			path = ZBarSDK;
			sourceTree = "<group>";
		};
		113DDE6617DDFE630056E126 /* Headers */ = {
			isa = PBXGroup;
			children = (
				113DDE6717DDFE630056E126 /* ZBarSDK */,
			);
			path = Headers;
			sourceTree = "<group>";
		};
		113DDE6717DDFE630056E126 /* ZBarSDK */ = {
			isa = PBXGroup;
			children = (
				113DDE6817DDFE630056E126 /* zbar */,
				113DDE7217DDFE630056E126 /* zbar.h */,
				113DDE7317DDFE630056E126 /* ZBarCameraSimulator.h */,
				113DDE7417DDFE630056E126 /* ZBarCaptureReader.h */,
				113DDE7517DDFE630056E126 /* ZBarHelpController.h */,
				113DDE7617DDFE630056E126 /* ZBarImage.h */,
				113DDE7717DDFE630056E126 /* ZBarImageScanner.h */,
				113DDE7817DDFE630056E126 /* ZBarReaderController.h */,
				113DDE7917DDFE630056E126 /* ZBarReaderView.h */,
				113DDE7A17DDFE630056E126 /* ZBarReaderViewController.h */,
				113DDE7B17DDFE630056E126 /* ZBarSDK.h */,
				113DDE7C17DDFE630056E126 /* ZBarSymbol.h */,
			);
			path = ZBarSDK;
			sourceTree = "<group>";
		};
		113DDE6817DDFE630056E126 /* zbar */ = {
			isa = PBXGroup;
			children = (
				113DDE6917DDFE630056E126 /* Decoder.h */,
				113DDE6A17DDFE630056E126 /* Exception.h */,
				113DDE6B17DDFE630056E126 /* Image.h */,
				113DDE6C17DDFE630056E126 /* ImageScanner.h */,
				113DDE6D17DDFE630056E126 /* Processor.h */,
				113DDE6E17DDFE630056E126 /* Scanner.h */,
				113DDE6F17DDFE630056E126 /* Symbol.h */,
				113DDE7017DDFE630056E126 /* Video.h */,
				113DDE7117DDFE630056E126 /* Window.h */,
			);
			path = zbar;
			sourceTree = "<group>";
		};
		113DDE7E17DDFE630056E126 /* Resources */ = {
			isa = PBXGroup;
			children = (
				113DDE7F17DDFE630056E126 /* zbar-back.png */,
				113DDE8017DDFE630056E126 /* zbar-help.html */,
				113DDE8117DDFE630056E126 /* zbar-helpicons.png */,
				113DDE8217DDFE630056E126 /* zbar-samples.png */,
			);
			path = Resources;
			sourceTree = "<group>";
		};
		116CD95617DF085500978733 /* ShopeliaResources */ = {
			isa = PBXGroup;
			children = (
				115E67B417E89A7900B88DCA /* back-button.png */,
				115E67B517E89A7900B88DCA /* back-button@2x.png */,
				115E67B217E8966000B88DCA /* ic_purchase_white@2x.png */,
				115E67AF17E8961D00B88DCA /* ic_purchase_white.png */,
				118433AC17E1F01E00425AEB /* green-button.png */,
				118433AD17E1F01E00425AEB /* green-button@2x.png */,
				11C6E7EC17E086AD00D66D96 /* bar-code.png */,
				11C6E7ED17E086AD00D66D96 /* bar-code@2x.png */,
				11C6E7E417E078BE00D66D96 /* logo-word.png */,
				11C6E7E517E078BE00D66D96 /* logo-word@2x.png */,
				1163C5A417DF1F380043E73D /* navbar.png */,
				1163C5A517DF1F380043E73D /* navbar@2x.png */,
			);
			name = ShopeliaResources;
			sourceTree = "<group>";
		};
		119C076717E3216C003AF6AA /* SPHTTP */ = {
			isa = PBXGroup;
			children = (
				119C075E17E320DA003AF6AA /* SPHTTPClient.h */,
				119C075F17E320DA003AF6AA /* SPHTTPClient.m */,
				119C076017E320DA003AF6AA /* SPHTTPRequest.h */,
				119C076117E320DA003AF6AA /* SPHTTPRequest.m */,
				119C076217E320DA003AF6AA /* SPHTTPResponse.h */,
				119C076317E320DA003AF6AA /* SPHTTPResponse.m */,
				110B54DB17E6F9D000DF1C3A /* SPHTTPPoller.h */,
				110B54DC17E6F9D000DF1C3A /* SPHTTPPoller.m */,
			);
			name = SPHTTP;
			sourceTree = "<group>";
		};
/* End PBXGroup section */

/* Begin PBXNativeTarget section */
		113DDE2A17DDFA9A0056E126 /* shopelia-ios */ = {
			isa = PBXNativeTarget;
			buildConfigurationList = 113DDE5D17DDFA9B0056E126 /* Build configuration list for PBXNativeTarget "shopelia-ios" */;
			buildPhases = (
				9C308851A1984C689EEF03BD /* Check Pods Manifest.lock */,
				113DDE2717DDFA9A0056E126 /* Sources */,
				113DDE2817DDFA9A0056E126 /* Frameworks */,
				113DDE2917DDFA9A0056E126 /* Resources */,
				F586330180944B1AAC5D2537 /* Copy Pods Resources */,
			);
			buildRules = (
			);
			dependencies = (
			);
			name = "shopelia-ios";
			productName = "shopelia-ios";
			productReference = 113DDE2B17DDFA9A0056E126 /* shopelia-ios.app */;
			productType = "com.apple.product-type.application";
		};
		113DDE4B17DDFA9B0056E126 /* shopelia-iosTests */ = {
			isa = PBXNativeTarget;
			buildConfigurationList = 113DDE6017DDFA9B0056E126 /* Build configuration list for PBXNativeTarget "shopelia-iosTests" */;
			buildPhases = (
				113DDE4817DDFA9B0056E126 /* Sources */,
				113DDE4917DDFA9B0056E126 /* Frameworks */,
				113DDE4A17DDFA9B0056E126 /* Resources */,
			);
			buildRules = (
			);
			dependencies = (
				113DDE5217DDFA9B0056E126 /* PBXTargetDependency */,
			);
			name = "shopelia-iosTests";
			productName = "shopelia-iosTests";
			productReference = 113DDE4C17DDFA9B0056E126 /* shopelia-iosTests.xctest */;
			productType = "com.apple.product-type.bundle.unit-test";
		};
/* End PBXNativeTarget section */

/* Begin PBXProject section */
		113DDE2317DDFA9A0056E126 /* Project object */ = {
			isa = PBXProject;
			attributes = {
				LastUpgradeCheck = 0500;
				ORGANIZATIONNAME = "Amine bellakrid";
				TargetAttributes = {
					113DDE4B17DDFA9B0056E126 = {
						TestTargetID = 113DDE2A17DDFA9A0056E126;
					};
				};
			};
			buildConfigurationList = 113DDE2617DDFA9A0056E126 /* Build configuration list for PBXProject "shopelia-ios" */;
			compatibilityVersion = "Xcode 3.2";
			developmentRegion = English;
			hasScannedForEncodings = 0;
			knownRegions = (
				en,
				Base,
			);
			mainGroup = 113DDE2217DDFA9A0056E126;
			productRefGroup = 113DDE2C17DDFA9A0056E126 /* Products */;
			projectDirPath = "";
			projectRoot = "";
			targets = (
				113DDE2A17DDFA9A0056E126 /* shopelia-ios */,
				113DDE4B17DDFA9B0056E126 /* shopelia-iosTests */,
			);
		};
/* End PBXProject section */

/* Begin PBXResourcesBuildPhase section */
		113DDE2917DDFA9A0056E126 /* Resources */ = {
			isa = PBXResourcesBuildPhase;
			buildActionMask = 2147483647;
			files = (
				118433B417E1F01E00425AEB /* productViewController.xib in Resources */,
				113DDE4717DDFA9A0056E126 /* Images.xcassets in Resources */,
				11C6E7EF17E086AD00D66D96 /* bar-code@2x.png in Resources */,
				115E67B117E8961D00B88DCA /* ic_purchase_white.png in Resources */,
				113DDE8517DDFE630056E126 /* zbar-help.html in Resources */,
				1163C5A717DF1F380043E73D /* navbar@2x.png in Resources */,
				113DDE8717DDFE630056E126 /* zbar-samples.png in Resources */,
				11C6E7EE17E086AD00D66D96 /* bar-code.png in Resources */,
				115E67B717E89A7900B88DCA /* back-button@2x.png in Resources */,
				1183CD9317EB365900F1E66D /* products.json in Resources */,
				1183CD9817EB423600F1E66D /* SPCell.xib in Resources */,
				113DDE8617DDFE630056E126 /* zbar-helpicons.png in Resources */,
				1190AAE417E9CECE003E570E /* productListViewController.xib in Resources */,
				11C6E7E717E078BE00D66D96 /* logo-word@2x.png in Resources */,
				113DDE8417DDFE630056E126 /* zbar-back.png in Resources */,
				11C6E7E617E078BE00D66D96 /* logo-word.png in Resources */,
				118433B117E1F01E00425AEB /* green-button.png in Resources */,
				113DDE3917DDFA9A0056E126 /* InfoPlist.strings in Resources */,
				115E67B617E89A7900B88DCA /* back-button.png in Resources */,
				118433B217E1F01E00425AEB /* green-button@2x.png in Resources */,
				115E67B317E8966000B88DCA /* ic_purchase_white@2x.png in Resources */,
				1163C5A617DF1F380043E73D /* navbar.png in Resources */,
			);
			runOnlyForDeploymentPostprocessing = 0;
		};
		113DDE4A17DDFA9B0056E126 /* Resources */ = {
			isa = PBXResourcesBuildPhase;
			buildActionMask = 2147483647;
			files = (
				113DDE5817DDFA9B0056E126 /* InfoPlist.strings in Resources */,
			);
			runOnlyForDeploymentPostprocessing = 0;
		};
/* End PBXResourcesBuildPhase section */

/* Begin PBXShellScriptBuildPhase section */
		9C308851A1984C689EEF03BD /* Check Pods Manifest.lock */ = {
			isa = PBXShellScriptBuildPhase;
			buildActionMask = 2147483647;
			files = (
			);
			inputPaths = (
			);
			name = "Check Pods Manifest.lock";
			outputPaths = (
			);
			runOnlyForDeploymentPostprocessing = 0;
			shellPath = /bin/sh;
			shellScript = "diff \"${PODS_ROOT}/../Podfile.lock\" \"${PODS_ROOT}/Manifest.lock\" > /dev/null\nif [[ $? != 0 ]] ; then\n    cat << EOM\nerror: The sandbox is not in sync with the Podfile.lock. Run 'pod install' or update your CocoaPods installation.\nEOM\n    exit 1\nfi\n";
			showEnvVarsInLog = 0;
		};
		F586330180944B1AAC5D2537 /* Copy Pods Resources */ = {
			isa = PBXShellScriptBuildPhase;
			buildActionMask = 2147483647;
			files = (
			);
			inputPaths = (
			);
			name = "Copy Pods Resources";
			outputPaths = (
			);
			runOnlyForDeploymentPostprocessing = 0;
			shellPath = /bin/sh;
			shellScript = "\"${SRCROOT}/Pods/Pods-resources.sh\"\n";
			showEnvVarsInLog = 0;
		};
/* End PBXShellScriptBuildPhase section */

/* Begin PBXSourcesBuildPhase section */
		113DDE2717DDFA9A0056E126 /* Sources */ = {
			isa = PBXSourcesBuildPhase;
			buildActionMask = 2147483647;
			files = (
				113DDE3F17DDFA9A0056E126 /* AppDelegate.m in Sources */,
				113DDE3B17DDFA9A0056E126 /* main.m in Sources */,
				1163C5AF17DF5B6C0043E73D /* overlayView.m in Sources */,
				1183CD9117E9D58300F1E66D /* baseProductViewController.m in Sources */,
				110B54E017E7406E00DF1C3A /* SPImageView.m in Sources */,
				11C6E7EB17E07E8500D66D96 /* UIView+Shopelia.m in Sources */,
				110B54E317E740F700DF1C3A /* SPThreadFactory.m in Sources */,
				110B54E617E7533900DF1C3A /* backgroundView.m in Sources */,
				1163C5A317DF1D070043E73D /* SPNavigationController.m in Sources */,
				119C076517E320DA003AF6AA /* SPHTTPRequest.m in Sources */,
				119C076417E320DA003AF6AA /* SPHTTPClient.m in Sources */,
				1190AAE317E9CECE003E570E /* productListViewController.m in Sources */,
				119C074917E30DA5003AF6AA /* Constants.m in Sources */,
				1163C5A017DF161F0043E73D /* SPZBarReaderViewController.m in Sources */,
				110B54DD17E6F9D000DF1C3A /* SPHTTPPoller.m in Sources */,
				119C076617E320DA003AF6AA /* SPHTTPResponse.m in Sources */,
				118433B317E1F01E00425AEB /* productViewController.m in Sources */,
				1183CD9617EB41DD00F1E66D /* SPCell.m in Sources */,
				11C6E7E317E06F5600D66D96 /* UIColor+Shopelia.m in Sources */,
			);
			runOnlyForDeploymentPostprocessing = 0;
		};
		113DDE4817DDFA9B0056E126 /* Sources */ = {
			isa = PBXSourcesBuildPhase;
			buildActionMask = 2147483647;
			files = (
				113DDE5A17DDFA9B0056E126 /* shopelia_iosTests.m in Sources */,
			);
			runOnlyForDeploymentPostprocessing = 0;
		};
/* End PBXSourcesBuildPhase section */

/* Begin PBXTargetDependency section */
		113DDE5217DDFA9B0056E126 /* PBXTargetDependency */ = {
			isa = PBXTargetDependency;
			target = 113DDE2A17DDFA9A0056E126 /* shopelia-ios */;
			targetProxy = 113DDE5117DDFA9B0056E126 /* PBXContainerItemProxy */;
		};
/* End PBXTargetDependency section */

/* Begin PBXVariantGroup section */
		113DDE3717DDFA9A0056E126 /* InfoPlist.strings */ = {
			isa = PBXVariantGroup;
			children = (
				113DDE3817DDFA9A0056E126 /* en */,
			);
			name = InfoPlist.strings;
			sourceTree = "<group>";
		};
		113DDE5617DDFA9B0056E126 /* InfoPlist.strings */ = {
			isa = PBXVariantGroup;
			children = (
				113DDE5717DDFA9B0056E126 /* en */,
			);
			name = InfoPlist.strings;
			sourceTree = "<group>";
		};
/* End PBXVariantGroup section */

/* Begin XCBuildConfiguration section */
		113DDE5B17DDFA9B0056E126 /* Debug */ = {
			isa = XCBuildConfiguration;
			buildSettings = {
				ALWAYS_SEARCH_USER_PATHS = NO;
				CLANG_CXX_LANGUAGE_STANDARD = "gnu++0x";
				CLANG_CXX_LIBRARY = "libc++";
				CLANG_ENABLE_MODULES = YES;
				CLANG_ENABLE_OBJC_ARC = YES;
				CLANG_WARN_BOOL_CONVERSION = YES;
				CLANG_WARN_CONSTANT_CONVERSION = YES;
				CLANG_WARN_DIRECT_OBJC_ISA_USAGE = YES_ERROR;
				CLANG_WARN_EMPTY_BODY = YES;
				CLANG_WARN_ENUM_CONVERSION = YES;
				CLANG_WARN_INT_CONVERSION = YES;
				CLANG_WARN_OBJC_ROOT_CLASS = YES_ERROR;
				CLANG_WARN__DUPLICATE_METHOD_MATCH = YES;
				CODE_SIGN_IDENTITY = "iPhone Developer: Jean-Charles Samuelian (BNELGWXT42)";
				"CODE_SIGN_IDENTITY[sdk=iphoneos*]" = "iPhone Developer: Jean-Charles Samuelian (BNELGWXT42)";
				COPY_PHASE_STRIP = NO;
				GCC_C_LANGUAGE_STANDARD = gnu99;
				GCC_DYNAMIC_NO_PIC = NO;
				GCC_OPTIMIZATION_LEVEL = 0;
				GCC_PREPROCESSOR_DEFINITIONS = (
					"DEBUG=1",
					"$(inherited)",
				);
				GCC_SYMBOLS_PRIVATE_EXTERN = NO;
				GCC_WARN_ABOUT_RETURN_TYPE = YES_ERROR;
				GCC_WARN_UNDECLARED_SELECTOR = YES;
				GCC_WARN_UNINITIALIZED_AUTOS = YES;
				GCC_WARN_UNUSED_FUNCTION = YES;
				GCC_WARN_UNUSED_VARIABLE = YES;
				IPHONEOS_DEPLOYMENT_TARGET = 6.1;
				ONLY_ACTIVE_ARCH = YES;
				PROVISIONING_PROFILE = "811533E2-09FE-46BC-830D-C621B0726B4A";
				SDKROOT = iphoneos;
			};
			name = Debug;
		};
		113DDE5C17DDFA9B0056E126 /* Release */ = {
			isa = XCBuildConfiguration;
			buildSettings = {
				ALWAYS_SEARCH_USER_PATHS = NO;
				CLANG_CXX_LANGUAGE_STANDARD = "gnu++0x";
				CLANG_CXX_LIBRARY = "libc++";
				CLANG_ENABLE_MODULES = YES;
				CLANG_ENABLE_OBJC_ARC = YES;
				CLANG_WARN_BOOL_CONVERSION = YES;
				CLANG_WARN_CONSTANT_CONVERSION = YES;
				CLANG_WARN_DIRECT_OBJC_ISA_USAGE = YES_ERROR;
				CLANG_WARN_EMPTY_BODY = YES;
				CLANG_WARN_ENUM_CONVERSION = YES;
				CLANG_WARN_INT_CONVERSION = YES;
				CLANG_WARN_OBJC_ROOT_CLASS = YES_ERROR;
				CLANG_WARN__DUPLICATE_METHOD_MATCH = YES;
				CODE_SIGN_IDENTITY = "iPhone Developer: Jean-Charles Samuelian (BNELGWXT42)";
				"CODE_SIGN_IDENTITY[sdk=iphoneos*]" = "iPhone Developer: Jean-Charles Samuelian (BNELGWXT42)";
				COPY_PHASE_STRIP = YES;
				ENABLE_NS_ASSERTIONS = NO;
				GCC_C_LANGUAGE_STANDARD = gnu99;
				GCC_WARN_ABOUT_RETURN_TYPE = YES_ERROR;
				GCC_WARN_UNDECLARED_SELECTOR = YES;
				GCC_WARN_UNINITIALIZED_AUTOS = YES;
				GCC_WARN_UNUSED_FUNCTION = YES;
				GCC_WARN_UNUSED_VARIABLE = YES;
				IPHONEOS_DEPLOYMENT_TARGET = 6.1;
				PROVISIONING_PROFILE = "811533E2-09FE-46BC-830D-C621B0726B4A";
				SDKROOT = iphoneos;
				VALIDATE_PRODUCT = YES;
			};
			name = Release;
		};
		113DDE5E17DDFA9B0056E126 /* Debug */ = {
			isa = XCBuildConfiguration;
			baseConfigurationReference = 3B7A37F016854B728B7C63DE /* Pods.xcconfig */;
			buildSettings = {
				ASSETCATALOG_COMPILER_APPICON_NAME = AppIcon;
				ASSETCATALOG_COMPILER_LAUNCHIMAGE_NAME = LaunchImage;
				"CODE_SIGN_IDENTITY[sdk=iphoneos*]" = "iPhone Developer: Jean-Charles Samuelian (BNELGWXT42)";
				GCC_PRECOMPILE_PREFIX_HEADER = YES;
				GCC_PREFIX_HEADER = "shopelia-ios/shopelia-ios-Prefix.pch";
				INFOPLIST_FILE = "shopelia-ios/shopelia-ios-Info.plist";
				IPHONEOS_DEPLOYMENT_TARGET = 6.0;
				LIBRARY_SEARCH_PATHS = (
					"$(inherited)",
					"/Users/aminebellakrid/Documents/Geek/shopelia-ios/ZBarSDK",
				);
				PRODUCT_NAME = "$(TARGET_NAME)";
				PROVISIONING_PROFILE = "811533E2-09FE-46BC-830D-C621B0726B4A";
				TARGETED_DEVICE_FAMILY = 1;
				WRAPPER_EXTENSION = app;
			};
			name = Debug;
		};
		113DDE5F17DDFA9B0056E126 /* Release */ = {
			isa = XCBuildConfiguration;
			baseConfigurationReference = 3B7A37F016854B728B7C63DE /* Pods.xcconfig */;
			buildSettings = {
				ASSETCATALOG_COMPILER_APPICON_NAME = AppIcon;
				ASSETCATALOG_COMPILER_LAUNCHIMAGE_NAME = LaunchImage;
				"CODE_SIGN_IDENTITY[sdk=iphoneos*]" = "iPhone Developer: Jean-Charles Samuelian (BNELGWXT42)";
				GCC_PRECOMPILE_PREFIX_HEADER = YES;
				GCC_PREFIX_HEADER = "shopelia-ios/shopelia-ios-Prefix.pch";
				INFOPLIST_FILE = "shopelia-ios/shopelia-ios-Info.plist";
				IPHONEOS_DEPLOYMENT_TARGET = 6.0;
				LIBRARY_SEARCH_PATHS = (
					"$(inherited)",
					"/Users/aminebellakrid/Documents/Geek/shopelia-ios/ZBarSDK",
				);
				PRODUCT_NAME = "$(TARGET_NAME)";
				PROVISIONING_PROFILE = "811533E2-09FE-46BC-830D-C621B0726B4A";
				TARGETED_DEVICE_FAMILY = 1;
				WRAPPER_EXTENSION = app;
			};
			name = Release;
		};
		113DDE6117DDFA9B0056E126 /* Debug */ = {
			isa = XCBuildConfiguration;
			buildSettings = {
				BUNDLE_LOADER = "$(BUILT_PRODUCTS_DIR)/shopelia-ios.app/shopelia-ios";
				FRAMEWORK_SEARCH_PATHS = (
					"$(SDKROOT)/Developer/Library/Frameworks",
					"$(inherited)",
					"$(DEVELOPER_FRAMEWORKS_DIR)",
				);
				GCC_PRECOMPILE_PREFIX_HEADER = YES;
				GCC_PREFIX_HEADER = "shopelia-ios/shopelia-ios-Prefix.pch";
				GCC_PREPROCESSOR_DEFINITIONS = (
					"DEBUG=1",
					"$(inherited)",
				);
				INFOPLIST_FILE = "shopelia-iosTests/shopelia-iosTests-Info.plist";
				PRODUCT_NAME = "$(TARGET_NAME)";
				TEST_HOST = "$(BUNDLE_LOADER)";
				WRAPPER_EXTENSION = xctest;
			};
			name = Debug;
		};
		113DDE6217DDFA9B0056E126 /* Release */ = {
			isa = XCBuildConfiguration;
			buildSettings = {
				BUNDLE_LOADER = "$(BUILT_PRODUCTS_DIR)/shopelia-ios.app/shopelia-ios";
				FRAMEWORK_SEARCH_PATHS = (
					"$(SDKROOT)/Developer/Library/Frameworks",
					"$(inherited)",
					"$(DEVELOPER_FRAMEWORKS_DIR)",
				);
				GCC_PRECOMPILE_PREFIX_HEADER = YES;
				GCC_PREFIX_HEADER = "shopelia-ios/shopelia-ios-Prefix.pch";
				INFOPLIST_FILE = "shopelia-iosTests/shopelia-iosTests-Info.plist";
				PRODUCT_NAME = "$(TARGET_NAME)";
				TEST_HOST = "$(BUNDLE_LOADER)";
				WRAPPER_EXTENSION = xctest;
			};
			name = Release;
		};
/* End XCBuildConfiguration section */

/* Begin XCConfigurationList section */
		113DDE2617DDFA9A0056E126 /* Build configuration list for PBXProject "shopelia-ios" */ = {
			isa = XCConfigurationList;
			buildConfigurations = (
				113DDE5B17DDFA9B0056E126 /* Debug */,
				113DDE5C17DDFA9B0056E126 /* Release */,
			);
			defaultConfigurationIsVisible = 0;
			defaultConfigurationName = Release;
		};
		113DDE5D17DDFA9B0056E126 /* Build configuration list for PBXNativeTarget "shopelia-ios" */ = {
			isa = XCConfigurationList;
			buildConfigurations = (
				113DDE5E17DDFA9B0056E126 /* Debug */,
				113DDE5F17DDFA9B0056E126 /* Release */,
			);
			defaultConfigurationIsVisible = 0;
			defaultConfigurationName = Release;
		};
		113DDE6017DDFA9B0056E126 /* Build configuration list for PBXNativeTarget "shopelia-iosTests" */ = {
			isa = XCConfigurationList;
			buildConfigurations = (
				113DDE6117DDFA9B0056E126 /* Debug */,
				113DDE6217DDFA9B0056E126 /* Release */,
			);
			defaultConfigurationIsVisible = 0;
			defaultConfigurationName = Release;
		};
/* End XCConfigurationList section */
	};
	rootObject = 113DDE2317DDFA9A0056E126 /* Project object */;
}
